{
	"name": "@aws-cdk/ec2",
	"version": "0.7.3-beta",
	"lockfileVersion": 1,
	"requires": true,
	"dependencies": {
		"@aws-cdk/core": {
			"version": "0.7.3-beta",
			"resolved": "http://localhost:6000/@aws-cdk%2fcore/-/core-0.7.3-beta.tgz",
			"integrity": "sha512-0qBmEw31mhgrJ1rVWdFBWLMHYKiEXbxnO+sfQevnvlxo/iFj2LjFzDONTuBsbLNM2PjDl3yRvCumAhh65q511Q==",
			"requires": {
				"@aws-cdk/cx-api": "^0.7.3-beta+eb3f31a",
				"js-base64": "^2.4.5",
				"json-diff": "^0.3.1"
			}
		},
		"@aws-cdk/cx-api": {
			"version": "0.7.3-beta",
			"resolved": "http://localhost:6000/@aws-cdk%2fcx-api/-/cx-api-0.7.3-beta.tgz",
			"integrity": "sha512-DqHLgvbT7V9nB1sqa1fWWNEMWYgUjFaN6BWUoRiJOEdavUEdUYQT+6lpvM5RrF1cFP6zS4ussSTI+MsRRHltOg=="
		},
		"@aws-cdk/resources": {
			"version": "0.7.3-beta",
			"resolved": "http://localhost:6000/@aws-cdk%2fresources/-/resources-0.7.3-beta.tgz",
			"integrity": "sha512-CBgq8E3ZCkcUvQB4vowwTp5KfRbQyLUA+mByCA4OPwwb8LnnlN4mb3Ho88UmJZx43mzzXgtp6sabOre6mEyhKw==",
			"requires": {
				"@aws-cdk/core": "^0.7.3-beta+eb3f31a"
			},
			"dependencies": {
				"@aws-cdk/core": {
					"version": "0.7.3-beta",
					"resolved": "http://localhost:6000/@aws-cdk%2fcore/-/core-0.7.3-beta.tgz",
					"integrity": "sha512-0qBmEw31mhgrJ1rVWdFBWLMHYKiEXbxnO+sfQevnvlxo/iFj2LjFzDONTuBsbLNM2PjDl3yRvCumAhh65q511Q==",
					"requires": {
						"@aws-cdk/cx-api": "^0.7.3-beta+eb3f31a",
						"js-base64": "^2.4.5",
						"json-diff": "^0.3.1"
					}
				}
			}
		},
		"@aws-cdk/util": {
			"version": "0.7.3-beta",
			"resolved": "http://localhost:6000/@aws-cdk%2futil/-/util-0.7.3-beta.tgz",
			"integrity": "sha512-8ti2+JhXYx686Aa1Yrny+FGbyqp1CPxFuWLGXvg6nza5xRcYgw2Nrobx3LiKmvEyjZj7BLozG28NXCwmO0S6zQ==",
			"requires": {
				"@aws-cdk/core": "^0.7.3-beta+eb3f31a",
				"@aws-cdk/iam": "^0.7.3-beta+eb3f31a",
				"@aws-cdk/resources": "^0.7.3-beta+eb3f31a"
			},
			"dependencies": {
				"@aws-cdk/core": {
					"version": "0.7.3-beta",
					"resolved": "http://localhost:6000/@aws-cdk%2fcore/-/core-0.7.3-beta.tgz",
					"integrity": "sha512-0qBmEw31mhgrJ1rVWdFBWLMHYKiEXbxnO+sfQevnvlxo/iFj2LjFzDONTuBsbLNM2PjDl3yRvCumAhh65q511Q==",
					"requires": {
						"@aws-cdk/cx-api": "^0.7.3-beta+eb3f31a",
						"js-base64": "^2.4.5",
						"json-diff": "^0.3.1"
					}
				},
				"@aws-cdk/iam": {
					"version": "0.7.3-beta",
					"resolved": "http://localhost:6000/@aws-cdk%2fiam/-/iam-0.7.3-beta.tgz",
					"integrity": "sha512-ME4TLHGeCnCvEW/+ds/rRL6ZF5CzvLfE/8qtKn/Ed/AXo1u/uJxAjp8fHufvmmx9Vrugk8FKr0AUZJSALdaMEQ==",
					"requires": {
						"@aws-cdk/core": "^0.7.3-beta+eb3f31a",
						"@aws-cdk/resources": "^0.7.3-beta+eb3f31a"
					}
				}
			}
		},
		"cli-color": {
			"version": "0.1.7",
			"resolved": "http://localhost:6000/cli-color/-/cli-color-0.1.7.tgz",
			"integrity": "sha1-rcMgD6RxzCEbDaf1ZrcemLnWc0c=",
			"requires": {
				"es5-ext": "0.8.x"
			}
		},
		"difflib": {
			"version": "0.2.4",
			"resolved": "http://localhost:6000/difflib/-/difflib-0.2.4.tgz",
			"integrity": "sha1-teMDYabbAjF21WKJLbhZQKcY9H4=",
			"requires": {
				"heap": ">= 0.2.0"
			}
		},
		"dreamopt": {
			"version": "0.6.0",
			"resolved": "http://localhost:6000/dreamopt/-/dreamopt-0.6.0.tgz",
			"integrity": "sha1-2BPM2sjTnYrVJndVFKE92mZNa0s=",
			"requires": {
				"wordwrap": ">=0.0.2"
			}
		},
		"es5-ext": {
			"version": "0.8.2",
			"resolved": "http://localhost:6000/es5-ext/-/es5-ext-0.8.2.tgz",
			"integrity": "sha1-q6jZ4ZQ6iVrJaDemKjmz9V7NlKs="
		},
		"heap": {
			"version": "0.2.6",
			"resolved": "http://localhost:6000/heap/-/heap-0.2.6.tgz",
			"integrity": "sha1-CH4fELBGky/IWU3Z5tN4r8nR5aw="
		},
		"js-base64": {
			"version": "2.4.8",
			"resolved": "http://localhost:6000/js-base64/-/js-base64-2.4.8.tgz",
			"integrity": "sha512-hm2nYpDrwoO/OzBhdcqs/XGT6XjSuSSCVEpia+Kl2J6x4CYt5hISlVL/AYU1khoDXv0AQVgxtdJySb9gjAn56Q=="
		},
		"json-diff": {
			"version": "0.3.1",
			"resolved": "http://localhost:6000/json-diff/-/json-diff-0.3.1.tgz",
			"integrity": "sha1-bbw64tJeB1p/1xvNmHRFhmb7aBs=",
			"requires": {
				"cli-color": "~0.1.6",
				"difflib": "~0.2.1",
				"dreamopt": "~0.6.0"
			}
		},
		"wordwrap": {
			"version": "1.0.0",
			"resolved": "http://localhost:6000/wordwrap/-/wordwrap-1.0.0.tgz",
			"integrity": "sha1-J1hIEIkUVqQXHI0CJkQa3pDLyus="
		}
	}
}
