{
	"name": "@aws-cdk/aws-cloudformation",
	"version": "0.35.0",
	"lockfileVersion": 1,
	"requires": true,
	"dependencies": {
		"@types/aws-lambda": {
			"version": "8.10.27",
			"resolved": "https://registry.npmjs.org/@types/aws-lambda/-/aws-lambda-8.10.27.tgz",
			"integrity": "sha512-9QjcjORRtgG5KPVHWqGZ0F2Uo/ALUWQ5D7qfJEco0fEjoSbA908w05RXql7YPS72jQ1w6I+pr+8pQPqBPlYnSw==",
			"dev": true
		}
	}
}
