{
  "name": "@aws-cdk/aws-iotevents",
  "version": "1.6.1",
  "lockfileVersion": 1,
  "dependencies": {
    "cdk-build-tools": {
      "version": "file:../../../tools/cdk-build-tools",
      "dev": true
    },
    "pkglint": {
      "version": "file:../../../tools/pkglint",
      "dev": true
    }
  }
}
