{
	"requires": true,
	"lockfileVersion": 1,
	"dependencies": {
		"@types/js-base64": {
			"version": "2.3.1",
			"resolved": "https://registry.npmjs.org/@types/js-base64/-/js-base64-2.3.1.tgz",
			"integrity": "sha512-4RKbhIDGC87s4EBy2Cp2/5S2O6kmCRcZnD5KRCq1q9z2GhBte1+BdsfVKCpG8yKpDGNyEE2G6IqFIh6W2YwWPA=="
		},
		"@types/lodash": {
			"version": "4.14.117",
			"resolved": "https://registry.npmjs.org/@types/lodash/-/lodash-4.14.117.tgz",
			"integrity": "sha512-xyf2m6tRbz8qQKcxYZa7PA4SllYcay+eh25DN3jmNYY6gSTL7Htc/bttVdkqj2wfJGbeWlQiX8pIyJpKU+tubw=="
		},
		"cli-color": {
			"version": "0.1.7",
			"resolved": "https://registry.npmjs.org/cli-color/-/cli-color-0.1.7.tgz",
			"integrity": "sha1-rcMgD6RxzCEbDaf1ZrcemLnWc0c=",
			"requires": {
				"es5-ext": "0.8.x"
			}
		},
		"difflib": {
			"version": "0.2.4",
			"resolved": "https://registry.npmjs.org/difflib/-/difflib-0.2.4.tgz",
			"integrity": "sha1-teMDYabbAjF21WKJLbhZQKcY9H4=",
			"requires": {
				"heap": ">= 0.2.0"
			}
		},
		"dreamopt": {
			"version": "0.6.0",
			"resolved": "https://registry.npmjs.org/dreamopt/-/dreamopt-0.6.0.tgz",
			"integrity": "sha1-2BPM2sjTnYrVJndVFKE92mZNa0s=",
			"requires": {
				"wordwrap": ">=0.0.2"
			}
		},
		"es5-ext": {
			"version": "0.8.2",
			"resolved": "https://registry.npmjs.org/es5-ext/-/es5-ext-0.8.2.tgz",
			"integrity": "sha1-q6jZ4ZQ6iVrJaDemKjmz9V7NlKs="
		},
		"fast-check": {
			"version": "1.6.2",
			"resolved": "https://registry.npmjs.org/fast-check/-/fast-check-1.6.2.tgz",
			"integrity": "sha512-RmCPZYkDfRGxPg/CEjuCA3bcb53aVOz495Cw+1IIuOr5S3sznLRTGIQF2U/AaanMbNg7UacZIGCWwiqp54ifAw==",
			"requires": {
				"lorem-ipsum": "~1.0.6",
				"pure-rand": "^1.4.2"
			}
		},
		"heap": {
			"version": "0.2.6",
			"resolved": "https://registry.npmjs.org/heap/-/heap-0.2.6.tgz",
			"integrity": "sha1-CH4fELBGky/IWU3Z5tN4r8nR5aw="
		},
		"js-base64": {
			"version": "2.4.9",
			"resolved": "https://registry.npmjs.org/js-base64/-/js-base64-2.4.9.tgz",
			"integrity": "sha512-xcinL3AuDJk7VSzsHgb9DvvIXayBbadtMZ4HFPx8rUszbW1MuNMlwYVC4zzCZ6e1sqZpnNS5ZFYOhXqA39T7LQ=="
		},
		"json-diff": {
			"version": "0.3.1",
			"resolved": "http://registry.npmjs.org/json-diff/-/json-diff-0.3.1.tgz",
			"integrity": "sha1-bbw64tJeB1p/1xvNmHRFhmb7aBs=",
			"requires": {
				"cli-color": "~0.1.6",
				"difflib": "~0.2.1",
				"dreamopt": "~0.6.0"
			}
		},
		"lodash": {
			"version": "4.17.11",
			"resolved": "https://registry.npmjs.org/lodash/-/lodash-4.17.11.tgz",
			"integrity": "sha512-cQKh8igo5QUhZ7lg38DYWAxMvjSAKG0A8wGSVimP07SIUEK2UO+arSRKbRZWtelMtN5V0Hkwh5ryOto/SshYIg=="
		},
		"lorem-ipsum": {
			"version": "1.0.6",
			"resolved": "https://registry.npmjs.org/lorem-ipsum/-/lorem-ipsum-1.0.6.tgz",
			"integrity": "sha512-Rx4XH8X4KSDCKAVvWGYlhAfNqdUP5ZdT4rRyf0jjrvWgtViZimDIlopWNfn/y3lGM5K4uuiAoY28TaD+7YKFrQ==",
			"requires": {
				"minimist": "~1.2.0"
			}
		},
		"minimist": {
			"version": "1.2.0",
			"resolved": "http://registry.npmjs.org/minimist/-/minimist-1.2.0.tgz",
			"integrity": "sha1-o1AIsg9BOD7sH7kU9M1d95omQoQ="
		},
		"pure-rand": {
			"version": "1.4.2",
			"resolved": "https://registry.npmjs.org/pure-rand/-/pure-rand-1.4.2.tgz",
			"integrity": "sha512-5WrOH3ZPZgwW5CRyeNxmZ8BcQnL6s0YWGOZL6SROLfhIw9Uc1SseEyeNw9q5tc3Y5E783yzvNlsE9KJY8IuxcA=="
		},
		"wordwrap": {
			"version": "1.0.0",
			"resolved": "https://registry.npmjs.org/wordwrap/-/wordwrap-1.0.0.tgz",
			"integrity": "sha1-J1hIEIkUVqQXHI0CJkQa3pDLyus="
		}
	}
}
