{
	"name": "@aws-cdk/aws-lakeformation",
	"version": "1.5.0",
	"lockfileVersion": 1,
	"requires": true,
	"dependencies": {
		"@aws-cdk/assert": {
			"version": "1.4.0",
			"dev": true,
			"requires": {
				"@aws-cdk/cloudformation-diff": "^1.4.0",
				"@aws-cdk/core": "^1.4.0",
				"@aws-cdk/cx-api": "^1.4.0",
				"jest": "^24.8.0",
				"source-map-support": "^0.5.13"
			}
		},
		"@aws-cdk/core": {
			"version": "1.4.0",
			"requires": {
				"@aws-cdk/cx-api": "^1.4.0"
			}
		},
		"cdk-build-tools": {
			"version": "file:../../../tools/cdk-build-tools",
			"dev": true
		},
		"cfn2ts": {
			"version": "1.4.0",
			"dev": true,
			"requires": {
				"@aws-cdk/cfnspec": "^1.4.0",
				"codemaker": "^0.14.3",
				"fast-json-patch": "^2.2.0",
				"fs-extra": "^8.1.0",
				"yargs": "^13.3.0"
			}
		},
		"pkglint": {
			"version": "file:../../../tools/pkglint",
			"dev": true
		}
	}
}
