{
	"name": "@aws-cdk/aws-amplify",
	"version": "1.1.0",
	"lockfileVersion": 1,
	"requires": true,
	"dependencies": {
		"@aws-cdk/assets": {
			"version": "1.2.0",
			"resolved": "https://registry.npmjs.org/@aws-cdk/assets/-/assets-1.2.0.tgz",
			"integrity": "sha512-MRriGooPM87UrMeL4MkGuWSezmfyrbgzuJqXgIeVddhheQTLNFTSQEWT+WdXXyffY3/8n+YS7SynidYrAnELYA==",
			"requires": {
				"@aws-cdk/core": "^1.2.0",
				"@aws-cdk/cx-api": "^1.2.0",
				"minimatch": "^3.0.4"
			},
			"dependencies": {
				"@aws-cdk/core": {
					"version": "1.2.0",
					"resolved": "https://registry.npmjs.org/@aws-cdk/core/-/core-1.2.0.tgz",
					"integrity": "sha512-EPNHg1mT5WhOf+O9Bm6BuaWIGUxIKQXGXXQ/Lbl2sMm2nDhSfe1QGHuOkPcM4Mzt9WevhP5ZrNtlOMoc78LAXw==",
					"requires": {
						"@aws-cdk/cx-api": "^1.2.0"
					}
				},
				"minimatch": {
					"version": "3.0.4",
					"bundled": true,
					"requires": {
						"brace-expansion": "^1.1.7"
					},
					"dependencies": {
						"balanced-match": {
							"version": "1.0.0",
							"bundled": true
						},
						"brace-expansion": {
							"version": "1.1.11",
							"bundled": true,
							"requires": {
								"balanced-match": "^1.0.0",
								"concat-map": "0.0.1"
							}
						},
						"concat-map": {
							"version": "0.0.1",
							"bundled": true
						}
					}
				}
			}
		},
		"@aws-cdk/aws-cloudformation": {
			"version": "1.2.0",
			"resolved": "https://registry.npmjs.org/@aws-cdk/aws-cloudformation/-/aws-cloudformation-1.2.0.tgz",
			"integrity": "sha512-ZVmnS7fkUc+KoZKpSA9rlzu/I2v5mB2+mXk45IiIoRoM47uzx1jYVFCGdjZOU50o4W6zT/HaZeAsRM4criLocQ==",
			"requires": {
				"@aws-cdk/aws-iam": "^1.2.0",
				"@aws-cdk/aws-lambda": "^1.2.0",
				"@aws-cdk/aws-sns": "^1.2.0",
				"@aws-cdk/core": "^1.2.0"
			},
			"dependencies": {
				"@aws-cdk/aws-iam": {
					"version": "1.2.0",
					"resolved": "https://registry.npmjs.org/@aws-cdk/aws-iam/-/aws-iam-1.2.0.tgz",
					"integrity": "sha512-vMWScDdRq58CafHCz5FuWYTxKa7CH2VKJRixFAvuJvsLPZxc2HaTC17avE/hC9L2cYtldpV9sjMfKPDiGbm2IQ==",
					"requires": {
						"@aws-cdk/core": "^1.2.0",
						"@aws-cdk/region-info": "^1.2.0"
					}
				},
				"@aws-cdk/core": {
					"version": "1.2.0",
					"resolved": "https://registry.npmjs.org/@aws-cdk/core/-/core-1.2.0.tgz",
					"integrity": "sha512-EPNHg1mT5WhOf+O9Bm6BuaWIGUxIKQXGXXQ/Lbl2sMm2nDhSfe1QGHuOkPcM4Mzt9WevhP5ZrNtlOMoc78LAXw==",
					"requires": {
						"@aws-cdk/cx-api": "^1.2.0"
					}
				}
			}
		},
		"@aws-cdk/aws-cloudwatch": {
			"version": "1.2.0",
			"resolved": "https://registry.npmjs.org/@aws-cdk/aws-cloudwatch/-/aws-cloudwatch-1.2.0.tgz",
			"integrity": "sha512-B2/4W2654GgD26buTyvWUq4VS5H+zwYJhCOyVOkU6dblfp81BaD8LwZZdiz/eQOnwKA9KXoTR15p0HkqxvN9MA==",
			"requires": {
				"@aws-cdk/aws-iam": "^1.2.0",
				"@aws-cdk/core": "^1.2.0"
			},
			"dependencies": {
				"@aws-cdk/aws-iam": {
					"version": "1.2.0",
					"resolved": "https://registry.npmjs.org/@aws-cdk/aws-iam/-/aws-iam-1.2.0.tgz",
					"integrity": "sha512-vMWScDdRq58CafHCz5FuWYTxKa7CH2VKJRixFAvuJvsLPZxc2HaTC17avE/hC9L2cYtldpV9sjMfKPDiGbm2IQ==",
					"requires": {
						"@aws-cdk/core": "^1.2.0",
						"@aws-cdk/region-info": "^1.2.0"
					}
				},
				"@aws-cdk/core": {
					"version": "1.2.0",
					"resolved": "https://registry.npmjs.org/@aws-cdk/core/-/core-1.2.0.tgz",
					"integrity": "sha512-EPNHg1mT5WhOf+O9Bm6BuaWIGUxIKQXGXXQ/Lbl2sMm2nDhSfe1QGHuOkPcM4Mzt9WevhP5ZrNtlOMoc78LAXw==",
					"requires": {
						"@aws-cdk/cx-api": "^1.2.0"
					}
				}
			}
		},
		"@aws-cdk/aws-codebuild": {
			"version": "1.2.0",
			"resolved": "https://registry.npmjs.org/@aws-cdk/aws-codebuild/-/aws-codebuild-1.2.0.tgz",
			"integrity": "sha512-UPrdrf7CWhdtRGpbXhj8IXgSOlRSfjak0O/xFBkx17dCGMSDjqG5WcLUtFWoU/Di+VD5bmFj8RTLch8+JGL/qw==",
			"requires": {
				"@aws-cdk/assets": "^1.2.0",
				"@aws-cdk/aws-cloudwatch": "^1.2.0",
				"@aws-cdk/aws-codecommit": "^1.2.0",
				"@aws-cdk/aws-ec2": "^1.2.0",
				"@aws-cdk/aws-ecr": "^1.2.0",
				"@aws-cdk/aws-ecr-assets": "^1.2.0",
				"@aws-cdk/aws-events": "^1.2.0",
				"@aws-cdk/aws-iam": "^1.2.0",
				"@aws-cdk/aws-kms": "^1.2.0",
				"@aws-cdk/aws-s3": "^1.2.0",
				"@aws-cdk/aws-s3-assets": "^1.2.0",
				"@aws-cdk/aws-secretsmanager": "^1.2.0",
				"@aws-cdk/core": "^1.2.0"
			},
			"dependencies": {
				"@aws-cdk/aws-iam": {
					"version": "1.2.0",
					"resolved": "https://registry.npmjs.org/@aws-cdk/aws-iam/-/aws-iam-1.2.0.tgz",
					"integrity": "sha512-vMWScDdRq58CafHCz5FuWYTxKa7CH2VKJRixFAvuJvsLPZxc2HaTC17avE/hC9L2cYtldpV9sjMfKPDiGbm2IQ==",
					"requires": {
						"@aws-cdk/core": "^1.2.0",
						"@aws-cdk/region-info": "^1.2.0"
					}
				},
				"@aws-cdk/core": {
					"version": "1.2.0",
					"resolved": "https://registry.npmjs.org/@aws-cdk/core/-/core-1.2.0.tgz",
					"integrity": "sha512-EPNHg1mT5WhOf+O9Bm6BuaWIGUxIKQXGXXQ/Lbl2sMm2nDhSfe1QGHuOkPcM4Mzt9WevhP5ZrNtlOMoc78LAXw==",
					"requires": {
						"@aws-cdk/cx-api": "^1.2.0"
					}
				}
			}
		},
		"@aws-cdk/aws-codecommit": {
			"version": "1.2.0",
			"resolved": "https://registry.npmjs.org/@aws-cdk/aws-codecommit/-/aws-codecommit-1.2.0.tgz",
			"integrity": "sha512-mXoLsM2vkRcolbYB6mcI8QkbGpCISV5oZDSXa8o1uo7kQt4Bj5j9ZtoZNB9VB/VzMjlzgDUUePazCqKDJV9w1w==",
			"requires": {
				"@aws-cdk/aws-events": "^1.2.0",
				"@aws-cdk/aws-iam": "^1.2.0",
				"@aws-cdk/core": "^1.2.0"
			},
			"dependencies": {
				"@aws-cdk/aws-iam": {
					"version": "1.2.0",
					"resolved": "https://registry.npmjs.org/@aws-cdk/aws-iam/-/aws-iam-1.2.0.tgz",
					"integrity": "sha512-vMWScDdRq58CafHCz5FuWYTxKa7CH2VKJRixFAvuJvsLPZxc2HaTC17avE/hC9L2cYtldpV9sjMfKPDiGbm2IQ==",
					"requires": {
						"@aws-cdk/core": "^1.2.0",
						"@aws-cdk/region-info": "^1.2.0"
					}
				},
				"@aws-cdk/core": {
					"version": "1.2.0",
					"resolved": "https://registry.npmjs.org/@aws-cdk/core/-/core-1.2.0.tgz",
					"integrity": "sha512-EPNHg1mT5WhOf+O9Bm6BuaWIGUxIKQXGXXQ/Lbl2sMm2nDhSfe1QGHuOkPcM4Mzt9WevhP5ZrNtlOMoc78LAXw==",
					"requires": {
						"@aws-cdk/cx-api": "^1.2.0"
					}
				}
			}
		},
		"@aws-cdk/aws-ec2": {
			"version": "1.2.0",
			"resolved": "https://registry.npmjs.org/@aws-cdk/aws-ec2/-/aws-ec2-1.2.0.tgz",
			"integrity": "sha512-P6o2iaSvPWveXjme+sqXYtCPhzKUpbBNw+dfU1Sve0b6/y11vqQE1EYQd9jFH0b/XFkTYNypmMnOqDzKS+/BqA==",
			"requires": {
				"@aws-cdk/aws-cloudwatch": "^1.2.0",
				"@aws-cdk/aws-iam": "^1.2.0",
				"@aws-cdk/aws-ssm": "^1.2.0",
				"@aws-cdk/core": "^1.2.0",
				"@aws-cdk/cx-api": "^1.2.0"
			},
			"dependencies": {
				"@aws-cdk/aws-iam": {
					"version": "1.2.0",
					"resolved": "https://registry.npmjs.org/@aws-cdk/aws-iam/-/aws-iam-1.2.0.tgz",
					"integrity": "sha512-vMWScDdRq58CafHCz5FuWYTxKa7CH2VKJRixFAvuJvsLPZxc2HaTC17avE/hC9L2cYtldpV9sjMfKPDiGbm2IQ==",
					"requires": {
						"@aws-cdk/core": "^1.2.0",
						"@aws-cdk/region-info": "^1.2.0"
					}
				},
				"@aws-cdk/core": {
					"version": "1.2.0",
					"resolved": "https://registry.npmjs.org/@aws-cdk/core/-/core-1.2.0.tgz",
					"integrity": "sha512-EPNHg1mT5WhOf+O9Bm6BuaWIGUxIKQXGXXQ/Lbl2sMm2nDhSfe1QGHuOkPcM4Mzt9WevhP5ZrNtlOMoc78LAXw==",
					"requires": {
						"@aws-cdk/cx-api": "^1.2.0"
					}
				}
			}
		},
		"@aws-cdk/aws-ecr": {
			"version": "1.2.0",
			"resolved": "https://registry.npmjs.org/@aws-cdk/aws-ecr/-/aws-ecr-1.2.0.tgz",
			"integrity": "sha512-OB4pLbkgKW0pYaWFyx56ZMhDk5Y73Zz7fNFDVujhJX4GmK6G2erDuONPGm58uV7gYeJSGVseOmMwcXnfEJk2xA==",
			"requires": {
				"@aws-cdk/aws-events": "^1.2.0",
				"@aws-cdk/aws-iam": "^1.2.0",
				"@aws-cdk/core": "^1.2.0"
			},
			"dependencies": {
				"@aws-cdk/aws-iam": {
					"version": "1.2.0",
					"resolved": "https://registry.npmjs.org/@aws-cdk/aws-iam/-/aws-iam-1.2.0.tgz",
					"integrity": "sha512-vMWScDdRq58CafHCz5FuWYTxKa7CH2VKJRixFAvuJvsLPZxc2HaTC17avE/hC9L2cYtldpV9sjMfKPDiGbm2IQ==",
					"requires": {
						"@aws-cdk/core": "^1.2.0",
						"@aws-cdk/region-info": "^1.2.0"
					}
				},
				"@aws-cdk/core": {
					"version": "1.2.0",
					"resolved": "https://registry.npmjs.org/@aws-cdk/core/-/core-1.2.0.tgz",
					"integrity": "sha512-EPNHg1mT5WhOf+O9Bm6BuaWIGUxIKQXGXXQ/Lbl2sMm2nDhSfe1QGHuOkPcM4Mzt9WevhP5ZrNtlOMoc78LAXw==",
					"requires": {
						"@aws-cdk/cx-api": "^1.2.0"
					}
				}
			}
		},
		"@aws-cdk/aws-ecr-assets": {
			"version": "1.2.0",
			"resolved": "https://registry.npmjs.org/@aws-cdk/aws-ecr-assets/-/aws-ecr-assets-1.2.0.tgz",
			"integrity": "sha512-a5SdF9NZaBMUhsyfXrhcriFeK4vGOVUppfknJw542MJb9R8irknHjKlsfOp/tqAv0yXNLdodwLwfdmDqsaAFAw==",
			"requires": {
				"@aws-cdk/assets": "^1.2.0",
				"@aws-cdk/aws-cloudformation": "^1.2.0",
				"@aws-cdk/aws-ecr": "^1.2.0",
				"@aws-cdk/aws-iam": "^1.2.0",
				"@aws-cdk/aws-lambda": "^1.2.0",
				"@aws-cdk/aws-s3": "^1.2.0",
				"@aws-cdk/core": "^1.2.0",
				"@aws-cdk/cx-api": "^1.2.0"
			},
			"dependencies": {
				"@aws-cdk/aws-iam": {
					"version": "1.2.0",
					"resolved": "https://registry.npmjs.org/@aws-cdk/aws-iam/-/aws-iam-1.2.0.tgz",
					"integrity": "sha512-vMWScDdRq58CafHCz5FuWYTxKa7CH2VKJRixFAvuJvsLPZxc2HaTC17avE/hC9L2cYtldpV9sjMfKPDiGbm2IQ==",
					"requires": {
						"@aws-cdk/core": "^1.2.0",
						"@aws-cdk/region-info": "^1.2.0"
					}
				},
				"@aws-cdk/core": {
					"version": "1.2.0",
					"resolved": "https://registry.npmjs.org/@aws-cdk/core/-/core-1.2.0.tgz",
					"integrity": "sha512-EPNHg1mT5WhOf+O9Bm6BuaWIGUxIKQXGXXQ/Lbl2sMm2nDhSfe1QGHuOkPcM4Mzt9WevhP5ZrNtlOMoc78LAXw==",
					"requires": {
						"@aws-cdk/cx-api": "^1.2.0"
					}
				}
			}
		},
		"@aws-cdk/aws-events": {
			"version": "1.2.0",
			"resolved": "https://registry.npmjs.org/@aws-cdk/aws-events/-/aws-events-1.2.0.tgz",
			"integrity": "sha512-Tj6JWH14pzws9h0Tvg6V2GflWN9B6zanxmlEjiJE4lAMucm6MKl+0jO4QRjX8ZIUiC15LgbHWJN9DmqsjvAYAA==",
			"requires": {
				"@aws-cdk/aws-iam": "^1.2.0",
				"@aws-cdk/core": "^1.2.0"
			},
			"dependencies": {
				"@aws-cdk/aws-iam": {
					"version": "1.2.0",
					"resolved": "https://registry.npmjs.org/@aws-cdk/aws-iam/-/aws-iam-1.2.0.tgz",
					"integrity": "sha512-vMWScDdRq58CafHCz5FuWYTxKa7CH2VKJRixFAvuJvsLPZxc2HaTC17avE/hC9L2cYtldpV9sjMfKPDiGbm2IQ==",
					"requires": {
						"@aws-cdk/core": "^1.2.0",
						"@aws-cdk/region-info": "^1.2.0"
					}
				},
				"@aws-cdk/core": {
					"version": "1.2.0",
					"resolved": "https://registry.npmjs.org/@aws-cdk/core/-/core-1.2.0.tgz",
					"integrity": "sha512-EPNHg1mT5WhOf+O9Bm6BuaWIGUxIKQXGXXQ/Lbl2sMm2nDhSfe1QGHuOkPcM4Mzt9WevhP5ZrNtlOMoc78LAXw==",
					"requires": {
						"@aws-cdk/cx-api": "^1.2.0"
					}
				}
			}
		},
		"@aws-cdk/aws-kms": {
			"version": "1.2.0",
			"resolved": "https://registry.npmjs.org/@aws-cdk/aws-kms/-/aws-kms-1.2.0.tgz",
			"integrity": "sha512-Yjky7CIUXFCmlKufdjiN7XQaEk75q7n4BUAj3t7ApxNU9C8UOXqhDEkQCgy1PXz7zW9C8Sxkwp3ojwIat5Th5g==",
			"requires": {
				"@aws-cdk/aws-iam": "^1.2.0",
				"@aws-cdk/core": "^1.2.0"
			},
			"dependencies": {
				"@aws-cdk/aws-iam": {
					"version": "1.2.0",
					"resolved": "https://registry.npmjs.org/@aws-cdk/aws-iam/-/aws-iam-1.2.0.tgz",
					"integrity": "sha512-vMWScDdRq58CafHCz5FuWYTxKa7CH2VKJRixFAvuJvsLPZxc2HaTC17avE/hC9L2cYtldpV9sjMfKPDiGbm2IQ==",
					"requires": {
						"@aws-cdk/core": "^1.2.0",
						"@aws-cdk/region-info": "^1.2.0"
					}
				},
				"@aws-cdk/core": {
					"version": "1.2.0",
					"resolved": "https://registry.npmjs.org/@aws-cdk/core/-/core-1.2.0.tgz",
					"integrity": "sha512-EPNHg1mT5WhOf+O9Bm6BuaWIGUxIKQXGXXQ/Lbl2sMm2nDhSfe1QGHuOkPcM4Mzt9WevhP5ZrNtlOMoc78LAXw==",
					"requires": {
						"@aws-cdk/cx-api": "^1.2.0"
					}
				}
			}
		},
		"@aws-cdk/aws-lambda": {
			"version": "1.2.0",
			"resolved": "https://registry.npmjs.org/@aws-cdk/aws-lambda/-/aws-lambda-1.2.0.tgz",
			"integrity": "sha512-uvqKYgPCarVoSvaN5mAHNlzheFq0Rt2HhxtloiD+E1dhrQodOQ6XIHw+I83f6TqgHlyZVDuTHShjey+fOllpBQ==",
			"requires": {
				"@aws-cdk/aws-cloudwatch": "^1.2.0",
				"@aws-cdk/aws-ec2": "^1.2.0",
				"@aws-cdk/aws-events": "^1.2.0",
				"@aws-cdk/aws-iam": "^1.2.0",
				"@aws-cdk/aws-logs": "^1.2.0",
				"@aws-cdk/aws-s3": "^1.2.0",
				"@aws-cdk/aws-s3-assets": "^1.2.0",
				"@aws-cdk/aws-sqs": "^1.2.0",
				"@aws-cdk/core": "^1.2.0",
				"@aws-cdk/cx-api": "^1.2.0"
			},
			"dependencies": {
				"@aws-cdk/aws-iam": {
					"version": "1.2.0",
					"resolved": "https://registry.npmjs.org/@aws-cdk/aws-iam/-/aws-iam-1.2.0.tgz",
					"integrity": "sha512-vMWScDdRq58CafHCz5FuWYTxKa7CH2VKJRixFAvuJvsLPZxc2HaTC17avE/hC9L2cYtldpV9sjMfKPDiGbm2IQ==",
					"requires": {
						"@aws-cdk/core": "^1.2.0",
						"@aws-cdk/region-info": "^1.2.0"
					}
				},
				"@aws-cdk/core": {
					"version": "1.2.0",
					"resolved": "https://registry.npmjs.org/@aws-cdk/core/-/core-1.2.0.tgz",
					"integrity": "sha512-EPNHg1mT5WhOf+O9Bm6BuaWIGUxIKQXGXXQ/Lbl2sMm2nDhSfe1QGHuOkPcM4Mzt9WevhP5ZrNtlOMoc78LAXw==",
					"requires": {
						"@aws-cdk/cx-api": "^1.2.0"
					}
				}
			}
		},
		"@aws-cdk/aws-logs": {
			"version": "1.2.0",
			"resolved": "https://registry.npmjs.org/@aws-cdk/aws-logs/-/aws-logs-1.2.0.tgz",
			"integrity": "sha512-XSsWUqZBKGcgPCq3J/vOpMQe2YSfClXIiqshh2swRwD+6P8ItCWAdbaiQD6VgXAQ/ZrEyuIXRKpeAAZmt7WLKw==",
			"requires": {
				"@aws-cdk/aws-cloudwatch": "^1.2.0",
				"@aws-cdk/aws-iam": "^1.2.0",
				"@aws-cdk/core": "^1.2.0"
			},
			"dependencies": {
				"@aws-cdk/aws-iam": {
					"version": "1.2.0",
					"resolved": "https://registry.npmjs.org/@aws-cdk/aws-iam/-/aws-iam-1.2.0.tgz",
					"integrity": "sha512-vMWScDdRq58CafHCz5FuWYTxKa7CH2VKJRixFAvuJvsLPZxc2HaTC17avE/hC9L2cYtldpV9sjMfKPDiGbm2IQ==",
					"requires": {
						"@aws-cdk/core": "^1.2.0",
						"@aws-cdk/region-info": "^1.2.0"
					}
				},
				"@aws-cdk/core": {
					"version": "1.2.0",
					"resolved": "https://registry.npmjs.org/@aws-cdk/core/-/core-1.2.0.tgz",
					"integrity": "sha512-EPNHg1mT5WhOf+O9Bm6BuaWIGUxIKQXGXXQ/Lbl2sMm2nDhSfe1QGHuOkPcM4Mzt9WevhP5ZrNtlOMoc78LAXw==",
					"requires": {
						"@aws-cdk/cx-api": "^1.2.0"
					}
				}
			}
		},
		"@aws-cdk/aws-s3": {
			"version": "1.2.0",
			"resolved": "https://registry.npmjs.org/@aws-cdk/aws-s3/-/aws-s3-1.2.0.tgz",
			"integrity": "sha512-xxfZLvhkIJtfSccd9+ShY9N2YlhXdta28/5UwvsFWqel+cndoM3lXAuf/lMHQSQwfeyW65yAZAluXh1NrpuREA==",
			"requires": {
				"@aws-cdk/aws-events": "^1.2.0",
				"@aws-cdk/aws-iam": "^1.2.0",
				"@aws-cdk/aws-kms": "^1.2.0",
				"@aws-cdk/core": "^1.2.0"
			},
			"dependencies": {
				"@aws-cdk/aws-iam": {
					"version": "1.2.0",
					"resolved": "https://registry.npmjs.org/@aws-cdk/aws-iam/-/aws-iam-1.2.0.tgz",
					"integrity": "sha512-vMWScDdRq58CafHCz5FuWYTxKa7CH2VKJRixFAvuJvsLPZxc2HaTC17avE/hC9L2cYtldpV9sjMfKPDiGbm2IQ==",
					"requires": {
						"@aws-cdk/core": "^1.2.0",
						"@aws-cdk/region-info": "^1.2.0"
					}
				},
				"@aws-cdk/core": {
					"version": "1.2.0",
					"resolved": "https://registry.npmjs.org/@aws-cdk/core/-/core-1.2.0.tgz",
					"integrity": "sha512-EPNHg1mT5WhOf+O9Bm6BuaWIGUxIKQXGXXQ/Lbl2sMm2nDhSfe1QGHuOkPcM4Mzt9WevhP5ZrNtlOMoc78LAXw==",
					"requires": {
						"@aws-cdk/cx-api": "^1.2.0"
					}
				}
			}
		},
		"@aws-cdk/aws-s3-assets": {
			"version": "1.2.0",
			"resolved": "https://registry.npmjs.org/@aws-cdk/aws-s3-assets/-/aws-s3-assets-1.2.0.tgz",
			"integrity": "sha512-2cTQuaVeF6B0zOBZ/7PMGWwTrbajIeq+aV36b2PBxj0WyUh3y+cDIpOSGCA7pJPq/NGsUrNw9Dijl6oDmBqTmg==",
			"requires": {
				"@aws-cdk/assets": "^1.2.0",
				"@aws-cdk/aws-iam": "^1.2.0",
				"@aws-cdk/aws-s3": "^1.2.0",
				"@aws-cdk/core": "^1.2.0",
				"@aws-cdk/cx-api": "^1.2.0"
			},
			"dependencies": {
				"@aws-cdk/aws-iam": {
					"version": "1.2.0",
					"resolved": "https://registry.npmjs.org/@aws-cdk/aws-iam/-/aws-iam-1.2.0.tgz",
					"integrity": "sha512-vMWScDdRq58CafHCz5FuWYTxKa7CH2VKJRixFAvuJvsLPZxc2HaTC17avE/hC9L2cYtldpV9sjMfKPDiGbm2IQ==",
					"requires": {
						"@aws-cdk/core": "^1.2.0",
						"@aws-cdk/region-info": "^1.2.0"
					}
				},
				"@aws-cdk/core": {
					"version": "1.2.0",
					"resolved": "https://registry.npmjs.org/@aws-cdk/core/-/core-1.2.0.tgz",
					"integrity": "sha512-EPNHg1mT5WhOf+O9Bm6BuaWIGUxIKQXGXXQ/Lbl2sMm2nDhSfe1QGHuOkPcM4Mzt9WevhP5ZrNtlOMoc78LAXw==",
					"requires": {
						"@aws-cdk/cx-api": "^1.2.0"
					}
				}
			}
		},
		"@aws-cdk/aws-secretsmanager": {
			"version": "1.2.0",
			"resolved": "https://registry.npmjs.org/@aws-cdk/aws-secretsmanager/-/aws-secretsmanager-1.2.0.tgz",
			"integrity": "sha512-up501uZ2eC5ylNk79KLybooi/MKhEAOO8oIkd9EE3o8CllTP9iURIs7pK8mpDkftDm6fXZV4f5cTSOw86sPOoA==",
			"requires": {
				"@aws-cdk/aws-ec2": "^1.2.0",
				"@aws-cdk/aws-iam": "^1.2.0",
				"@aws-cdk/aws-kms": "^1.2.0",
				"@aws-cdk/aws-lambda": "^1.2.0",
				"@aws-cdk/core": "^1.2.0"
			},
			"dependencies": {
				"@aws-cdk/aws-iam": {
					"version": "1.2.0",
					"resolved": "https://registry.npmjs.org/@aws-cdk/aws-iam/-/aws-iam-1.2.0.tgz",
					"integrity": "sha512-vMWScDdRq58CafHCz5FuWYTxKa7CH2VKJRixFAvuJvsLPZxc2HaTC17avE/hC9L2cYtldpV9sjMfKPDiGbm2IQ==",
					"requires": {
						"@aws-cdk/core": "^1.2.0",
						"@aws-cdk/region-info": "^1.2.0"
					}
				},
				"@aws-cdk/core": {
					"version": "1.2.0",
					"resolved": "https://registry.npmjs.org/@aws-cdk/core/-/core-1.2.0.tgz",
					"integrity": "sha512-EPNHg1mT5WhOf+O9Bm6BuaWIGUxIKQXGXXQ/Lbl2sMm2nDhSfe1QGHuOkPcM4Mzt9WevhP5ZrNtlOMoc78LAXw==",
					"requires": {
						"@aws-cdk/cx-api": "^1.2.0"
					}
				}
			}
		},
		"@aws-cdk/aws-sns": {
			"version": "1.2.0",
			"resolved": "https://registry.npmjs.org/@aws-cdk/aws-sns/-/aws-sns-1.2.0.tgz",
			"integrity": "sha512-h/+UEjpsVoQ0AiLKtLJ+TaDx2HVoLFlTSZfmPSO7lcdA5wKDL/52kgZMt9DddsWLZMifLUutnGC1e7u5ixOkGA==",
			"requires": {
				"@aws-cdk/aws-cloudwatch": "^1.2.0",
				"@aws-cdk/aws-events": "^1.2.0",
				"@aws-cdk/aws-iam": "^1.2.0",
				"@aws-cdk/core": "^1.2.0"
			},
			"dependencies": {
				"@aws-cdk/aws-iam": {
					"version": "1.2.0",
					"resolved": "https://registry.npmjs.org/@aws-cdk/aws-iam/-/aws-iam-1.2.0.tgz",
					"integrity": "sha512-vMWScDdRq58CafHCz5FuWYTxKa7CH2VKJRixFAvuJvsLPZxc2HaTC17avE/hC9L2cYtldpV9sjMfKPDiGbm2IQ==",
					"requires": {
						"@aws-cdk/core": "^1.2.0",
						"@aws-cdk/region-info": "^1.2.0"
					}
				},
				"@aws-cdk/core": {
					"version": "1.2.0",
					"resolved": "https://registry.npmjs.org/@aws-cdk/core/-/core-1.2.0.tgz",
					"integrity": "sha512-EPNHg1mT5WhOf+O9Bm6BuaWIGUxIKQXGXXQ/Lbl2sMm2nDhSfe1QGHuOkPcM4Mzt9WevhP5ZrNtlOMoc78LAXw==",
					"requires": {
						"@aws-cdk/cx-api": "^1.2.0"
					}
				}
			}
		},
		"@aws-cdk/aws-sqs": {
			"version": "1.2.0",
			"resolved": "https://registry.npmjs.org/@aws-cdk/aws-sqs/-/aws-sqs-1.2.0.tgz",
			"integrity": "sha512-ofm4XnX3wl3gQMbdXfihwyM0RctmMAoNQg/2EDwWWkF5phG6H5IuAFIyTE0IoZohLN7Tr/sxhTHVU0fX35zSXg==",
			"requires": {
				"@aws-cdk/aws-cloudwatch": "^1.2.0",
				"@aws-cdk/aws-iam": "^1.2.0",
				"@aws-cdk/aws-kms": "^1.2.0",
				"@aws-cdk/core": "^1.2.0"
			},
			"dependencies": {
				"@aws-cdk/aws-iam": {
					"version": "1.2.0",
					"resolved": "https://registry.npmjs.org/@aws-cdk/aws-iam/-/aws-iam-1.2.0.tgz",
					"integrity": "sha512-vMWScDdRq58CafHCz5FuWYTxKa7CH2VKJRixFAvuJvsLPZxc2HaTC17avE/hC9L2cYtldpV9sjMfKPDiGbm2IQ==",
					"requires": {
						"@aws-cdk/core": "^1.2.0",
						"@aws-cdk/region-info": "^1.2.0"
					}
				},
				"@aws-cdk/core": {
					"version": "1.2.0",
					"resolved": "https://registry.npmjs.org/@aws-cdk/core/-/core-1.2.0.tgz",
					"integrity": "sha512-EPNHg1mT5WhOf+O9Bm6BuaWIGUxIKQXGXXQ/Lbl2sMm2nDhSfe1QGHuOkPcM4Mzt9WevhP5ZrNtlOMoc78LAXw==",
					"requires": {
						"@aws-cdk/cx-api": "^1.2.0"
					}
				}
			}
		},
		"@aws-cdk/aws-ssm": {
			"version": "1.2.0",
			"resolved": "https://registry.npmjs.org/@aws-cdk/aws-ssm/-/aws-ssm-1.2.0.tgz",
			"integrity": "sha512-Jj3oM70mrt+7vls3CHASe8Bp+u7Jq0XURYgta9kSyF+zPCBnxe3LE1xNL7lETJ68RDeedRSF0MHwQTpiOoldkg==",
			"requires": {
				"@aws-cdk/aws-iam": "^1.2.0",
				"@aws-cdk/core": "^1.2.0",
				"@aws-cdk/cx-api": "^1.2.0"
			},
			"dependencies": {
				"@aws-cdk/aws-iam": {
					"version": "1.2.0",
					"resolved": "https://registry.npmjs.org/@aws-cdk/aws-iam/-/aws-iam-1.2.0.tgz",
					"integrity": "sha512-vMWScDdRq58CafHCz5FuWYTxKa7CH2VKJRixFAvuJvsLPZxc2HaTC17avE/hC9L2cYtldpV9sjMfKPDiGbm2IQ==",
					"requires": {
						"@aws-cdk/core": "^1.2.0",
						"@aws-cdk/region-info": "^1.2.0"
					}
				},
				"@aws-cdk/core": {
					"version": "1.2.0",
					"resolved": "https://registry.npmjs.org/@aws-cdk/core/-/core-1.2.0.tgz",
					"integrity": "sha512-EPNHg1mT5WhOf+O9Bm6BuaWIGUxIKQXGXXQ/Lbl2sMm2nDhSfe1QGHuOkPcM4Mzt9WevhP5ZrNtlOMoc78LAXw==",
					"requires": {
						"@aws-cdk/cx-api": "^1.2.0"
					}
				}
			}
		},
		"@aws-cdk/cx-api": {
			"version": "1.2.0",
			"resolved": "https://registry.npmjs.org/@aws-cdk/cx-api/-/cx-api-1.2.0.tgz",
			"integrity": "sha512-6LBxdoV3mHAXRCd3rGmsU0qse0ZGMoC/P0jLyZUaoCxnESVIcak25v4NBhuJTh/jru+CsxoLLklCFRCxGVmZoQ==",
			"requires": {
				"semver": "^6.1.1"
			},
			"dependencies": {
				"semver": {
					"version": "6.2.0",
					"bundled": true
				}
			}
		},
		"@aws-cdk/region-info": {
			"version": "1.2.0",
			"resolved": "https://registry.npmjs.org/@aws-cdk/region-info/-/region-info-1.2.0.tgz",
			"integrity": "sha512-NXAZeAOVn0i5hPBiGJbzQSFkIMvwdjY83nTx6Gm9oM8RfmrwXIFJIvB7+ckUcGmRgc9WzZ5MR3GBX03hMhp71g=="
		},
		"cdk-build-tools": {
			"version": "file:../../../tools/cdk-build-tools",
			"dev": true,
			"requires": {
				"awslint": "file:../../../tools/awslint",
				"colors": "^1.3.3",
				"fs-extra": "^8.0.1",
				"jest": "^24.8.0",
				"jsii": "^0.14.2",
				"jsii-pacmak": "^0.14.2",
				"nodeunit": "^0.11.3",
				"nyc": "^14.1.1",
				"ts-jest": "^24.0.2",
				"tslint": "^5.17.0",
				"typescript": "^3.5.2",
				"yargs": "^13.2.4"
			}
		},
		"cfn2ts": {
			"version": "file:../../../tools/cfn2ts",
			"dev": true,
			"requires": {
				"@aws-cdk/cfnspec": "^1.1.0",
				"codemaker": "^0.14.0",
				"fast-json-patch": "^2.1.0",
				"fs-extra": "^8.0.1",
				"yargs": "^13.2.4"
			}
		},
		"pkglint": {
			"version": "file:../../../tools/pkglint",
			"dev": true,
			"requires": {
				"case": "^1.6.1",
				"colors": "^1.3.3",
				"fs-extra": "^8.0.1",
				"semver": "^6.1.1",
				"yargs": "^13.2.4"
			}
		}
	}
}
