{
  "name": "@aws-cdk/aws-lambda-nodejs",
  "version": "0.0.0",
  "lockfileVersion": 1,
  "requires": true,
  "dependencies": {
    "@types/callsite": {
      "version": "1.0.30",
      "resolved": "https://registry.npmjs.org/@types/callsite/-/callsite-1.0.30.tgz",
      "integrity": "sha1-CFQ0P/whQaSL9UGjr7tnz+B1Yqo="
    },
    "callsite": {
      "version": "1.0.0",
      "resolved": "https://registry.npmjs.org/callsite/-/callsite-1.0.0.tgz",
      "integrity": "sha1-KAOY5dZkvXQDi28JBRU+borxvCA="
    }
  }
}
