{
 "name": "@aws-cdk/core",
 "version": "1.9.0",
 "lockfileVersion": 1,
 "requires": true,
 "dependencies": {
  "@aws-cdk/cx-api": {
   "version": "1.9.0",
   "resolved": "https://registry.npmjs.org/@aws-cdk/cx-api/-/cx-api-1.9.0.tgz",
   "integrity": "sha512-MASIUcOo0JtAZ5nLcuH6YmPrN6Q1s3QQsx7Ta0RVzbbiyfZxEMJkX70wkDY0NwaMJc8Rw2P36yj7PwSo27OU2w==",
   "requires": {
    "semver": "^6.3.0"
   },
   "dependencies": {
    "semver": {
     "version": "6.3.0",
     "bundled": true
    }
   }
  },
  "@types/lodash": {
   "version": "4.14.139",
   "resolved": "https://registry.npmjs.org/@types/lodash/-/lodash-4.14.139.tgz",
   "integrity": "sha512-Z6pbDYaWpluqcF8+6qgv6STPEl0jIlyQmpYGwTrzhgwqok8ltBh/p7GAmYnz81wUhxQRhEr8MBpQrB4fQ/hwIA==",
   "dev": true
  },
  "cdk-build-tools": {
   "version": "file:../../../tools/cdk-build-tools",
   "dev": true
  },
  "cfn2ts": {
   "version": "file:../../../tools/cfn2ts",
   "dev": true
  },
  "fast-check": {
   "version": "1.17.0",
   "resolved": "https://registry.npmjs.org/fast-check/-/fast-check-1.17.0.tgz",
   "integrity": "sha512-+v+Ta6yOEhM9VjmlPSS5NHRoMe9E22nockrmNZIILUiH9TLSBefxVXeY+QW8YhanheRcgyIHCeVpQ0K48zQssg==",
   "dev": true,
   "requires": {
    "pure-rand": "^1.6.2",
    "tslib": "^1.9.3"
   }
  },
  "lodash": {
   "version": "4.17.15",
   "resolved": "https://registry.npmjs.org/lodash/-/lodash-4.17.15.tgz",
   "integrity": "sha512-8xOcRHvCjnocdS5cpwXQXVzmmh5e5+saE2QGoeQmbKmRS6J3VQppPOIt0MnmE+4xlZoumy0GPG0D0MVIQbNA1A==",
   "dev": true
  },
  "pkglint": {
   "version": "file:../../../tools/pkglint",
   "dev": true
  },
  "pure-rand": {
   "version": "1.6.2",
   "resolved": "https://registry.npmjs.org/pure-rand/-/pure-rand-1.6.2.tgz",
   "integrity": "sha512-HNwHOH63m7kCxe0kWEe5jSLwJiL2N83RUUN8POniFuZS+OsbFcMWlvXgxIU2nwKy2zYG2bQan40WBNK4biYPRg==",
   "dev": true
  },
  "tslib": {
   "version": "1.10.0",
   "resolved": "https://registry.npmjs.org/tslib/-/tslib-1.10.0.tgz",
   "integrity": "sha512-qOebF53frne81cf0S9B41ByenJ3/IuH8yJKngAX35CmiZySA0khhkovshKK+jGCaMnVomla7gVlIcc3EvKPbTQ==",
   "dev": true
  }
 }
}
