{
	"name": "@aws-cdk/core",
	"version": "0.36.0",
	"lockfileVersion": 1,
	"requires": true,
	"dependencies": {
		"@types/lodash": {
			"version": "4.14.134",
			"resolved": "https://registry.npmjs.org/@types/lodash/-/lodash-4.14.134.tgz",
			"integrity": "sha512-2/O0khFUCFeDlbi7sZ7ZFRCcT812fAeOLm7Ev4KbwASkZ575TDrDcY7YyaoHdTOzKcNbfiwLYZqPmoC4wadrsw==",
			"dev": true
		},
		"fast-check": {
			"version": "1.15.1",
			"resolved": "https://registry.npmjs.org/fast-check/-/fast-check-1.15.1.tgz",
			"integrity": "sha512-AhVx0sam1qDBmrEFRD3OufJHekzka7pyOj3zVAz6H0QenxUCIXG0LFLxcju6oRQNOt8FZOq3AfX+B0GtPNDjkA==",
			"dev": true,
			"requires": {
				"pure-rand": "^1.6.2",
				"tslib": "^1.9.3"
			}
		},
		"lodash": {
			"version": "4.17.11",
			"resolved": "https://registry.npmjs.org/lodash/-/lodash-4.17.11.tgz",
			"integrity": "sha512-cQKh8igo5QUhZ7lg38DYWAxMvjSAKG0A8wGSVimP07SIUEK2UO+arSRKbRZWtelMtN5V0Hkwh5ryOto/SshYIg==",
			"dev": true
		},
		"pure-rand": {
			"version": "1.6.2",
			"resolved": "https://registry.npmjs.org/pure-rand/-/pure-rand-1.6.2.tgz",
			"integrity": "sha512-HNwHOH63m7kCxe0kWEe5jSLwJiL2N83RUUN8POniFuZS+OsbFcMWlvXgxIU2nwKy2zYG2bQan40WBNK4biYPRg==",
			"dev": true
		},
		"tslib": {
			"version": "1.9.3",
			"resolved": "https://registry.npmjs.org/tslib/-/tslib-1.9.3.tgz",
			"integrity": "sha512-4krF8scpejhaOgqzBEcGM7yDIEfi0/8+8zDRZhNZZ2kjmHJ4hv3zCbQWxoJGz1iw5U0Jl0nma13xzHXcncMavQ==",
			"dev": true
		}
	}
}
