{
  "name": "@aws-cdk/aws-elasticloadbalancingv2",
  "version": "0.26.0",
  "lockfileVersion": 1,
  "requires": true,
  "dependencies": {
    "@aws-cdk/assert": {
      "version": "0.26.0",
      "dev": true,
      "requires": {
        "@aws-cdk/cdk": "^0.26.0",
        "@aws-cdk/cloudformation-diff": "^0.26.0",
        "@aws-cdk/cx-api": "^0.26.0",
        "source-map-support": "^0.5.6"
      }
    },
    "@aws-cdk/assets": {
      "version": "0.26.0",
      "resolved": "https://registry.npmjs.org/@aws-cdk/assets/-/assets-0.26.0.tgz",
      "integrity": "sha512-kuuJLSCXF4nmliohxqii8akrB/oSzylhszT8ACGzMQ40uPyx7C1WouuZpDqMXPp6rp2ak4sWuO+jPDl0q1xrwA==",
      "requires": {
        "@aws-cdk/aws-iam": "^0.26.0",
        "@aws-cdk/aws-s3": "^0.26.0",
        "@aws-cdk/cdk": "^0.26.0",
        "@aws-cdk/cx-api": "^0.26.0"
      },
      "dependencies": {
        "@aws-cdk/cx-api": {
          "version": "0.26.0",
          "resolved": "https://registry.npmjs.org/@aws-cdk/cx-api/-/cx-api-0.26.0.tgz",
          "integrity": "sha512-MO/JgF2DA8Bqz9e06Y4ZSxYCx6FFwI10Pda85f+F+YdvRV5Zhimx+MW57hG0miUSWCbDpu6NGisEfes7WM42Dg=="
        }
      }
    },
    "@aws-cdk/aws-autoscaling-api": {
      "version": "0.26.0",
      "resolved": "https://registry.npmjs.org/@aws-cdk/aws-autoscaling-api/-/aws-autoscaling-api-0.26.0.tgz",
      "integrity": "sha512-dz2mJPzMcmzFVJOH9Y7hxsOVt9yEi9GQTNsvyO4gxL/dw0rYoyM9oE4Ye8zGQCCwreboNp7mHPEED/VSdqZMVw==",
      "requires": {
        "@aws-cdk/aws-iam": "^0.26.0",
        "@aws-cdk/cdk": "^0.26.0"
      }
    },
    "@aws-cdk/aws-certificatemanager": {
      "version": "0.26.0",
      "resolved": "https://registry.npmjs.org/@aws-cdk/aws-certificatemanager/-/aws-certificatemanager-0.26.0.tgz",
      "integrity": "sha512-MeCTe9fPcQe1CnJGJA0E9mkOZMOEQ98CXsL/JozWglR5yz6XneiOlPa1xLAFCpxbBxXVpGE5BwECoiGGNP6E1Q==",
      "requires": {
        "@aws-cdk/aws-cloudformation": "^0.26.0",
        "@aws-cdk/aws-iam": "^0.26.0",
        "@aws-cdk/aws-lambda": "^0.26.0",
        "@aws-cdk/aws-route53": "^0.26.0",
        "@aws-cdk/cdk": "^0.26.0"
      }
    },
    "@aws-cdk/aws-cloudformation": {
      "version": "0.26.0",
      "resolved": "https://registry.npmjs.org/@aws-cdk/aws-cloudformation/-/aws-cloudformation-0.26.0.tgz",
      "integrity": "sha512-yB7l8gZhD+70iv8/z4UmwYu/nWFFesmjCuIdTdHsyUzi2HT7xW1f3zN31pes3+3QvIuLyOMAlU0hgUUYWjm/aA==",
      "requires": {
        "@aws-cdk/aws-codepipeline-api": "^0.26.0",
        "@aws-cdk/aws-iam": "^0.26.0",
        "@aws-cdk/aws-lambda": "^0.26.0",
        "@aws-cdk/aws-sns": "^0.26.0",
        "@aws-cdk/cdk": "^0.26.0"
      }
    },
    "@aws-cdk/aws-cloudwatch": {
      "version": "0.26.0",
      "requires": {
        "@aws-cdk/aws-iam": "^0.26.0",
        "@aws-cdk/cdk": "^0.26.0"
      }
    },
    "@aws-cdk/aws-codedeploy-api": {
      "version": "0.26.0",
      "requires": {
        "@aws-cdk/cdk": "^0.26.0"
      }
    },
    "@aws-cdk/aws-codepipeline-api": {
      "version": "0.26.0",
      "resolved": "https://registry.npmjs.org/@aws-cdk/aws-codepipeline-api/-/aws-codepipeline-api-0.26.0.tgz",
      "integrity": "sha512-JiRuHpCK/UvP0pHTwIvV8UtZI5sbHxhiIzwPNovOcjY6ayhEGZbgnScdCh5ID6ann6pEmSxg2ESV8k5nz1049g==",
      "requires": {
        "@aws-cdk/aws-events": "^0.26.0",
        "@aws-cdk/aws-iam": "^0.26.0",
        "@aws-cdk/cdk": "^0.26.0"
      }
    },
    "@aws-cdk/aws-ec2": {
      "version": "0.26.0",
      "requires": {
        "@aws-cdk/aws-cloudwatch": "^0.26.0",
        "@aws-cdk/aws-iam": "^0.26.0",
        "@aws-cdk/cdk": "^0.26.0",
        "@aws-cdk/cx-api": "^0.26.0"
      }
    },
    "@aws-cdk/aws-events": {
      "version": "0.26.0",
      "resolved": "https://registry.npmjs.org/@aws-cdk/aws-events/-/aws-events-0.26.0.tgz",
      "integrity": "sha512-dEodAG/tQDTrNaLy2ScHBCeXADMQTnD29ickQViXb0TERjdDm1pc7Q+YQ87z9iulC0RF4a2BdVYyqYERohdSDg==",
      "requires": {
        "@aws-cdk/aws-iam": "^0.26.0",
        "@aws-cdk/cdk": "^0.26.0"
      }
    },
    "@aws-cdk/aws-iam": {
      "version": "0.26.0",
      "requires": {
        "@aws-cdk/cdk": "^0.26.0",
        "@aws-cdk/region-info": "^0.26.0"
      }
    },
    "@aws-cdk/aws-kms": {
      "version": "0.26.0",
      "resolved": "https://registry.npmjs.org/@aws-cdk/aws-kms/-/aws-kms-0.26.0.tgz",
      "integrity": "sha512-2rAm+b9sQVrZwPb2uSwgZHb4bP/5jRzFi2ITEA/o1s43ie1BOR9IvjTq596dQ4geTk5zfvLtrOfao0IGMz0MDQ==",
      "requires": {
        "@aws-cdk/aws-iam": "^0.26.0",
        "@aws-cdk/cdk": "^0.26.0"
      }
    },
    "@aws-cdk/aws-lambda": {
      "version": "0.26.0",
      "resolved": "https://registry.npmjs.org/@aws-cdk/aws-lambda/-/aws-lambda-0.26.0.tgz",
      "integrity": "sha512-VXYzPLiv1vlVoYEpbtI2XKZ0sClHfdYniGqQpEkY4vRXceth8cH3kD+XSXk8aXwrqyDn5Q0Oxp2c4GuaSKCdMA==",
      "requires": {
        "@aws-cdk/assets": "^0.26.0",
        "@aws-cdk/aws-cloudwatch": "^0.26.0",
        "@aws-cdk/aws-codepipeline-api": "^0.26.0",
        "@aws-cdk/aws-ec2": "^0.26.0",
        "@aws-cdk/aws-events": "^0.26.0",
        "@aws-cdk/aws-iam": "^0.26.0",
        "@aws-cdk/aws-logs": "^0.26.0",
        "@aws-cdk/aws-s3": "^0.26.0",
        "@aws-cdk/aws-s3-notifications": "^0.26.0",
        "@aws-cdk/aws-sqs": "^0.26.0",
        "@aws-cdk/aws-stepfunctions": "^0.26.0",
        "@aws-cdk/cdk": "^0.26.0",
        "@aws-cdk/cx-api": "^0.26.0"
      },
      "dependencies": {
        "@aws-cdk/cx-api": {
          "version": "0.26.0",
          "resolved": "https://registry.npmjs.org/@aws-cdk/cx-api/-/cx-api-0.26.0.tgz",
          "integrity": "sha512-MO/JgF2DA8Bqz9e06Y4ZSxYCx6FFwI10Pda85f+F+YdvRV5Zhimx+MW57hG0miUSWCbDpu6NGisEfes7WM42Dg=="
        }
      }
    },
    "@aws-cdk/aws-logs": {
      "version": "0.26.0",
      "resolved": "https://registry.npmjs.org/@aws-cdk/aws-logs/-/aws-logs-0.26.0.tgz",
      "integrity": "sha512-uB8WwXzmUXASFpVb1CIQ9V119032OTX5SE9gblYCTguPhtKKvF3gUdUBuzZbKS6gdGpWHabq8IUoVRGD/oZzIA==",
      "requires": {
        "@aws-cdk/aws-cloudwatch": "^0.26.0",
        "@aws-cdk/aws-iam": "^0.26.0",
        "@aws-cdk/cdk": "^0.26.0"
      }
    },
    "@aws-cdk/aws-route53": {
      "version": "0.26.0",
      "requires": {
        "@aws-cdk/aws-ec2": "^0.26.0",
        "@aws-cdk/aws-logs": "^0.26.0",
        "@aws-cdk/cdk": "^0.26.0",
        "@aws-cdk/cx-api": "^0.26.0"
      }
    },
    "@aws-cdk/aws-s3": {
      "version": "0.26.0",
      "requires": {
        "@aws-cdk/aws-codepipeline-api": "^0.26.0",
        "@aws-cdk/aws-events": "^0.26.0",
        "@aws-cdk/aws-iam": "^0.26.0",
        "@aws-cdk/aws-kms": "^0.26.0",
        "@aws-cdk/aws-s3-notifications": "^0.26.0",
        "@aws-cdk/cdk": "^0.26.0"
      }
    },
    "@aws-cdk/aws-s3-notifications": {
      "version": "0.26.0",
      "resolved": "https://registry.npmjs.org/@aws-cdk/aws-s3-notifications/-/aws-s3-notifications-0.26.0.tgz",
      "integrity": "sha512-6ByLqb1sbbBjiiYaX9Q/keXBSJ1SxCzmM7r1vgXmYteQ1VkW5Th142YPtwXwP7nqYbiDeHJfvTk5NVdU+rtvSQ==",
      "requires": {
        "@aws-cdk/cdk": "^0.26.0"
      }
    },
    "@aws-cdk/aws-sns": {
      "version": "0.26.0",
      "resolved": "https://registry.npmjs.org/@aws-cdk/aws-sns/-/aws-sns-0.26.0.tgz",
      "integrity": "sha512-QZseBIlcwZLGEMxOLHaEQAnYIKZrB+ykl+LfL3rAVpTGfmEuwTIgKC8/8f5nV76MT2aAYzbxCrrV+uGW4AlZcg==",
      "requires": {
        "@aws-cdk/aws-autoscaling-api": "^0.26.0",
        "@aws-cdk/aws-cloudwatch": "^0.26.0",
        "@aws-cdk/aws-events": "^0.26.0",
        "@aws-cdk/aws-iam": "^0.26.0",
        "@aws-cdk/aws-lambda": "^0.26.0",
        "@aws-cdk/aws-s3-notifications": "^0.26.0",
        "@aws-cdk/aws-sqs": "^0.26.0",
        "@aws-cdk/cdk": "^0.26.0"
      }
    },
    "@aws-cdk/aws-sqs": {
      "version": "0.26.0",
      "resolved": "https://registry.npmjs.org/@aws-cdk/aws-sqs/-/aws-sqs-0.26.0.tgz",
      "integrity": "sha512-AW5lLWksAqSXYrS2v7TNB83XXMGgFe/Khtqm5/ptxmhpNGhe+CmHSFV4Jsj+BZb8SE/pBW5GjJseaxB3nHUxJw==",
      "requires": {
        "@aws-cdk/aws-autoscaling-api": "^0.26.0",
        "@aws-cdk/aws-cloudwatch": "^0.26.0",
        "@aws-cdk/aws-iam": "^0.26.0",
        "@aws-cdk/aws-kms": "^0.26.0",
        "@aws-cdk/aws-s3-notifications": "^0.26.0",
        "@aws-cdk/cdk": "^0.26.0"
      }
    },
    "@aws-cdk/aws-stepfunctions": {
      "version": "0.26.0",
      "resolved": "https://registry.npmjs.org/@aws-cdk/aws-stepfunctions/-/aws-stepfunctions-0.26.0.tgz",
      "integrity": "sha512-BhGUYueVmjp5ge6jHqJzNN55sKxghQzfu0RNOJ3UrUJcpNQXj4WSdtUCtU9196Ny6SjpbU6W+dLGFdCQxUUp0Q==",
      "requires": {
        "@aws-cdk/aws-cloudwatch": "^0.26.0",
        "@aws-cdk/aws-events": "^0.26.0",
        "@aws-cdk/aws-iam": "^0.26.0",
        "@aws-cdk/cdk": "^0.26.0"
      }
    },
    "@aws-cdk/cdk": {
      "version": "0.26.0",
      "requires": {
        "@aws-cdk/cx-api": "^0.26.0"
      }
    },
    "cdk-build-tools": {
      "version": "0.26.0",
      "dev": true,
      "requires": {
        "awslint": "^0.26.0",
        "fs-extra": "^7.0.1",
        "jest": "^24.4.0",
        "jsii": "^0.7.15",
        "jsii-pacmak": "^0.7.15",
        "nodeunit": "^0.11.3",
        "nyc": "^13.3.0",
        "ts-jest": "^24.0.0",
        "tslint": "^5.13.1",
        "typescript": "^3.3.3333",
        "yargs": "^13.2.1"
      }
    },
    "cdk-integ-tools": {
      "version": "0.26.0",
      "dev": true,
      "requires": {
        "@aws-cdk/cloudformation-diff": "^0.26.0",
        "@aws-cdk/cx-api": "^0.26.0",
        "aws-cdk": "^0.26.0",
        "yargs": "^9.0.1"
      }
    },
    "cfn2ts": {
      "version": "0.26.0",
      "dev": true,
      "requires": {
        "@aws-cdk/cfnspec": "^0.26.0",
        "codemaker": "^0.6.4",
        "fast-json-patch": "^2.0.6",
        "fs-extra": "^7.0.0",
        "yargs": "^9.0.1"
      }
    },
    "pkglint": {
      "version": "0.26.0",
      "dev": true,
      "requires": {
        "case": "^1.5.5",
        "colors": "^1.3.2",
        "fs-extra": "^7.0.0",
        "semver": "^5.6.0",
        "yargs": "^9.0.1"
      }
    }
  }
}
