{
  "name": "@aws-cdk/aws-elasticloadbalancingv2",
  "version": "0.29.0",
  "lockfileVersion": 1,
  "requires": true,
  "dependencies": {
    "@aws-cdk/assert": {
      "version": "0.29.0",
      "dev": true,
      "requires": {
        "@aws-cdk/cdk": "^0.29.0",
        "@aws-cdk/cloudformation-diff": "^0.29.0",
        "@aws-cdk/cx-api": "^0.29.0",
        "source-map-support": "^0.5.12"
      }
    },
    "@aws-cdk/assets": {
      "version": "0.29.0",
      "resolved": "https://registry.npmjs.org/@aws-cdk/assets/-/assets-0.29.0.tgz",
      "integrity": "sha512-OfAq/xxGd+Fh6nsXKpTrKzRfi9Q8lsTd5+PyLeuMyVAHE6mPGXi0qL93T4dtwErDEEXVlLWBiMFpvBztNKSgLw==",
      "requires": {
        "@aws-cdk/aws-iam": "^0.29.0",
        "@aws-cdk/aws-s3": "^0.29.0",
        "@aws-cdk/cdk": "^0.29.0",
        "@aws-cdk/cx-api": "^0.29.0",
        "minimatch": "^3.0.4"
      },
      "dependencies": {
        "@aws-cdk/cx-api": {
          "version": "0.29.0",
          "resolved": "https://registry.npmjs.org/@aws-cdk/cx-api/-/cx-api-0.29.0.tgz",
          "integrity": "sha512-SnktMmv4flwsGSJmfDJzqD23K/U/UzCCrJkShZX7Etqdm0SiI1aS5PlkDq4iHEy42bIRlyIOhqavKCkTMWt9fg=="
        },
        "balanced-match": {
          "version": "1.0.0",
          "bundled": true
        },
        "brace-expansion": {
          "version": "1.1.11",
          "bundled": true,
          "requires": {
            "balanced-match": "^1.0.0",
            "concat-map": "0.0.1"
          }
        },
        "concat-map": {
          "version": "0.0.1",
          "bundled": true
        },
        "minimatch": {
          "version": "3.0.4",
          "bundled": true,
          "requires": {
            "brace-expansion": "^1.1.7"
          }
        }
      }
    },
    "@aws-cdk/aws-autoscaling-api": {
      "version": "0.29.0",
      "resolved": "https://registry.npmjs.org/@aws-cdk/aws-autoscaling-api/-/aws-autoscaling-api-0.29.0.tgz",
      "integrity": "sha512-9rwx90OJelKPPGuL9OY/fs8AijKfU+sC8hsaTZ9bc9AjiPeUCc8/d+jvaJbw7Gc0PV0l0HNC2zKo95pGt6Bqug==",
      "requires": {
        "@aws-cdk/aws-iam": "^0.29.0",
        "@aws-cdk/cdk": "^0.29.0"
      }
    },
    "@aws-cdk/aws-certificatemanager": {
      "version": "0.29.0",
      "resolved": "https://registry.npmjs.org/@aws-cdk/aws-certificatemanager/-/aws-certificatemanager-0.29.0.tgz",
      "integrity": "sha512-KUsCXq4Tf/Dpf9jH6cLhYl5bzHpxdXrG6gdIEjmjbHt9lqcRBXWclvn+ItyveBiBq81CB9czs+ypsBX5gbmi9Q==",
      "requires": {
        "@aws-cdk/aws-cloudformation": "^0.29.0",
        "@aws-cdk/aws-iam": "^0.29.0",
        "@aws-cdk/aws-lambda": "^0.29.0",
        "@aws-cdk/aws-route53": "^0.29.0",
        "@aws-cdk/cdk": "^0.29.0"
      }
    },
    "@aws-cdk/aws-cloudformation": {
      "version": "0.29.0",
      "resolved": "https://registry.npmjs.org/@aws-cdk/aws-cloudformation/-/aws-cloudformation-0.29.0.tgz",
      "integrity": "sha512-JwyqWMjmHstRZu1Zlih+Y+NvC5c8SVpybzcEmrAfwxa4e8fyzpCrWg+iJHhUZWXof/wQRD1ZsL/WUdVEwZfKJA==",
      "requires": {
        "@aws-cdk/aws-iam": "^0.29.0",
        "@aws-cdk/aws-lambda": "^0.29.0",
        "@aws-cdk/aws-sns": "^0.29.0",
        "@aws-cdk/cdk": "^0.29.0"
      }
    },
    "@aws-cdk/aws-cloudwatch": {
      "version": "0.29.0",
      "requires": {
        "@aws-cdk/aws-iam": "^0.29.0",
        "@aws-cdk/cdk": "^0.29.0"
      }
    }
    },
    "@aws-cdk/aws-ec2": {
      "version": "0.29.0",
      "requires": {
        "@aws-cdk/aws-cloudwatch": "^0.29.0",
        "@aws-cdk/aws-iam": "^0.29.0",
        "@aws-cdk/cdk": "^0.29.0",
        "@aws-cdk/cx-api": "^0.29.0"
      }
    },
    "@aws-cdk/aws-events": {
      "version": "0.29.0",
      "resolved": "https://registry.npmjs.org/@aws-cdk/aws-events/-/aws-events-0.29.0.tgz",
      "integrity": "sha512-97dzhbtA6MyL+wpnsCxZ7whhAqMtQYD5fx+bPZzE6NjRoZ/41F1Jk5Uz9maWiVhH+1pP1joY3svxy1ZpOxXOHQ==",
      "requires": {
        "@aws-cdk/aws-iam": "^0.29.0",
        "@aws-cdk/cdk": "^0.29.0"
      }
    },
    "@aws-cdk/aws-iam": {
      "version": "0.29.0",
      "requires": {
        "@aws-cdk/cdk": "^0.29.0",
        "@aws-cdk/region-info": "^0.29.0"
      }
    },
    "@aws-cdk/aws-kms": {
      "version": "0.29.0",
      "resolved": "https://registry.npmjs.org/@aws-cdk/aws-kms/-/aws-kms-0.29.0.tgz",
      "integrity": "sha512-3n711C5mVIm527gkZECiEFHDqJmd9vk/vJRFlGM/1tGA8esxsRATekJsLQOchDXrU22Hsr7MhSO23CHkxzbBPg==",
      "requires": {
        "@aws-cdk/aws-iam": "^0.29.0",
        "@aws-cdk/cdk": "^0.29.0"
      }
    },
    "@aws-cdk/aws-lambda": {
      "version": "0.29.0",
      "resolved": "https://registry.npmjs.org/@aws-cdk/aws-lambda/-/aws-lambda-0.29.0.tgz",
      "integrity": "sha512-7kYZ501H3JCpJ0fbrWED3z/kqyqK2zS8cy9GmbSolXZKtUmkppWArGMXpUiCJAkwVdAj7i+3dMznzLtWus/nZA==",
      "requires": {
        "@aws-cdk/assets": "^0.29.0",
        "@aws-cdk/aws-cloudwatch": "^0.29.0",
        "@aws-cdk/aws-ec2": "^0.29.0",
        "@aws-cdk/aws-events": "^0.29.0",
        "@aws-cdk/aws-iam": "^0.29.0",
        "@aws-cdk/aws-logs": "^0.29.0",
        "@aws-cdk/aws-s3": "^0.29.0",
        "@aws-cdk/aws-s3-notifications": "^0.29.0",
        "@aws-cdk/aws-sqs": "^0.29.0",
        "@aws-cdk/aws-stepfunctions": "^0.29.0",
        "@aws-cdk/cdk": "^0.29.0",
        "@aws-cdk/cx-api": "^0.29.0"
      },
      "dependencies": {
        "@aws-cdk/cx-api": {
          "version": "0.29.0",
          "resolved": "https://registry.npmjs.org/@aws-cdk/cx-api/-/cx-api-0.29.0.tgz",
          "integrity": "sha512-SnktMmv4flwsGSJmfDJzqD23K/U/UzCCrJkShZX7Etqdm0SiI1aS5PlkDq4iHEy42bIRlyIOhqavKCkTMWt9fg=="
        }
      }
    },
    "@aws-cdk/aws-logs": {
      "version": "0.29.0",
      "resolved": "https://registry.npmjs.org/@aws-cdk/aws-logs/-/aws-logs-0.29.0.tgz",
      "integrity": "sha512-q+UzWt9yZs3Nzcz2+YNpBEf3/cpjzMV7iBTer212RtTW3FGsKv0gX4uhAMl9qFZZFve0Zfrw4XI6RLeZW/Ujsg==",
      "requires": {
        "@aws-cdk/aws-cloudwatch": "^0.29.0",
        "@aws-cdk/aws-iam": "^0.29.0",
        "@aws-cdk/cdk": "^0.29.0"
      }
    },
    "@aws-cdk/aws-route53": {
      "version": "0.29.0",
      "requires": {
        "@aws-cdk/aws-ec2": "^0.29.0",
        "@aws-cdk/aws-logs": "^0.29.0",
        "@aws-cdk/cdk": "^0.29.0",
        "@aws-cdk/cx-api": "^0.29.0"
      }
    },
    "@aws-cdk/aws-s3": {
      "version": "0.29.0",
      "requires": {
        "@aws-cdk/aws-events": "^0.29.0",
        "@aws-cdk/aws-iam": "^0.29.0",
        "@aws-cdk/aws-kms": "^0.29.0",
        "@aws-cdk/aws-s3-notifications": "^0.29.0",
        "@aws-cdk/cdk": "^0.29.0"
      }
    },
    "@aws-cdk/aws-s3-notifications": {
      "version": "0.29.0",
      "resolved": "https://registry.npmjs.org/@aws-cdk/aws-s3-notifications/-/aws-s3-notifications-0.29.0.tgz",
      "integrity": "sha512-Hdx+89vYcRxCVioarogYs2BIB9tvfsTC035gZwzMeUCj3evyRTfTs63LdM4edb/nkpQj609XKIKzkf3oWBHMIQ==",
      "requires": {
        "@aws-cdk/cdk": "^0.29.0"
      }
    },
    "@aws-cdk/aws-sns": {
      "version": "0.29.0",
      "resolved": "https://registry.npmjs.org/@aws-cdk/aws-sns/-/aws-sns-0.29.0.tgz",
      "integrity": "sha512-HyChJcZCxKxICdbqqUewJQVemH7lTZ+hY/x72bCIBA92aMOt8qzKEz3AmQC9k6sRCMPPUTsYiqty3R5dZ0+UAw==",
      "requires": {
        "@aws-cdk/aws-autoscaling-api": "^0.29.0",
        "@aws-cdk/aws-cloudwatch": "^0.29.0",
        "@aws-cdk/aws-events": "^0.29.0",
        "@aws-cdk/aws-iam": "^0.29.0",
        "@aws-cdk/aws-lambda": "^0.29.0",
        "@aws-cdk/aws-s3-notifications": "^0.29.0",
        "@aws-cdk/aws-sqs": "^0.29.0",
        "@aws-cdk/cdk": "^0.29.0"
      }
    },
    "@aws-cdk/aws-sqs": {
      "version": "0.29.0",
      "resolved": "https://registry.npmjs.org/@aws-cdk/aws-sqs/-/aws-sqs-0.29.0.tgz",
      "integrity": "sha512-LLtcD1N8nm+rQNPQ3T5vmUUI+AzRG/Dz8pxe6q1iUw7R66powQDybMV/xWS1vjdkeFkbamdrk3EH4fgEO0rauQ==",
      "requires": {
        "@aws-cdk/aws-autoscaling-api": "^0.29.0",
        "@aws-cdk/aws-cloudwatch": "^0.29.0",
        "@aws-cdk/aws-iam": "^0.29.0",
        "@aws-cdk/aws-kms": "^0.29.0",
        "@aws-cdk/aws-s3-notifications": "^0.29.0",
        "@aws-cdk/cdk": "^0.29.0"
      }
    },
    "@aws-cdk/aws-stepfunctions": {
      "version": "0.29.0",
      "resolved": "https://registry.npmjs.org/@aws-cdk/aws-stepfunctions/-/aws-stepfunctions-0.29.0.tgz",
      "integrity": "sha512-8SQkKn2aPTDHqZo4jyuKQVMMmkb+jut8XSFZje7hRa4FDGqVmbYQb9lMyTEqSwZFb+UTmPiCKn82mNUlKtcx7w==",
      "requires": {
        "@aws-cdk/aws-cloudwatch": "^0.29.0",
        "@aws-cdk/aws-events": "^0.29.0",
        "@aws-cdk/aws-iam": "^0.29.0",
        "@aws-cdk/cdk": "^0.29.0"
      }
    },
    "@aws-cdk/cdk": {
      "version": "0.29.0",
      "requires": {
        "@aws-cdk/cx-api": "^0.29.0"
      }
    },
    "cdk-build-tools": {
      "version": "0.29.0",
      "dev": true,
      "requires": {
        "awslint": "^0.29.0",
        "fs-extra": "^7.0.1",
        "jest": "^24.7.1",
        "jsii": "^0.10.3",
        "jsii-pacmak": "^0.10.3",
        "nodeunit": "^0.11.3",
        "nyc": "^14.0.0",
        "pkglint": "^0.29.0",
        "ts-jest": "^24.0.2",
        "tslint": "^5.16.0",
        "typescript": "^3.4.3",
        "yargs": "^13.2.2"
      }
    },
    "cdk-integ-tools": {
      "version": "0.29.0",
      "dev": true,
      "requires": {
        "@aws-cdk/cloudformation-diff": "^0.29.0",
        "@aws-cdk/cx-api": "^0.29.0",
        "aws-cdk": "^0.29.0",
        "yargs": "^13.2.2"
      }
    },
    "cfn2ts": {
      "version": "0.29.0",
      "dev": true,
      "requires": {
        "@aws-cdk/cfnspec": "^0.29.0",
        "codemaker": "^0.10.0",
        "fast-json-patch": "^2.1.0",
        "fs-extra": "^7.0.1",
        "yargs": "^13.2.2"
      }
    },
    "pkglint": {
      "version": "0.29.0",
      "dev": true,
      "requires": {
        "case": "^1.6.1",
        "colors": "^1.3.3",
        "fs-extra": "^7.0.1",
        "semver": "^6.0.0",
        "yargs": "^13.2.2"
      }
    }
  }
}
