{
  "name": "@aws-cdk/aws-codecommit",
  "version": "0.9.2",
  "lockfileVersion": 1,
  "requires": true,
  "dependencies": {
    "@aws-cdk/assert": {
      "version": "0.9.2",
      "resolved": "https://registry.npmjs.org/@aws-cdk/assert/-/assert-0.9.2.tgz",
      "integrity": "sha512-jYF+Ic02hp/z4t3xc6+Y+vjUwMMm6v3rYZWK4Of2cKXl0PaFUUZFD5VVUb1RJWWl3Pxr3CYkEzSmrAd83MyZ/Q==",
      "dev": true,
      "requires": {
        "@aws-cdk/cdk": "^0.9.2",
        "@aws-cdk/cloudformation-diff": "^0.9.2",
        "@aws-cdk/cx-api": "^0.9.2",
        "source-map-support": "^0.5.6"
      }
    },
    "@aws-cdk/assets": {
      "version": "0.9.2",
      "resolved": "https://registry.npmjs.org/@aws-cdk/assets/-/assets-0.9.2.tgz",
      "integrity": "sha512-W19EklhftoeddmzNpStw+2uweiGnpncjvjic41Jb2gGG/Og25VnIz8hhjmXkK/es1ZjsxCWRTYLov3+3FMDHGA==",
      "dev": true,
      "requires": {
        "@aws-cdk/aws-iam": "^0.9.2",
        "@aws-cdk/aws-s3": "^0.9.2",
        "@aws-cdk/cdk": "^0.9.2",
        "@aws-cdk/cx-api": "^0.9.2"
      }
    },
    "@aws-cdk/aws-cloudwatch": {
      "version": "0.9.2",
      "resolved": "https://registry.npmjs.org/@aws-cdk/aws-cloudwatch/-/aws-cloudwatch-0.9.2.tgz",
      "integrity": "sha512-3miP/R5KUvmKLqs28cjO10T2qeVXJrGx39i8ObuwYLul0v4pWhRQKc+sk+ugsOFXLufj8YpoNF+kOa37PXm+rA==",
      "dev": true,
      "requires": {
        "@aws-cdk/aws-iam": "^0.9.2",
        "@aws-cdk/cdk": "^0.9.2"
      }
    },
    "@aws-cdk/aws-codepipeline-api": {
      "version": "0.9.2",
      "resolved": "https://registry.npmjs.org/@aws-cdk/aws-codepipeline-api/-/aws-codepipeline-api-0.9.2.tgz",
      "integrity": "sha512-TnIFI/t/gPjPlvd0OKZQ7Tont+qTggepp/rov7QSoESRtw9mSanenpgrSokjU3rQ6zM7axb4w1XAzvHoHX/3IA==",
      "requires": {
        "@aws-cdk/aws-events": "^0.9.2",
        "@aws-cdk/aws-iam": "^0.9.2",
        "@aws-cdk/cdk": "^0.9.2",
        "@aws-cdk/util": "^0.9.2"
      }
    },
    "@aws-cdk/aws-ec2": {
      "version": "0.9.2",
      "resolved": "https://registry.npmjs.org/@aws-cdk/aws-ec2/-/aws-ec2-0.9.2.tgz",
      "integrity": "sha512-Lf3dJEP0JJjHwNu1+Eh+kktY92Pv+SIQZAQUiCWR5Lxrf9J6EmwWAzc8cBYSXIE6inZDZOxAledHGmH+uZMvMg==",
      "dev": true,
      "requires": {
        "@aws-cdk/aws-iam": "^0.9.2",
        "@aws-cdk/cdk": "^0.9.2",
        "@aws-cdk/util": "^0.9.2"
      }
    },
    "@aws-cdk/aws-events": {
      "version": "0.9.2",
      "resolved": "https://registry.npmjs.org/@aws-cdk/aws-events/-/aws-events-0.9.2.tgz",
      "integrity": "sha512-aArU82rPSZ0qj5DXj+Sjrr1ywNx31XsbA9g959x723vXyEGNw+vep1UdZb2fG4LonDlCI6BSbqHrG46kpaB0Rg==",
      "requires": {
        "@aws-cdk/aws-iam": "^0.9.2",
        "@aws-cdk/cdk": "^0.9.2",
        "@aws-cdk/util": "^0.9.2"
      }
    },
    "@aws-cdk/aws-iam": {
      "version": "0.9.2",
      "resolved": "https://registry.npmjs.org/@aws-cdk/aws-iam/-/aws-iam-0.9.2.tgz",
      "integrity": "sha512-rR461lMOp/9xYzOX5LFKnISm3resEbcd6LUsr+USnw5sNx60WYDSqn+3OSiAJsKJStoGnr4tPPUe5Cu1KJAodA==",
      "requires": {
        "@aws-cdk/cdk": "^0.9.2"
      }
    },
    "@aws-cdk/aws-kms": {
      "version": "0.9.2",
      "resolved": "https://registry.npmjs.org/@aws-cdk/aws-kms/-/aws-kms-0.9.2.tgz",
      "integrity": "sha512-B1Lcyl1pUweZtUWL9V5GURFrm+9cCCghoy/c3S2JZFlzce16QDxXwkye5r6yvKTWp//BT32zje1v0u+SpAMfcQ==",
      "dev": true,
      "requires": {
        "@aws-cdk/aws-iam": "^0.9.2",
        "@aws-cdk/cdk": "^0.9.2"
      }
    },
    "@aws-cdk/aws-lambda": {
      "version": "0.9.2",
      "resolved": "https://registry.npmjs.org/@aws-cdk/aws-lambda/-/aws-lambda-0.9.2.tgz",
      "integrity": "sha512-ZGgG4zD7Ws0xdcJv0s+0WWgBjIdYVzY4wvbxfHX6BAsVkxyBSHdTNb4Fm293WBzu/peMnr1J8PKQfL9OHB9u7w==",
      "dev": true,
      "requires": {
        "@aws-cdk/assets": "^0.9.2",
        "@aws-cdk/aws-cloudwatch": "^0.9.2",
        "@aws-cdk/aws-codepipeline-api": "^0.9.2",
        "@aws-cdk/aws-ec2": "^0.9.2",
        "@aws-cdk/aws-events": "^0.9.2",
        "@aws-cdk/aws-iam": "^0.9.2",
        "@aws-cdk/aws-logs": "^0.9.2",
        "@aws-cdk/aws-s3": "^0.9.2",
        "@aws-cdk/aws-s3-notifications": "^0.9.2",
        "@aws-cdk/aws-sqs": "^0.9.2",
        "@aws-cdk/cdk": "^0.9.2",
        "@aws-cdk/cx-api": "^0.9.2"
      }
    },
    "@aws-cdk/aws-logs": {
      "version": "0.9.2",
      "resolved": "https://registry.npmjs.org/@aws-cdk/aws-logs/-/aws-logs-0.9.2.tgz",
      "integrity": "sha512-QuwVEcK7QUPpmSole1/+KAH80SjcC4Fc8IhKkyVe5n/iLsQMl7fSGeV+V3eQpTuxt+fBVIAn8jN8iuALmNwugQ==",
      "dev": true,
      "requires": {
        "@aws-cdk/aws-iam": "^0.9.2",
        "@aws-cdk/cdk": "^0.9.2"
      }
    },
    "@aws-cdk/aws-s3": {
      "version": "0.9.2",
      "resolved": "https://registry.npmjs.org/@aws-cdk/aws-s3/-/aws-s3-0.9.2.tgz",
      "integrity": "sha512-fucIIoeizkZ9kzFN2q3KcEcCMA5HkymjK4sxN7Dt9C7b9lHXLLz+4tYZqHzCFZkg82be+ZVy/ynm6u6FMHa9Tw==",
      "dev": true,
      "requires": {
        "@aws-cdk/aws-codepipeline-api": "^0.9.2",
        "@aws-cdk/aws-iam": "^0.9.2",
        "@aws-cdk/aws-kms": "^0.9.2",
        "@aws-cdk/aws-s3-notifications": "^0.9.2",
        "@aws-cdk/cdk": "^0.9.2"
      }
    },
    "@aws-cdk/aws-s3-notifications": {
      "version": "0.9.2",
      "resolved": "https://registry.npmjs.org/@aws-cdk/aws-s3-notifications/-/aws-s3-notifications-0.9.2.tgz",
      "integrity": "sha512-9nljm0HqPJCRCUuAt4Evf9baZF27jROy3PiltB++blYvyU5YdNuSaS2JsUt+cZOksYJwA8b/Gggj5/hcbSEE2A==",
      "dev": true,
      "requires": {
        "@aws-cdk/cdk": "^0.9.2"
      }
    },
    "@aws-cdk/aws-sns": {
      "version": "0.9.2",
      "resolved": "https://registry.npmjs.org/@aws-cdk/aws-sns/-/aws-sns-0.9.2.tgz",
      "integrity": "sha512-HjRgomyplPFYkJt2RraTQLWSE5/3IbXwbqWbHh4wTGvD0mRwwEghbOod3JPlDN89v/GhuU9qnjO1iqSUf3lGkw==",
      "dev": true,
      "requires": {
        "@aws-cdk/aws-cloudwatch": "^0.9.2",
        "@aws-cdk/aws-events": "^0.9.2",
        "@aws-cdk/aws-iam": "^0.9.2",
        "@aws-cdk/aws-lambda": "^0.9.2",
        "@aws-cdk/aws-s3-notifications": "^0.9.2",
        "@aws-cdk/aws-sqs": "^0.9.2",
        "@aws-cdk/cdk": "^0.9.2"
      }
    },
    "@aws-cdk/aws-sqs": {
      "version": "0.9.2",
      "resolved": "https://registry.npmjs.org/@aws-cdk/aws-sqs/-/aws-sqs-0.9.2.tgz",
      "integrity": "sha512-A9+IcmHP5E3Ecqonoso5oUa3fZCs0N/UHPqfs1DmXKZ4mksf0hb3/xqXgdVkBww2F4mYVKisEEYYHU3B4ikF8Q==",
      "dev": true,
      "requires": {
        "@aws-cdk/aws-kms": "^0.9.2",
        "@aws-cdk/aws-s3-notifications": "^0.9.2",
        "@aws-cdk/cdk": "^0.9.2"
      }
    },
    "@aws-cdk/cdk": {
      "version": "0.9.2",
      "resolved": "https://registry.npmjs.org/@aws-cdk/cdk/-/cdk-0.9.2.tgz",
      "integrity": "sha512-wpjo1sCKnC790Kq5xnDo/6RCu1lmoxfhMEf0bxRCCz4p58WAt4nDNFaPlGtaRHXHLViUEtaBKZfybGpNB+LjAQ==",
      "requires": {
        "@aws-cdk/cx-api": "^0.9.2",
        "js-base64": "^2.4.5",
        "json-diff": "^0.3.1"
      },
      "dependencies": {
        "cli-color": {
          "version": "0.1.7",
          "bundled": true,
          "requires": {
            "es5-ext": "0.8.x"
          }
        },
        "difflib": {
          "version": "0.2.4",
          "bundled": true,
          "requires": {
            "heap": ">= 0.2.0"
          }
        },
        "dreamopt": {
          "version": "0.6.0",
          "bundled": true,
          "requires": {
            "wordwrap": ">=0.0.2"
          }
        },
        "es5-ext": {
          "version": "0.8.2",
          "bundled": true
        },
        "heap": {
          "version": "0.2.6",
          "bundled": true
        },
        "js-base64": {
          "version": "2.4.9",
          "bundled": true
        },
        "json-diff": {
          "version": "0.3.1",
          "bundled": true,
          "requires": {
            "cli-color": "~0.1.6",
            "difflib": "~0.2.1",
            "dreamopt": "~0.6.0"
          }
        },
        "wordwrap": {
          "version": "1.0.0",
          "bundled": true
        }
      }
    },
    "@aws-cdk/cfnspec": {
      "version": "0.9.2",
      "resolved": "https://registry.npmjs.org/@aws-cdk/cfnspec/-/cfnspec-0.9.2.tgz",
      "integrity": "sha512-cibMZ/GU4c8eRxd59pCifEsY6oTPiyxMJpoPa8/JLtsFAYVZ3ei3NqGPdOnYs7bO4ieOYQmWnSmUWxziLnjcVA==",
      "dev": true,
      "requires": {
        "md5": "^2.2.1"
      }
    },
    "@aws-cdk/cloudformation-diff": {
      "version": "0.9.2",
      "resolved": "https://registry.npmjs.org/@aws-cdk/cloudformation-diff/-/cloudformation-diff-0.9.2.tgz",
      "integrity": "sha512-c+b7UqbiGTt//Stn6VS2EHYzTMC6BRK5rTGzhKpu14WgODCXrArrCUEhqO1bedn8S7PNMOQ+9UXlp/CMHO1JVw==",
      "dev": true,
      "requires": {
        "@aws-cdk/cfnspec": "^0.9.2",
        "colors": "^1.2.1",
        "source-map-support": "^0.5.6"
      }
    },
    "@aws-cdk/cx-api": {
      "version": "0.9.2",
      "resolved": "https://registry.npmjs.org/@aws-cdk/cx-api/-/cx-api-0.9.2.tgz",
      "integrity": "sha512-c3C8wsPJsmNb9ff7fJKKx1f4B4e+nj5vF7hdvp9NCcf3fvAYumPEd+iLm1LIVRsoqawSKgVaIcKosD4qmff7Hw=="
    },
    "@aws-cdk/util": {
      "version": "0.9.2",
      "resolved": "https://registry.npmjs.org/@aws-cdk/util/-/util-0.9.2.tgz",
      "integrity": "sha512-QZnExNbJ5sUfJSem+ArVS4dNVnK2kyHcQQbJUXIIfmiQoPbZp6jtP56v+oNTsi2fsm5Mqiy1HfLUSNqjfbMmhQ=="
    },
    "aws-sdk": {
      "version": "2.312.0",
      "resolved": "https://registry.npmjs.org/aws-sdk/-/aws-sdk-2.312.0.tgz",
      "integrity": "sha512-Nw8a/wtqt13zxq+fdRFeNdGzeiJaG6rIdJoonh4JafL69uE9QlNRgHz+oO/coVw8apS14qVkS/nSSX+6nuMSQw==",
      "dev": true,
      "requires": {
        "buffer": "4.9.1",
        "events": "1.1.1",
        "ieee754": "1.1.8",
        "jmespath": "0.15.0",
        "querystring": "0.2.0",
        "sax": "1.2.1",
        "url": "0.10.3",
        "uuid": "3.1.0",
        "xml2js": "0.4.19"
      }
    },
    "base64-js": {
      "version": "1.3.0",
      "resolved": "https://registry.npmjs.org/base64-js/-/base64-js-1.3.0.tgz",
      "integrity": "sha512-ccav/yGvoa80BQDljCxsmmQ3Xvx60/UpBIij5QN21W3wBi/hhIC9OoO+KLpu9IJTS9j4DRVJ3aDDF9cMSoa2lw==",
      "dev": true
    },
    "buffer": {
      "version": "4.9.1",
      "resolved": "http://registry.npmjs.org/buffer/-/buffer-4.9.1.tgz",
      "integrity": "sha1-bRu2AbB6TvztlwlBMgkwJ8lbwpg=",
      "dev": true,
      "requires": {
        "base64-js": "^1.0.2",
        "ieee754": "^1.1.4",
        "isarray": "^1.0.0"
      }
    },
    "buffer-from": {
      "version": "1.1.1",
      "resolved": "https://registry.npmjs.org/buffer-from/-/buffer-from-1.1.1.tgz",
      "integrity": "sha512-MQcXEUbCKtEo7bhqEs6560Hyd4XaovZlO/k9V3hjVUF/zwW7KBVdSK4gIt/bzwS9MbR5qob+F5jusZsb0YQK2A==",
      "dev": true
    },
    "charenc": {
      "version": "0.0.2",
      "resolved": "https://registry.npmjs.org/charenc/-/charenc-0.0.2.tgz",
      "integrity": "sha1-wKHS86cJLgN3S/qD8UwPxXkKhmc=",
      "dev": true
    },
    "colors": {
      "version": "1.3.2",
      "resolved": "https://registry.npmjs.org/colors/-/colors-1.3.2.tgz",
      "integrity": "sha512-rhP0JSBGYvpcNQj4s5AdShMeE5ahMop96cTeDl/v9qQQm2fYClE2QXZRi8wLzc+GmXSxdIqqbOIAhyObEXDbfQ==",
      "dev": true
    },
    "crypt": {
      "version": "0.0.2",
      "resolved": "https://registry.npmjs.org/crypt/-/crypt-0.0.2.tgz",
      "integrity": "sha1-iNf/fsDfuG9xPch7u0LQRNPmxBs=",
      "dev": true
    },
    "events": {
      "version": "1.1.1",
      "resolved": "https://registry.npmjs.org/events/-/events-1.1.1.tgz",
      "integrity": "sha1-nr23Y1rQmccNzEwqH1AEKI6L2SQ=",
      "dev": true
    },
    "ieee754": {
      "version": "1.1.8",
      "resolved": "https://registry.npmjs.org/ieee754/-/ieee754-1.1.8.tgz",
      "integrity": "sha1-vjPUCsEO8ZJnAfbwii2G+/0a0+Q=",
      "dev": true
    },
    "is-buffer": {
      "version": "1.1.6",
      "resolved": "https://registry.npmjs.org/is-buffer/-/is-buffer-1.1.6.tgz",
      "integrity": "sha512-NcdALwpXkTm5Zvvbk7owOUSvVvBKDgKP5/ewfXEznmQFfs4ZRmanOeKBTjRVjka3QFoN6XJ+9F3USqfHqTaU5w==",
      "dev": true
    },
    "isarray": {
      "version": "1.0.0",
      "resolved": "https://registry.npmjs.org/isarray/-/isarray-1.0.0.tgz",
      "integrity": "sha1-u5NdSFgsuhaMBoNJV6VKPgcSTxE=",
      "dev": true
    },
    "jmespath": {
      "version": "0.15.0",
      "resolved": "https://registry.npmjs.org/jmespath/-/jmespath-0.15.0.tgz",
      "integrity": "sha1-o/Iiqarp+Wb10nx5ZRDigJF2Qhc=",
      "dev": true
    },
    "md5": {
      "version": "2.2.1",
      "resolved": "https://registry.npmjs.org/md5/-/md5-2.2.1.tgz",
      "integrity": "sha1-U6s41f48iJG6RlMp6iP6wFQBJvk=",
      "dev": true,
      "requires": {
        "charenc": "~0.0.1",
        "crypt": "~0.0.1",
        "is-buffer": "~1.1.1"
      }
    },
    "punycode": {
      "version": "1.3.2",
      "resolved": "https://registry.npmjs.org/punycode/-/punycode-1.3.2.tgz",
      "integrity": "sha1-llOgNvt8HuQjQvIyXM7v6jkmxI0=",
      "dev": true
    },
    "querystring": {
      "version": "0.2.0",
      "resolved": "https://registry.npmjs.org/querystring/-/querystring-0.2.0.tgz",
      "integrity": "sha1-sgmEkgO7Jd+CDadW50cAWHhSFiA=",
      "dev": true
    },
    "sax": {
      "version": "1.2.1",
      "resolved": "http://registry.npmjs.org/sax/-/sax-1.2.1.tgz",
      "integrity": "sha1-e45lYZCyKOgaZq6nSEgNgozS03o=",
      "dev": true
    },
    "source-map": {
      "version": "0.6.1",
      "resolved": "https://registry.npmjs.org/source-map/-/source-map-0.6.1.tgz",
      "integrity": "sha512-UjgapumWlbMhkBgzT7Ykc5YXUT46F0iKu8SGXq0bcwP5dz/h0Plj6enJqjz1Zbq2l5WaqYnrVbwWOWMyF3F47g==",
      "dev": true
    },
    "source-map-support": {
      "version": "0.5.9",
      "resolved": "https://registry.npmjs.org/source-map-support/-/source-map-support-0.5.9.tgz",
      "integrity": "sha512-gR6Rw4MvUlYy83vP0vxoVNzM6t8MUXqNuRsuBmBHQDu1Fh6X015FrLdgoDKcNdkwGubozq0P4N0Q37UyFVr1EA==",
      "dev": true,
      "requires": {
        "buffer-from": "^1.0.0",
        "source-map": "^0.6.0"
      }
    },
    "url": {
      "version": "0.10.3",
      "resolved": "https://registry.npmjs.org/url/-/url-0.10.3.tgz",
      "integrity": "sha1-Ah5NnHcF8hu/N9A861h2dAJ3TGQ=",
      "dev": true,
      "requires": {
        "punycode": "1.3.2",
        "querystring": "0.2.0"
      }
    },
    "uuid": {
      "version": "3.1.0",
      "resolved": "https://registry.npmjs.org/uuid/-/uuid-3.1.0.tgz",
      "integrity": "sha512-DIWtzUkw04M4k3bf1IcpS2tngXEL26YUD2M0tMDUpnUrz2hgzUBlD55a4FjdLGPvfHxS6uluGWvaVEqgBcVa+g==",
      "dev": true
    },
    "xml2js": {
      "version": "0.4.19",
      "resolved": "https://registry.npmjs.org/xml2js/-/xml2js-0.4.19.tgz",
      "integrity": "sha512-esZnJZJOiJR9wWKMyuvSE1y6Dq5LCuJanqhxslH2bxM6duahNZ+HMpCLhBQGZkbX6xRf8x1Y2eJlgt2q3qo49Q==",
      "dev": true,
      "requires": {
        "sax": ">=0.6.0",
        "xmlbuilder": "~9.0.1"
      }
    },
    "xmlbuilder": {
      "version": "9.0.7",
      "resolved": "https://registry.npmjs.org/xmlbuilder/-/xmlbuilder-9.0.7.tgz",
      "integrity": "sha1-Ey7mPS7FVlxVfiD0wi35rKaGsQ0=",
      "dev": true
    }
  }
}
