{
	"name": "@aws-cdk/aws-dynamodb-global",
	"version": "1.0.0",
	"lockfileVersion": 1,
	"requires": true,
	"dependencies": {
		"@aws-cdk/assert": {
			"version": "1.0.0",
			"dev": true,
			"requires": {
				"@aws-cdk/cloudformation-diff": "^1.0.0",
				"@aws-cdk/core": "^1.0.0",
				"@aws-cdk/cx-api": "^1.0.0",
				"jest": "^24.8.0",
				"source-map-support": "^0.5.12"
			}
		},
		"@aws-cdk/aws-cloudformation": {
			"version": "1.0.0",
			"requires": {
				"@aws-cdk/aws-iam": "^1.0.0",
				"@aws-cdk/aws-lambda": "^1.0.0",
				"@aws-cdk/aws-sns": "^1.0.0",
				"@aws-cdk/core": "^1.0.0"
			}
		},
		"@aws-cdk/aws-dynamodb": {
			"version": "1.0.0",
			"requires": {
				"@aws-cdk/aws-applicationautoscaling": "^1.0.0",
				"@aws-cdk/aws-iam": "^1.0.0",
				"@aws-cdk/core": "^1.0.0"
			}
		},
		"@aws-cdk/aws-iam": {
			"version": "1.0.0",
			"requires": {
				"@aws-cdk/core": "^1.0.0",
				"@aws-cdk/region-info": "^1.0.0"
			}
		},
		"@aws-cdk/aws-lambda": {
			"version": "1.0.0",
			"requires": {
				"@aws-cdk/aws-cloudwatch": "^1.0.0",
				"@aws-cdk/aws-ec2": "^1.0.0",
				"@aws-cdk/aws-events": "^1.0.0",
				"@aws-cdk/aws-iam": "^1.0.0",
				"@aws-cdk/aws-logs": "^1.0.0",
				"@aws-cdk/aws-s3": "^1.0.0",
				"@aws-cdk/aws-s3-assets": "^1.0.0",
				"@aws-cdk/aws-sqs": "^1.0.0",
				"@aws-cdk/core": "^1.0.0",
				"@aws-cdk/cx-api": "^1.0.0"
			}
		},
		"@aws-cdk/core": {
			"version": "1.0.0",
			"requires": {
				"@aws-cdk/cx-api": "^1.0.0"
			}
		},
		"cdk-build-tools": {
			"version": "file:../../../tools/cdk-build-tools",
			"dev": true,
			"requires": {
				"awslint": "file:../awslint",
				"colors": "^1.3.3",
				"fs-extra": "^8.0.1",
				"jest": "^24.8.0",
				"jsii": "^0.14.0",
				"jsii-pacmak": "^0.14.0",
				"nodeunit": "^0.11.3",
				"nyc": "^14.1.1",
				"ts-jest": "^24.0.2",
				"tslint": "^5.17.0",
				"typescript": "^3.5.2",
				"yargs": "^13.2.4"
			}
		},
		"cdk-integ-tools": {
			"version": "file:../../../tools/cdk-integ-tools",
			"dev": true,
			"requires": {
				"@aws-cdk/cloudformation-diff": "^1.0.0",
				"@aws-cdk/cx-api": "^1.0.0",
				"aws-cdk": "^1.0.0",
				"fs-extra": "^8.0.1",
				"yargs": "^13.2.4"
			}
		},
		"cfn2ts": {
			"version": "file:../../../tools/cfn2ts",
			"dev": true,
			"requires": {
				"@aws-cdk/cfnspec": "^1.0.0",
				"codemaker": "^0.11.3",
				"fast-json-patch": "^2.1.0",
				"fs-extra": "^8.0.1",
				"yargs": "^13.2.4"
			}
		},
		"pkglint": {
			"version": "file:../../../tools/pkglint",
			"dev": true,
			"requires": {
				"case": "^1.6.1",
				"colors": "^1.3.3",
				"fs-extra": "^8.0.1",
				"semver": "^6.1.1",
				"yargs": "^13.2.4"
			}
		}
	}
}
