{
	"name": "@aws-cdk/cfnspec",
	"version": "1.13.1",
	"lockfileVersion": 1,
	"requires": true,
	"dependencies": {
		"@types/fs-extra": {
			"version": "8.0.0",
			"resolved": "https://registry.npmjs.org/@types/fs-extra/-/fs-extra-8.0.0.tgz",
			"integrity": "sha512-bCtL5v9zdbQW86yexOlXWTEGvLNqWxMFyi7gQA7Gcthbezr2cPSOb8SkESVKA937QD5cIwOFLDFt0MQoXOEr9Q==",
			"dev": true,
			"requires": {
				"@types/node": "*"
			}
		},
		"@types/md5": {
			"version": "2.1.33",
			"resolved": "https://registry.npmjs.org/@types/md5/-/md5-2.1.33.tgz",
			"integrity": "sha512-8+X960EtKLoSblhauxLKy3zzotagjoj3Jt1Tx9oaxUdZEPIBl+mkrUz6PNKpzJgkrKSN9YgkWTA29c0KnLshmA==",
			"dev": true,
			"requires": {
				"@types/node": "*"
			}
		},
		"@types/node": {
			"version": "12.7.9",
			"resolved": "https://registry.npmjs.org/@types/node/-/node-12.7.9.tgz",
			"integrity": "sha512-P57oKTJ/vYivL2BCfxCC5tQjlS8qW31pbOL6qt99Yrjm95YdHgNZwjrTTjMBh+C2/y6PXIX4oz253+jUzxKKfQ==",
			"dev": true
		},
		"cdk-build-tools": {
			"version": "file:../../../tools/cdk-build-tools",
			"dev": true
		},
		"charenc": {
			"version": "0.0.2",
			"resolved": "https://registry.npmjs.org/charenc/-/charenc-0.0.2.tgz",
			"integrity": "sha1-wKHS86cJLgN3S/qD8UwPxXkKhmc="
		},
		"cli-color": {
			"version": "0.1.7",
			"resolved": "https://registry.npmjs.org/cli-color/-/cli-color-0.1.7.tgz",
			"integrity": "sha1-rcMgD6RxzCEbDaf1ZrcemLnWc0c=",
			"dev": true,
			"requires": {
				"es5-ext": "0.8.x"
			}
		},
		"crypt": {
			"version": "0.0.2",
			"resolved": "https://registry.npmjs.org/crypt/-/crypt-0.0.2.tgz",
			"integrity": "sha1-iNf/fsDfuG9xPch7u0LQRNPmxBs="
		},
		"detect-indent": {
			"version": "5.0.0",
			"resolved": "https://registry.npmjs.org/detect-indent/-/detect-indent-5.0.0.tgz",
			"integrity": "sha1-OHHMCmoALow+Wzz38zYmRnXwa50=",
			"dev": true
		},
		"detect-newline": {
			"version": "2.1.0",
			"resolved": "https://registry.npmjs.org/detect-newline/-/detect-newline-2.1.0.tgz",
			"integrity": "sha1-9B8cEL5LAOh7XxPaaAdZ8sW/0+I=",
			"dev": true
		},
		"difflib": {
			"version": "0.2.4",
			"resolved": "https://registry.npmjs.org/difflib/-/difflib-0.2.4.tgz",
			"integrity": "sha1-teMDYabbAjF21WKJLbhZQKcY9H4=",
			"dev": true,
			"requires": {
				"heap": ">= 0.2.0"
			}
		},
		"dreamopt": {
			"version": "0.6.0",
			"resolved": "https://registry.npmjs.org/dreamopt/-/dreamopt-0.6.0.tgz",
			"integrity": "sha1-2BPM2sjTnYrVJndVFKE92mZNa0s=",
			"dev": true,
			"requires": {
				"wordwrap": ">=0.0.2"
			}
		},
		"es5-ext": {
			"version": "0.8.2",
			"resolved": "https://registry.npmjs.org/es5-ext/-/es5-ext-0.8.2.tgz",
			"integrity": "sha1-q6jZ4ZQ6iVrJaDemKjmz9V7NlKs=",
			"dev": true
		},
		"fast-deep-equal": {
			"version": "2.0.1",
			"resolved": "https://registry.npmjs.org/fast-deep-equal/-/fast-deep-equal-2.0.1.tgz",
			"integrity": "sha1-ewUhjd+WZ79/Nwv3/bLLFf3Qqkk=",
			"dev": true
		},
		"fast-json-patch": {
			"version": "2.2.1",
			"resolved": "https://registry.npmjs.org/fast-json-patch/-/fast-json-patch-2.2.1.tgz",
			"integrity": "sha512-4j5uBaTnsYAV5ebkidvxiLUYOwjQ+JSFljeqfTxCrH9bDmlCQaOJFS84oDJ2rAXZq2yskmk3ORfoP9DCwqFNig==",
			"dev": true,
			"requires": {
				"fast-deep-equal": "^2.0.1"
			}
		},
		"fs-extra": {
			"version": "8.1.0",
			"resolved": "https://registry.npmjs.org/fs-extra/-/fs-extra-8.1.0.tgz",
			"integrity": "sha512-yhlQgA6mnOJUKOsRUFsgJdQCvkKhcz8tlZG5HBQfReYZy46OwLcY+Zia0mtdHsOo9y/hP+CxMN0TU9QxoOtG4g==",
			"dev": true,
			"requires": {
				"graceful-fs": "^4.2.0",
				"jsonfile": "^4.0.0",
				"universalify": "^0.1.0"
			}
		},
		"graceful-fs": {
			"version": "4.2.2",
			"resolved": "https://registry.npmjs.org/graceful-fs/-/graceful-fs-4.2.2.tgz",
			"integrity": "sha512-IItsdsea19BoLC7ELy13q1iJFNmd7ofZH5+X/pJr90/nRoPEX0DJo1dHDbgtYWOhJhcCgMDTOw84RZ72q6lB+Q==",
			"dev": true
		},
		"heap": {
			"version": "0.2.6",
			"resolved": "https://registry.npmjs.org/heap/-/heap-0.2.6.tgz",
			"integrity": "sha1-CH4fELBGky/IWU3Z5tN4r8nR5aw=",
			"dev": true
		},
		"is-buffer": {
			"version": "1.1.6",
			"resolved": "https://registry.npmjs.org/is-buffer/-/is-buffer-1.1.6.tgz",
			"integrity": "sha512-NcdALwpXkTm5Zvvbk7owOUSvVvBKDgKP5/ewfXEznmQFfs4ZRmanOeKBTjRVjka3QFoN6XJ+9F3USqfHqTaU5w=="
		},
		"json-diff": {
			"version": "0.5.4",
			"resolved": "https://registry.npmjs.org/json-diff/-/json-diff-0.5.4.tgz",
			"integrity": "sha512-q5Xmx9QXNOzOzIlMoYtLrLiu4Jl/Ce2bn0CNcv54PhyH89CI4GWlGVDye8ei2Ijt9R3U+vsWPsXpLUNob8bs8Q==",
			"dev": true,
			"requires": {
				"cli-color": "~0.1.6",
				"difflib": "~0.2.1",
				"dreamopt": "~0.6.0"
			}
		},
		"jsonfile": {
			"version": "4.0.0",
			"resolved": "https://registry.npmjs.org/jsonfile/-/jsonfile-4.0.0.tgz",
			"integrity": "sha1-h3Gq4HmbZAdrdmQPygWPnBDjPss=",
			"dev": true,
			"requires": {
				"graceful-fs": "^4.1.6"
			}
		},
		"md5": {
			"version": "2.2.1",
			"resolved": "https://registry.npmjs.org/md5/-/md5-2.2.1.tgz",
			"integrity": "sha1-U6s41f48iJG6RlMp6iP6wFQBJvk=",
			"requires": {
				"charenc": "~0.0.1",
				"crypt": "~0.0.1",
				"is-buffer": "~1.1.1"
			}
		},
		"minimist": {
			"version": "1.2.0",
			"resolved": "https://registry.npmjs.org/minimist/-/minimist-1.2.0.tgz",
			"integrity": "sha1-o1AIsg9BOD7sH7kU9M1d95omQoQ=",
			"dev": true
		},
		"pkglint": {
			"version": "file:../../../tools/pkglint",
			"dev": true
		},
		"sort-json": {
			"version": "2.0.0",
			"resolved": "https://registry.npmjs.org/sort-json/-/sort-json-2.0.0.tgz",
			"integrity": "sha512-OgXPErPJM/rBK5OhzIJ+etib/BmLQ1JY55Nb/ElhoWUec62pXNF/X6DrecHq3NW5OAGX0KxYD7m0HtgB9dvGeA==",
			"dev": true,
			"requires": {
				"detect-indent": "^5.0.0",
				"detect-newline": "^2.1.0",
				"minimist": "^1.2.0"
			}
		},
		"universalify": {
			"version": "0.1.2",
			"resolved": "https://registry.npmjs.org/universalify/-/universalify-0.1.2.tgz",
			"integrity": "sha512-rBJeI5CXAlmy1pV+617WB9J63U6XcazHHF2f2dbJix4XzpUF0RS3Zbj0FGIOCAva5P/d/GBOYaACQ1w+0azUkg==",
			"dev": true
		},
		"wordwrap": {
			"version": "1.0.0",
			"resolved": "https://registry.npmjs.org/wordwrap/-/wordwrap-1.0.0.tgz",
			"integrity": "sha1-J1hIEIkUVqQXHI0CJkQa3pDLyus=",
			"dev": true
		}
	}
}
