Microsoft Visual Studio Solution File, Format Version 12.00
# Visual Studio 15
VisualStudioVersion = 15.0.26124.0
MinimumVisualStudioVersion = 15.0.26124.0
Project("{9A19103F-16F7-4668-BE54-9A1E7A4F7556}") = "Amazon.CDK", "Amazon.CDK\Amazon.CDK.csproj", "{8261EB55-C60E-4F00-9524-697ABE8A0BE4}"
EndProject
Project("{9A19103F-16F7-4668-BE54-9A1E7A4F7556}") = "Amazon.CDK.AWS.APIGateway", "Amazon.CDK.AWS.APIGateway\Amazon.CDK.AWS.APIGateway.csproj", "{C0524637-82FA-4D8F-B6E7-BBAECC6AA2CA}"
EndProject
Project("{9A19103F-16F7-4668-BE54-9A1E7A4F7556}") = "Amazon.CDK.AWS.AppSync", "Amazon.CDK.AWS.AppSync\Amazon.CDK.AWS.AppSync.csproj", "{DFAEE617-F4B1-49BF-AAC2-33D0E0BC5A8B}"
EndProject
Project("{9A19103F-16F7-4668-BE54-9A1E7A4F7556}") = "Amazon.CDK.AWS.ApplicationAutoScaling", "Amazon.CDK.AWS.ApplicationAutoScaling\Amazon.CDK.AWS.ApplicationAutoScaling.csproj", "{12CFD817-7660-45C2-A238-0CEE9F953560}"
EndProject
Project("{9A19103F-16F7-4668-BE54-9A1E7A4F7556}") = "Amazon.CDK.AWS.Athena", "Amazon.CDK.AWS.Athena\Amazon.CDK.AWS.Athena.csproj", "{B61B7CDC-C0EC-4E2C-81BE-64993AF26DD4}"
EndProject
Project("{9A19103F-16F7-4668-BE54-9A1E7A4F7556}") = "Amazon.CDK.AWS.AutoScaling", "Amazon.CDK.AWS.AutoScaling\Amazon.CDK.AWS.AutoScaling.csproj", "{AE0DC5D6-250C-4A3E-8D34-B09D48D0F4F5}"
EndProject
Project("{9A19103F-16F7-4668-BE54-9A1E7A4F7556}") = "Amazon.CDK.AWS.AutoScalingPlans", "Amazon.CDK.AWS.AutoScalingPlans\Amazon.CDK.AWS.AutoScalingPlans.csproj", "{3ACEFB66-529F-44B0-97D8-7AF96F944213}"
EndProject
Project("{9A19103F-16F7-4668-BE54-9A1E7A4F7556}") = "Amazon.CDK.AWS.Batch", "Amazon.CDK.AWS.Batch\Amazon.CDK.AWS.Batch.csproj", "{7918702B-45D3-452C-A526-B8C4163B045B}"
EndProject
Project("{9A19103F-16F7-4668-BE54-9A1E7A4F7556}") = "Amazon.CDK.AWS.Budgets", "Amazon.CDK.AWS.Budgets\Amazon.CDK.AWS.Budgets.csproj", "{5E3BF68F-AD8C-43B2-B8B5-1439461675A2}"
EndProject
Project("{9A19103F-16F7-4668-BE54-9A1E7A4F7556}") = "Amazon.CDK.AWS.CertificateManager", "Amazon.CDK.AWS.CertificateManager\Amazon.CDK.AWS.CertificateManager.csproj", "{E0D1E088-0857-4BA2-B871-B055322E443E}"
EndProject
Project("{9A19103F-16F7-4668-BE54-9A1E7A4F7556}") = "Amazon.CDK.AWS.Cloud9", "Amazon.CDK.AWS.Cloud9\Amazon.CDK.AWS.Cloud9.csproj", "{406DFDDF-0307-48A3-B54B-CF9C6744858B}"
EndProject
Project("{9A19103F-16F7-4668-BE54-9A1E7A4F7556}") = "Amazon.CDK.AWS.CloudFormation", "Amazon.CDK.AWS.CloudFormation\Amazon.CDK.AWS.CloudFormation.csproj", "{CB3577AC-8819-41C5-8022-98173E305AE4}"
EndProject
Project("{9A19103F-16F7-4668-BE54-9A1E7A4F7556}") = "Amazon.CDK.AWS.CloudFront", "Amazon.CDK.AWS.CloudFront\Amazon.CDK.AWS.CloudFront.csproj", "{490ACF4A-1D8B-400B-9420-C85B5E1ABEC7}"
EndProject
Project("{9A19103F-16F7-4668-BE54-9A1E7A4F7556}") = "Amazon.CDK.AWS.CloudTrail", "Amazon.CDK.AWS.CloudTrail\Amazon.CDK.AWS.CloudTrail.csproj", "{EDEDCAE0-0BC9-4008-AC07-C7D77B27931A}"
EndProject
Project("{9A19103F-16F7-4668-BE54-9A1E7A4F7556}") = "Amazon.CDK.AWS.CloudWatch", "Amazon.CDK.AWS.CloudWatch\Amazon.CDK.AWS.CloudWatch.csproj", "{C9C4AE0A-0432-47F7-96FF-12E2F42E67F7}"
EndProject
Project("{9A19103F-16F7-4668-BE54-9A1E7A4F7556}") = "Amazon.CDK.AWS.CodeBuild", "Amazon.CDK.AWS.CodeBuild\Amazon.CDK.AWS.CodeBuild.csproj", "{E848101B-3882-4060-A0B5-98FEFEF662CE}"
EndProject
Project("{9A19103F-16F7-4668-BE54-9A1E7A4F7556}") = "Amazon.CDK.AWS.CodeCommit", "Amazon.CDK.AWS.CodeCommit\Amazon.CDK.AWS.CodeCommit.csproj", "{4B29F77E-4521-4A45-B1F0-32B956E2150B}"
EndProject
Project("{9A19103F-16F7-4668-BE54-9A1E7A4F7556}") = "Amazon.CDK.AWS.CodeDeploy", "Amazon.CDK.AWS.CodeDeploy\Amazon.CDK.AWS.CodeDeploy.csproj", "{DF243577-183D-49D1-AEC9-32D8C84191EF}"
EndProject
Project("{9A19103F-16F7-4668-BE54-9A1E7A4F7556}") = "Amazon.CDK.AWS.CodePipeline", "Amazon.CDK.AWS.CodePipeline\Amazon.CDK.AWS.CodePipeline.csproj", "{888EA3FA-DE72-4D6E-B93C-031FA4900B56}"
EndProject
Project("{9A19103F-16F7-4668-BE54-9A1E7A4F7556}") = "Amazon.CDK.AWS.Cognito", "Amazon.CDK.AWS.Cognito\Amazon.CDK.AWS.Cognito.csproj", "{33F90415-3570-4C47-9FB0-9AD3F29CF60A}"
EndProject
Project("{9A19103F-16F7-4668-BE54-9A1E7A4F7556}") = "Amazon.CDK.AWS.Config", "Amazon.CDK.AWS.Config\Amazon.CDK.AWS.Config.csproj", "{B650EF6C-6B38-4764-BC67-587BA0244E09}"
EndProject
Project("{9A19103F-16F7-4668-BE54-9A1E7A4F7556}") = "Amazon.CDK.AWS.DAX", "Amazon.CDK.AWS.DAX\Amazon.CDK.AWS.DAX.csproj", "{15FE5C9E-381F-4686-B904-5E505B34DE44}"
EndProject
Project("{9A19103F-16F7-4668-BE54-9A1E7A4F7556}") = "Amazon.CDK.AWS.DMS", "Amazon.CDK.AWS.DMS\Amazon.CDK.AWS.DMS.csproj", "{F360A520-89C4-40E1-9837-BF9AB146D27A}"
EndProject
Project("{9A19103F-16F7-4668-BE54-9A1E7A4F7556}") = "Amazon.CDK.AWS.DataPipeline", "Amazon.CDK.AWS.DataPipeline\Amazon.CDK.AWS.DataPipeline.csproj", "{8C5E1CDF-AA50-4901-996F-F980C60AA2A0}"
EndProject
Project("{9A19103F-16F7-4668-BE54-9A1E7A4F7556}") = "Amazon.CDK.AWS.DirectoryService", "Amazon.CDK.AWS.DirectoryService\Amazon.CDK.AWS.DirectoryService.csproj", "{68A38F21-F1FF-4A8A-8E20-724757DA1EA1}"
EndProject
Project("{9A19103F-16F7-4668-BE54-9A1E7A4F7556}") = "Amazon.CDK.AWS.DynamoDB", "Amazon.CDK.AWS.DynamoDB\Amazon.CDK.AWS.DynamoDB.csproj", "{349B518C-A743-4664-A0B6-91A28598EDBC}"
EndProject
Project("{9A19103F-16F7-4668-BE54-9A1E7A4F7556}") = "Amazon.CDK.AWS.EC2", "Amazon.CDK.AWS.EC2\Amazon.CDK.AWS.EC2.csproj", "{BAD1393C-4FA9-444D-A9CC-78EE3C374587}"
EndProject
Project("{9A19103F-16F7-4668-BE54-9A1E7A4F7556}") = "Amazon.CDK.AWS.ECR", "Amazon.CDK.AWS.ECR\Amazon.CDK.AWS.ECR.csproj", "{1FF9A19C-B5E5-4F8C-9B0C-645639C5B6A1}"
EndProject
Project("{9A19103F-16F7-4668-BE54-9A1E7A4F7556}") = "Amazon.CDK.AWS.ECS", "Amazon.CDK.AWS.ECS\Amazon.CDK.AWS.ECS.csproj", "{06D1BE5A-8496-4E18-953E-504182315434}"
EndProject
Project("{9A19103F-16F7-4668-BE54-9A1E7A4F7556}") = "Amazon.CDK.AWS.EFS", "Amazon.CDK.AWS.EFS\Amazon.CDK.AWS.EFS.csproj", "{9780C7A4-7B73-4131-BEE2-9B7B703F0035}"
EndProject
Project("{9A19103F-16F7-4668-BE54-9A1E7A4F7556}") = "Amazon.CDK.AWS.EKS", "Amazon.CDK.AWS.EKS\Amazon.CDK.AWS.EKS.csproj", "{4D2A2E35-5953-484F-B0D1-79F70EC61874}"
EndProject
Project("{9A19103F-16F7-4668-BE54-9A1E7A4F7556}") = "Amazon.CDK.AWS.EMR", "Amazon.CDK.AWS.EMR\Amazon.CDK.AWS.EMR.csproj", "{61D1A079-86D0-4618-8788-08D544DBDDBA}"
EndProject
Project("{9A19103F-16F7-4668-BE54-9A1E7A4F7556}") = "Amazon.CDK.AWS.ElastiCache", "Amazon.CDK.AWS.ElastiCache\Amazon.CDK.AWS.ElastiCache.csproj", "{3B61F782-11D6-42C0-8939-8E6A3B10F0C2}"
EndProject
Project("{9A19103F-16F7-4668-BE54-9A1E7A4F7556}") = "Amazon.CDK.AWS.ElasticBeanstalk", "Amazon.CDK.AWS.ElasticBeanstalk\Amazon.CDK.AWS.ElasticBeanstalk.csproj", "{D720D942-F501-4A7A-BB03-9D16EC014C72}"
EndProject
Project("{9A19103F-16F7-4668-BE54-9A1E7A4F7556}") = "Amazon.CDK.AWS.ElasticLoadBalancing", "Amazon.CDK.AWS.ElasticLoadBalancing\Amazon.CDK.AWS.ElasticLoadBalancing.csproj", "{7CB4193C-A7B1-46F8-A64E-950207A5BEB3}"
EndProject
Project("{9A19103F-16F7-4668-BE54-9A1E7A4F7556}") = "Amazon.CDK.AWS.ElasticLoadBalancingV2", "Amazon.CDK.AWS.ElasticLoadBalancingV2\Amazon.CDK.AWS.ElasticLoadBalancingV2.csproj", "{2B26F414-F4D8-4DA8-A74A-EA62AC1EB3BE}"
EndProject
Project("{9A19103F-16F7-4668-BE54-9A1E7A4F7556}") = "Amazon.CDK.AWS.Elasticsearch", "Amazon.CDK.AWS.Elasticsearch\Amazon.CDK.AWS.Elasticsearch.csproj", "{9543F089-C16E-4214-8DCE-5451885638E1}"
EndProject
Project("{9A19103F-16F7-4668-BE54-9A1E7A4F7556}") = "Amazon.CDK.AWS.Events", "Amazon.CDK.AWS.Events\Amazon.CDK.AWS.Events.csproj", "{68E6D426-EFDF-4E17-A98C-6693BDA21211}"
EndProject
Project("{9A19103F-16F7-4668-BE54-9A1E7A4F7556}") = "Amazon.CDK.AWS.GameLift", "Amazon.CDK.AWS.GameLift\Amazon.CDK.AWS.GameLift.csproj", "{27C83A0A-E258-4C2A-94A8-25F7681C0876}"
EndProject
Project("{9A19103F-16F7-4668-BE54-9A1E7A4F7556}") = "Amazon.CDK.AWS.Glue", "Amazon.CDK.AWS.Glue\Amazon.CDK.AWS.Glue.csproj", "{DDA83B6A-D689-49AC-ABA0-8B3C64408D80}"
EndProject
Project("{9A19103F-16F7-4668-BE54-9A1E7A4F7556}") = "Amazon.CDK.AWS.GuardDuty", "Amazon.CDK.AWS.GuardDuty\Amazon.CDK.AWS.GuardDuty.csproj", "{08F88F87-D5E7-4C30-BD68-A31BD170AB0A}"
EndProject
Project("{9A19103F-16F7-4668-BE54-9A1E7A4F7556}") = "Amazon.CDK.AWS.IAM", "Amazon.CDK.AWS.IAM\Amazon.CDK.AWS.IAM.csproj", "{A9DD05EB-B3C7-4A1F-ACEB-FA51A787CF1C}"
EndProject
Project("{9A19103F-16F7-4668-BE54-9A1E7A4F7556}") = "Amazon.CDK.AWS.Inspector", "Amazon.CDK.AWS.Inspector\Amazon.CDK.AWS.Inspector.csproj", "{9A004B48-A289-4C0A-8545-8DE31D4AF3E4}"
EndProject
Project("{9A19103F-16F7-4668-BE54-9A1E7A4F7556}") = "Amazon.CDK.AWS.IoT", "Amazon.CDK.AWS.IoT\Amazon.CDK.AWS.IoT.csproj", "{F585BA17-8D6D-424F-939D-01819B3CE43E}"
EndProject
Project("{9A19103F-16F7-4668-BE54-9A1E7A4F7556}") = "Amazon.CDK.AWS.KMS", "Amazon.CDK.AWS.KMS\Amazon.CDK.AWS.KMS.csproj", "{F858644D-F832-48C0-BA74-E158DC5EE8E5}"
EndProject
Project("{9A19103F-16F7-4668-BE54-9A1E7A4F7556}") = "Amazon.CDK.AWS.Kinesis", "Amazon.CDK.AWS.Kinesis\Amazon.CDK.AWS.Kinesis.csproj", "{FB056168-1DDF-4386-9EAC-869B006F0DC3}"
EndProject
Project("{9A19103F-16F7-4668-BE54-9A1E7A4F7556}") = "Amazon.CDK.AWS.KinesisAnalytics", "Amazon.CDK.AWS.KinesisAnalytics\Amazon.CDK.AWS.KinesisAnalytics.csproj", "{31710228-1F07-4473-816D-E1A95A15229A}"
EndProject
Project("{9A19103F-16F7-4668-BE54-9A1E7A4F7556}") = "Amazon.CDK.AWS.KinesisFirehose", "Amazon.CDK.AWS.KinesisFirehose\Amazon.CDK.AWS.KinesisFirehose.csproj", "{7665F878-40F1-4626-AE41-359652E5DC84}"
EndProject
Project("{9A19103F-16F7-4668-BE54-9A1E7A4F7556}") = "Amazon.CDK.AWS.Lambda", "Amazon.CDK.AWS.Lambda\Amazon.CDK.AWS.Lambda.csproj", "{92675BDF-F06D-4DF9-A052-C386F6BD315F}"
EndProject
Project("{9A19103F-16F7-4668-BE54-9A1E7A4F7556}") = "Amazon.CDK.AWS.Logs", "Amazon.CDK.AWS.Logs\Amazon.CDK.AWS.Logs.csproj", "{BFBF4386-84E1-47F0-83DF-707832AC11D1}"
EndProject
Project("{9A19103F-16F7-4668-BE54-9A1E7A4F7556}") = "Amazon.CDK.AWS.Neptune", "Amazon.CDK.AWS.Neptune\Amazon.CDK.AWS.Neptune.csproj", "{8FDCE604-84D5-4C2D-88C8-84A92B2FD985}"
EndProject
Project("{9A19103F-16F7-4668-BE54-9A1E7A4F7556}") = "Amazon.CDK.AWS.OpsWorks", "Amazon.CDK.AWS.OpsWorks\Amazon.CDK.AWS.OpsWorks.csproj", "{C0B6D383-B8EC-4933-A0C7-F68F02A21D64}"
EndProject
Project("{9A19103F-16F7-4668-BE54-9A1E7A4F7556}") = "Amazon.CDK.AWS.QuickStarts", "Amazon.CDK.AWS.QuickStarts\Amazon.CDK.AWS.QuickStarts.csproj", "{A8934B0E-B8FC-4A01-82B9-B59D38982AA4}"
EndProject
Project("{9A19103F-16F7-4668-BE54-9A1E7A4F7556}") = "Amazon.CDK.AWS.RDS", "Amazon.CDK.AWS.RDS\Amazon.CDK.AWS.RDS.csproj", "{7D20089C-DCA0-42C5-80E3-07E968F635CD}"
EndProject
Project("{9A19103F-16F7-4668-BE54-9A1E7A4F7556}") = "Amazon.CDK.AWS.Redshift", "Amazon.CDK.AWS.Redshift\Amazon.CDK.AWS.Redshift.csproj", "{5F05DE83-2233-4816-BAC7-8F34F89B9E5E}"
EndProject
Project("{9A19103F-16F7-4668-BE54-9A1E7A4F7556}") = "Amazon.CDK.AWS.Route53", "Amazon.CDK.AWS.Route53\Amazon.CDK.AWS.Route53.csproj", "{2AC2BC17-BAD4-4B76-959A-48845CAB156E}"
EndProject
Project("{9A19103F-16F7-4668-BE54-9A1E7A4F7556}") = "Amazon.CDK.AWS.S3", "Amazon.CDK.AWS.S3\Amazon.CDK.AWS.S3.csproj", "{84493EE3-874B-4193-9477-AF5C6EB0D331}"
EndProject
Project("{9A19103F-16F7-4668-BE54-9A1E7A4F7556}") = "Amazon.CDK.AWS.SDB", "Amazon.CDK.AWS.SDB\Amazon.CDK.AWS.SDB.csproj", "{E66E2004-5F60-431C-B061-1FD380D08E5B}"
EndProject
Project("{9A19103F-16F7-4668-BE54-9A1E7A4F7556}") = "Amazon.CDK.AWS.SES", "Amazon.CDK.AWS.SES\Amazon.CDK.AWS.SES.csproj", "{55314FB6-A4D1-401F-9D11-59CE8A0A4610}"
EndProject
Project("{9A19103F-16F7-4668-BE54-9A1E7A4F7556}") = "Amazon.CDK.AWS.SNS", "Amazon.CDK.AWS.SNS\Amazon.CDK.AWS.SNS.csproj", "{41FCEE81-8BBB-4705-A1FE-5B9D8CC7B301}"
EndProject
Project("{9A19103F-16F7-4668-BE54-9A1E7A4F7556}") = "Amazon.CDK.AWS.SQS", "Amazon.CDK.AWS.SQS\Amazon.CDK.AWS.SQS.csproj", "{BFA71AA2-07D7-4A62-A61A-F5900DAEFF42}"
EndProject
Project("{9A19103F-16F7-4668-BE54-9A1E7A4F7556}") = "Amazon.CDK.AWS.SSM", "Amazon.CDK.AWS.SSM\Amazon.CDK.AWS.SSM.csproj", "{36D57AF2-E8C0-4E16-B96F-295B66464D9D}"
EndProject
Project("{9A19103F-16F7-4668-BE54-9A1E7A4F7556}") = "Amazon.CDK.AWS.Serverless", "Amazon.CDK.AWS.Serverless\Amazon.CDK.AWS.Serverless.csproj", "{740B3C8A-C03D-476A-8DEB-0AC60BA66407}"
EndProject
Project("{9A19103F-16F7-4668-BE54-9A1E7A4F7556}") = "Amazon.CDK.AWS.ServiceCatalog", "Amazon.CDK.AWS.ServiceCatalog\Amazon.CDK.AWS.ServiceCatalog.csproj", "{07CD7F4C-6657-47A1-B7DB-1AAC3CDB2280}"
EndProject
Project("{9A19103F-16F7-4668-BE54-9A1E7A4F7556}") = "Amazon.CDK.AWS.ServiceDiscovery", "Amazon.CDK.AWS.ServiceDiscovery\Amazon.CDK.AWS.ServiceDiscovery.csproj", "{D8E127E2-A40D-4771-84B2-E53F09BA9F8D}"
EndProject
Project("{9A19103F-16F7-4668-BE54-9A1E7A4F7556}") = "Amazon.CDK.AWS.StepFunctions", "Amazon.CDK.AWS.StepFunctions\Amazon.CDK.AWS.StepFunctions.csproj", "{6DE7FB56-D48D-4EE9-BDAB-80F6886CA9C4}"
EndProject
Project("{9A19103F-16F7-4668-BE54-9A1E7A4F7556}") = "Amazon.CDK.AWS.WAF", "Amazon.CDK.AWS.WAF\Amazon.CDK.AWS.WAF.csproj", "{2150AA8C-9E35-484B-BA1D-D7703E59989F}"
EndProject
Project("{9A19103F-16F7-4668-BE54-9A1E7A4F7556}") = "Amazon.CDK.AWS.WAFRegional", "Amazon.CDK.AWS.WAFRegional\Amazon.CDK.AWS.WAFRegional.csproj", "{B57EA62C-3BA6-4CF7-9861-4C6E32053674}"
EndProject
Project("{9A19103F-16F7-4668-BE54-9A1E7A4F7556}") = "Amazon.CDK.AWS.WorkSpaces", "Amazon.CDK.AWS.WorkSpaces\Amazon.CDK.AWS.WorkSpaces.csproj", "{3F3D1748-726F-46C4-9677-E777EAAFA7E5}"
EndProject
Project("{9A19103F-16F7-4668-BE54-9A1E7A4F7556}") = "Amazon.CDK.Assets", "Amazon.CDK.Assets\Amazon.CDK.Assets.csproj", "{E77539E3-B2DC-4893-B4A9-7287B8B8F1E9}"
EndProject
Project("{9A19103F-16F7-4668-BE54-9A1E7A4F7556}") = "Amazon.CDK.CXAPI", "Amazon.CDK.CXAPI\Amazon.CDK.CXAPI.csproj", "{A7E47710-C59A-4F83-89AC-B3B903BB690B}"
EndProject
Project("{9A19103F-16F7-4668-BE54-9A1E7A4F7556}") = "Amazon.CDK.RTV", "Amazon.CDK.RTV\Amazon.CDK.RTV.csproj", "{1B093AEE-F89F-496D-ACF3-CA7B47F712DA}"
EndProject
Global
	GlobalSection(SolutionConfigurationPlatforms) = preSolution
		Debug|Any CPU = Debug|Any CPU
		Debug|x64 = Debug|x64
		Debug|x86 = Debug|x86
		Release|Any CPU = Release|Any CPU
		Release|x64 = Release|x64
		Release|x86 = Release|x86
	EndGlobalSection
	GlobalSection(ProjectConfigurationPlatforms) = postSolution
		{8261EB55-C60E-4F00-9524-697ABE8A0BE4}.Debug|Any CPU.ActiveCfg = Debug|Any CPU
		{8261EB55-C60E-4F00-9524-697ABE8A0BE4}.Debug|Any CPU.Build.0 = Debug|Any CPU
		{8261EB55-C60E-4F00-9524-697ABE8A0BE4}.Debug|x64.ActiveCfg = Debug|Any CPU
		{8261EB55-C60E-4F00-9524-697ABE8A0BE4}.Debug|x64.Build.0 = Debug|Any CPU
		{8261EB55-C60E-4F00-9524-697ABE8A0BE4}.Debug|x86.ActiveCfg = Debug|Any CPU
		{8261EB55-C60E-4F00-9524-697ABE8A0BE4}.Debug|x86.Build.0 = Debug|Any CPU
		{8261EB55-C60E-4F00-9524-697ABE8A0BE4}.Release|Any CPU.ActiveCfg = Release|Any CPU
		{8261EB55-C60E-4F00-9524-697ABE8A0BE4}.Release|Any CPU.Build.0 = Release|Any CPU
		{8261EB55-C60E-4F00-9524-697ABE8A0BE4}.Release|x64.ActiveCfg = Release|Any CPU
		{8261EB55-C60E-4F00-9524-697ABE8A0BE4}.Release|x64.Build.0 = Release|Any CPU
		{8261EB55-C60E-4F00-9524-697ABE8A0BE4}.Release|x86.ActiveCfg = Release|Any CPU
		{8261EB55-C60E-4F00-9524-697ABE8A0BE4}.Release|x86.Build.0 = Release|Any CPU
		{C0524637-82FA-4D8F-B6E7-BBAECC6AA2CA}.Debug|Any CPU.ActiveCfg = Debug|Any CPU
		{C0524637-82FA-4D8F-B6E7-BBAECC6AA2CA}.Debug|Any CPU.Build.0 = Debug|Any CPU
		{C0524637-82FA-4D8F-B6E7-BBAECC6AA2CA}.Debug|x64.ActiveCfg = Debug|Any CPU
		{C0524637-82FA-4D8F-B6E7-BBAECC6AA2CA}.Debug|x64.Build.0 = Debug|Any CPU
		{C0524637-82FA-4D8F-B6E7-BBAECC6AA2CA}.Debug|x86.ActiveCfg = Debug|Any CPU
		{C0524637-82FA-4D8F-B6E7-BBAECC6AA2CA}.Debug|x86.Build.0 = Debug|Any CPU
		{C0524637-82FA-4D8F-B6E7-BBAECC6AA2CA}.Release|Any CPU.ActiveCfg = Release|Any CPU
		{C0524637-82FA-4D8F-B6E7-BBAECC6AA2CA}.Release|Any CPU.Build.0 = Release|Any CPU
		{C0524637-82FA-4D8F-B6E7-BBAECC6AA2CA}.Release|x64.ActiveCfg = Release|Any CPU
		{C0524637-82FA-4D8F-B6E7-BBAECC6AA2CA}.Release|x64.Build.0 = Release|Any CPU
		{C0524637-82FA-4D8F-B6E7-BBAECC6AA2CA}.Release|x86.ActiveCfg = Release|Any CPU
		{C0524637-82FA-4D8F-B6E7-BBAECC6AA2CA}.Release|x86.Build.0 = Release|Any CPU
		{DFAEE617-F4B1-49BF-AAC2-33D0E0BC5A8B}.Debug|Any CPU.ActiveCfg = Debug|Any CPU
		{DFAEE617-F4B1-49BF-AAC2-33D0E0BC5A8B}.Debug|Any CPU.Build.0 = Debug|Any CPU
		{DFAEE617-F4B1-49BF-AAC2-33D0E0BC5A8B}.Debug|x64.ActiveCfg = Debug|Any CPU
		{DFAEE617-F4B1-49BF-AAC2-33D0E0BC5A8B}.Debug|x64.Build.0 = Debug|Any CPU
		{DFAEE617-F4B1-49BF-AAC2-33D0E0BC5A8B}.Debug|x86.ActiveCfg = Debug|Any CPU
		{DFAEE617-F4B1-49BF-AAC2-33D0E0BC5A8B}.Debug|x86.Build.0 = Debug|Any CPU
		{DFAEE617-F4B1-49BF-AAC2-33D0E0BC5A8B}.Release|Any CPU.ActiveCfg = Release|Any CPU
		{DFAEE617-F4B1-49BF-AAC2-33D0E0BC5A8B}.Release|Any CPU.Build.0 = Release|Any CPU
		{DFAEE617-F4B1-49BF-AAC2-33D0E0BC5A8B}.Release|x64.ActiveCfg = Release|Any CPU
		{DFAEE617-F4B1-49BF-AAC2-33D0E0BC5A8B}.Release|x64.Build.0 = Release|Any CPU
		{DFAEE617-F4B1-49BF-AAC2-33D0E0BC5A8B}.Release|x86.ActiveCfg = Release|Any CPU
		{DFAEE617-F4B1-49BF-AAC2-33D0E0BC5A8B}.Release|x86.Build.0 = Release|Any CPU
		{12CFD817-7660-45C2-A238-0CEE9F953560}.Debug|Any CPU.ActiveCfg = Debug|Any CPU
		{12CFD817-7660-45C2-A238-0CEE9F953560}.Debug|Any CPU.Build.0 = Debug|Any CPU
		{12CFD817-7660-45C2-A238-0CEE9F953560}.Debug|x64.ActiveCfg = Debug|Any CPU
		{12CFD817-7660-45C2-A238-0CEE9F953560}.Debug|x64.Build.0 = Debug|Any CPU
		{12CFD817-7660-45C2-A238-0CEE9F953560}.Debug|x86.ActiveCfg = Debug|Any CPU
		{12CFD817-7660-45C2-A238-0CEE9F953560}.Debug|x86.Build.0 = Debug|Any CPU
		{12CFD817-7660-45C2-A238-0CEE9F953560}.Release|Any CPU.ActiveCfg = Release|Any CPU
		{12CFD817-7660-45C2-A238-0CEE9F953560}.Release|Any CPU.Build.0 = Release|Any CPU
		{12CFD817-7660-45C2-A238-0CEE9F953560}.Release|x64.ActiveCfg = Release|Any CPU
		{12CFD817-7660-45C2-A238-0CEE9F953560}.Release|x64.Build.0 = Release|Any CPU
		{12CFD817-7660-45C2-A238-0CEE9F953560}.Release|x86.ActiveCfg = Release|Any CPU
		{12CFD817-7660-45C2-A238-0CEE9F953560}.Release|x86.Build.0 = Release|Any CPU
		{B61B7CDC-C0EC-4E2C-81BE-64993AF26DD4}.Debug|Any CPU.ActiveCfg = Debug|Any CPU
		{B61B7CDC-C0EC-4E2C-81BE-64993AF26DD4}.Debug|Any CPU.Build.0 = Debug|Any CPU
		{B61B7CDC-C0EC-4E2C-81BE-64993AF26DD4}.Debug|x64.ActiveCfg = Debug|Any CPU
		{B61B7CDC-C0EC-4E2C-81BE-64993AF26DD4}.Debug|x64.Build.0 = Debug|Any CPU
		{B61B7CDC-C0EC-4E2C-81BE-64993AF26DD4}.Debug|x86.ActiveCfg = Debug|Any CPU
		{B61B7CDC-C0EC-4E2C-81BE-64993AF26DD4}.Debug|x86.Build.0 = Debug|Any CPU
		{B61B7CDC-C0EC-4E2C-81BE-64993AF26DD4}.Release|Any CPU.ActiveCfg = Release|Any CPU
		{B61B7CDC-C0EC-4E2C-81BE-64993AF26DD4}.Release|Any CPU.Build.0 = Release|Any CPU
		{B61B7CDC-C0EC-4E2C-81BE-64993AF26DD4}.Release|x64.ActiveCfg = Release|Any CPU
		{B61B7CDC-C0EC-4E2C-81BE-64993AF26DD4}.Release|x64.Build.0 = Release|Any CPU
		{B61B7CDC-C0EC-4E2C-81BE-64993AF26DD4}.Release|x86.ActiveCfg = Release|Any CPU
		{B61B7CDC-C0EC-4E2C-81BE-64993AF26DD4}.Release|x86.Build.0 = Release|Any CPU
		{AE0DC5D6-250C-4A3E-8D34-B09D48D0F4F5}.Debug|Any CPU.ActiveCfg = Debug|Any CPU
		{AE0DC5D6-250C-4A3E-8D34-B09D48D0F4F5}.Debug|Any CPU.Build.0 = Debug|Any CPU
		{AE0DC5D6-250C-4A3E-8D34-B09D48D0F4F5}.Debug|x64.ActiveCfg = Debug|Any CPU
		{AE0DC5D6-250C-4A3E-8D34-B09D48D0F4F5}.Debug|x64.Build.0 = Debug|Any CPU
		{AE0DC5D6-250C-4A3E-8D34-B09D48D0F4F5}.Debug|x86.ActiveCfg = Debug|Any CPU
		{AE0DC5D6-250C-4A3E-8D34-B09D48D0F4F5}.Debug|x86.Build.0 = Debug|Any CPU
		{AE0DC5D6-250C-4A3E-8D34-B09D48D0F4F5}.Release|Any CPU.ActiveCfg = Release|Any CPU
		{AE0DC5D6-250C-4A3E-8D34-B09D48D0F4F5}.Release|Any CPU.Build.0 = Release|Any CPU
		{AE0DC5D6-250C-4A3E-8D34-B09D48D0F4F5}.Release|x64.ActiveCfg = Release|Any CPU
		{AE0DC5D6-250C-4A3E-8D34-B09D48D0F4F5}.Release|x64.Build.0 = Release|Any CPU
		{AE0DC5D6-250C-4A3E-8D34-B09D48D0F4F5}.Release|x86.ActiveCfg = Release|Any CPU
		{AE0DC5D6-250C-4A3E-8D34-B09D48D0F4F5}.Release|x86.Build.0 = Release|Any CPU
		{3ACEFB66-529F-44B0-97D8-7AF96F944213}.Debug|Any CPU.ActiveCfg = Debug|Any CPU
		{3ACEFB66-529F-44B0-97D8-7AF96F944213}.Debug|Any CPU.Build.0 = Debug|Any CPU
		{3ACEFB66-529F-44B0-97D8-7AF96F944213}.Debug|x64.ActiveCfg = Debug|Any CPU
		{3ACEFB66-529F-44B0-97D8-7AF96F944213}.Debug|x64.Build.0 = Debug|Any CPU
		{3ACEFB66-529F-44B0-97D8-7AF96F944213}.Debug|x86.ActiveCfg = Debug|Any CPU
		{3ACEFB66-529F-44B0-97D8-7AF96F944213}.Debug|x86.Build.0 = Debug|Any CPU
		{3ACEFB66-529F-44B0-97D8-7AF96F944213}.Release|Any CPU.ActiveCfg = Release|Any CPU
		{3ACEFB66-529F-44B0-97D8-7AF96F944213}.Release|Any CPU.Build.0 = Release|Any CPU
		{3ACEFB66-529F-44B0-97D8-7AF96F944213}.Release|x64.ActiveCfg = Release|Any CPU
		{3ACEFB66-529F-44B0-97D8-7AF96F944213}.Release|x64.Build.0 = Release|Any CPU
		{3ACEFB66-529F-44B0-97D8-7AF96F944213}.Release|x86.ActiveCfg = Release|Any CPU
		{3ACEFB66-529F-44B0-97D8-7AF96F944213}.Release|x86.Build.0 = Release|Any CPU
		{7918702B-45D3-452C-A526-B8C4163B045B}.Debug|Any CPU.ActiveCfg = Debug|Any CPU
		{7918702B-45D3-452C-A526-B8C4163B045B}.Debug|Any CPU.Build.0 = Debug|Any CPU
		{7918702B-45D3-452C-A526-B8C4163B045B}.Debug|x64.ActiveCfg = Debug|Any CPU
		{7918702B-45D3-452C-A526-B8C4163B045B}.Debug|x64.Build.0 = Debug|Any CPU
		{7918702B-45D3-452C-A526-B8C4163B045B}.Debug|x86.ActiveCfg = Debug|Any CPU
		{7918702B-45D3-452C-A526-B8C4163B045B}.Debug|x86.Build.0 = Debug|Any CPU
		{7918702B-45D3-452C-A526-B8C4163B045B}.Release|Any CPU.ActiveCfg = Release|Any CPU
		{7918702B-45D3-452C-A526-B8C4163B045B}.Release|Any CPU.Build.0 = Release|Any CPU
		{7918702B-45D3-452C-A526-B8C4163B045B}.Release|x64.ActiveCfg = Release|Any CPU
		{7918702B-45D3-452C-A526-B8C4163B045B}.Release|x64.Build.0 = Release|Any CPU
		{7918702B-45D3-452C-A526-B8C4163B045B}.Release|x86.ActiveCfg = Release|Any CPU
		{7918702B-45D3-452C-A526-B8C4163B045B}.Release|x86.Build.0 = Release|Any CPU
		{5E3BF68F-AD8C-43B2-B8B5-1439461675A2}.Debug|Any CPU.ActiveCfg = Debug|Any CPU
		{5E3BF68F-AD8C-43B2-B8B5-1439461675A2}.Debug|Any CPU.Build.0 = Debug|Any CPU
		{5E3BF68F-AD8C-43B2-B8B5-1439461675A2}.Debug|x64.ActiveCfg = Debug|Any CPU
		{5E3BF68F-AD8C-43B2-B8B5-1439461675A2}.Debug|x64.Build.0 = Debug|Any CPU
		{5E3BF68F-AD8C-43B2-B8B5-1439461675A2}.Debug|x86.ActiveCfg = Debug|Any CPU
		{5E3BF68F-AD8C-43B2-B8B5-1439461675A2}.Debug|x86.Build.0 = Debug|Any CPU
		{5E3BF68F-AD8C-43B2-B8B5-1439461675A2}.Release|Any CPU.ActiveCfg = Release|Any CPU
		{5E3BF68F-AD8C-43B2-B8B5-1439461675A2}.Release|Any CPU.Build.0 = Release|Any CPU
		{5E3BF68F-AD8C-43B2-B8B5-1439461675A2}.Release|x64.ActiveCfg = Release|Any CPU
		{5E3BF68F-AD8C-43B2-B8B5-1439461675A2}.Release|x64.Build.0 = Release|Any CPU
		{5E3BF68F-AD8C-43B2-B8B5-1439461675A2}.Release|x86.ActiveCfg = Release|Any CPU
		{5E3BF68F-AD8C-43B2-B8B5-1439461675A2}.Release|x86.Build.0 = Release|Any CPU
		{E0D1E088-0857-4BA2-B871-B055322E443E}.Debug|Any CPU.ActiveCfg = Debug|Any CPU
		{E0D1E088-0857-4BA2-B871-B055322E443E}.Debug|Any CPU.Build.0 = Debug|Any CPU
		{E0D1E088-0857-4BA2-B871-B055322E443E}.Debug|x64.ActiveCfg = Debug|Any CPU
		{E0D1E088-0857-4BA2-B871-B055322E443E}.Debug|x64.Build.0 = Debug|Any CPU
		{E0D1E088-0857-4BA2-B871-B055322E443E}.Debug|x86.ActiveCfg = Debug|Any CPU
		{E0D1E088-0857-4BA2-B871-B055322E443E}.Debug|x86.Build.0 = Debug|Any CPU
		{E0D1E088-0857-4BA2-B871-B055322E443E}.Release|Any CPU.ActiveCfg = Release|Any CPU
		{E0D1E088-0857-4BA2-B871-B055322E443E}.Release|Any CPU.Build.0 = Release|Any CPU
		{E0D1E088-0857-4BA2-B871-B055322E443E}.Release|x64.ActiveCfg = Release|Any CPU
		{E0D1E088-0857-4BA2-B871-B055322E443E}.Release|x64.Build.0 = Release|Any CPU
		{E0D1E088-0857-4BA2-B871-B055322E443E}.Release|x86.ActiveCfg = Release|Any CPU
		{E0D1E088-0857-4BA2-B871-B055322E443E}.Release|x86.Build.0 = Release|Any CPU
		{406DFDDF-0307-48A3-B54B-CF9C6744858B}.Debug|Any CPU.ActiveCfg = Debug|Any CPU
		{406DFDDF-0307-48A3-B54B-CF9C6744858B}.Debug|Any CPU.Build.0 = Debug|Any CPU
		{406DFDDF-0307-48A3-B54B-CF9C6744858B}.Debug|x64.ActiveCfg = Debug|Any CPU
		{406DFDDF-0307-48A3-B54B-CF9C6744858B}.Debug|x64.Build.0 = Debug|Any CPU
		{406DFDDF-0307-48A3-B54B-CF9C6744858B}.Debug|x86.ActiveCfg = Debug|Any CPU
		{406DFDDF-0307-48A3-B54B-CF9C6744858B}.Debug|x86.Build.0 = Debug|Any CPU
		{406DFDDF-0307-48A3-B54B-CF9C6744858B}.Release|Any CPU.ActiveCfg = Release|Any CPU
		{406DFDDF-0307-48A3-B54B-CF9C6744858B}.Release|Any CPU.Build.0 = Release|Any CPU
		{406DFDDF-0307-48A3-B54B-CF9C6744858B}.Release|x64.ActiveCfg = Release|Any CPU
		{406DFDDF-0307-48A3-B54B-CF9C6744858B}.Release|x64.Build.0 = Release|Any CPU
		{406DFDDF-0307-48A3-B54B-CF9C6744858B}.Release|x86.ActiveCfg = Release|Any CPU
		{406DFDDF-0307-48A3-B54B-CF9C6744858B}.Release|x86.Build.0 = Release|Any CPU
		{CB3577AC-8819-41C5-8022-98173E305AE4}.Debug|Any CPU.ActiveCfg = Debug|Any CPU
		{CB3577AC-8819-41C5-8022-98173E305AE4}.Debug|Any CPU.Build.0 = Debug|Any CPU
		{CB3577AC-8819-41C5-8022-98173E305AE4}.Debug|x64.ActiveCfg = Debug|Any CPU
		{CB3577AC-8819-41C5-8022-98173E305AE4}.Debug|x64.Build.0 = Debug|Any CPU
		{CB3577AC-8819-41C5-8022-98173E305AE4}.Debug|x86.ActiveCfg = Debug|Any CPU
		{CB3577AC-8819-41C5-8022-98173E305AE4}.Debug|x86.Build.0 = Debug|Any CPU
		{CB3577AC-8819-41C5-8022-98173E305AE4}.Release|Any CPU.ActiveCfg = Release|Any CPU
		{CB3577AC-8819-41C5-8022-98173E305AE4}.Release|Any CPU.Build.0 = Release|Any CPU
		{CB3577AC-8819-41C5-8022-98173E305AE4}.Release|x64.ActiveCfg = Release|Any CPU
		{CB3577AC-8819-41C5-8022-98173E305AE4}.Release|x64.Build.0 = Release|Any CPU
		{CB3577AC-8819-41C5-8022-98173E305AE4}.Release|x86.ActiveCfg = Release|Any CPU
		{CB3577AC-8819-41C5-8022-98173E305AE4}.Release|x86.Build.0 = Release|Any CPU
		{490ACF4A-1D8B-400B-9420-C85B5E1ABEC7}.Debug|Any CPU.ActiveCfg = Debug|Any CPU
		{490ACF4A-1D8B-400B-9420-C85B5E1ABEC7}.Debug|Any CPU.Build.0 = Debug|Any CPU
		{490ACF4A-1D8B-400B-9420-C85B5E1ABEC7}.Debug|x64.ActiveCfg = Debug|Any CPU
		{490ACF4A-1D8B-400B-9420-C85B5E1ABEC7}.Debug|x64.Build.0 = Debug|Any CPU
		{490ACF4A-1D8B-400B-9420-C85B5E1ABEC7}.Debug|x86.ActiveCfg = Debug|Any CPU
		{490ACF4A-1D8B-400B-9420-C85B5E1ABEC7}.Debug|x86.Build.0 = Debug|Any CPU
		{490ACF4A-1D8B-400B-9420-C85B5E1ABEC7}.Release|Any CPU.ActiveCfg = Release|Any CPU
		{490ACF4A-1D8B-400B-9420-C85B5E1ABEC7}.Release|Any CPU.Build.0 = Release|Any CPU
		{490ACF4A-1D8B-400B-9420-C85B5E1ABEC7}.Release|x64.ActiveCfg = Release|Any CPU
		{490ACF4A-1D8B-400B-9420-C85B5E1ABEC7}.Release|x64.Build.0 = Release|Any CPU
		{490ACF4A-1D8B-400B-9420-C85B5E1ABEC7}.Release|x86.ActiveCfg = Release|Any CPU
		{490ACF4A-1D8B-400B-9420-C85B5E1ABEC7}.Release|x86.Build.0 = Release|Any CPU
		{EDEDCAE0-0BC9-4008-AC07-C7D77B27931A}.Debug|Any CPU.ActiveCfg = Debug|Any CPU
		{EDEDCAE0-0BC9-4008-AC07-C7D77B27931A}.Debug|Any CPU.Build.0 = Debug|Any CPU
		{EDEDCAE0-0BC9-4008-AC07-C7D77B27931A}.Debug|x64.ActiveCfg = Debug|Any CPU
		{EDEDCAE0-0BC9-4008-AC07-C7D77B27931A}.Debug|x64.Build.0 = Debug|Any CPU
		{EDEDCAE0-0BC9-4008-AC07-C7D77B27931A}.Debug|x86.ActiveCfg = Debug|Any CPU
		{EDEDCAE0-0BC9-4008-AC07-C7D77B27931A}.Debug|x86.Build.0 = Debug|Any CPU
		{EDEDCAE0-0BC9-4008-AC07-C7D77B27931A}.Release|Any CPU.ActiveCfg = Release|Any CPU
		{EDEDCAE0-0BC9-4008-AC07-C7D77B27931A}.Release|Any CPU.Build.0 = Release|Any CPU
		{EDEDCAE0-0BC9-4008-AC07-C7D77B27931A}.Release|x64.ActiveCfg = Release|Any CPU
		{EDEDCAE0-0BC9-4008-AC07-C7D77B27931A}.Release|x64.Build.0 = Release|Any CPU
		{EDEDCAE0-0BC9-4008-AC07-C7D77B27931A}.Release|x86.ActiveCfg = Release|Any CPU
		{EDEDCAE0-0BC9-4008-AC07-C7D77B27931A}.Release|x86.Build.0 = Release|Any CPU
		{C9C4AE0A-0432-47F7-96FF-12E2F42E67F7}.Debug|Any CPU.ActiveCfg = Debug|Any CPU
		{C9C4AE0A-0432-47F7-96FF-12E2F42E67F7}.Debug|Any CPU.Build.0 = Debug|Any CPU
		{C9C4AE0A-0432-47F7-96FF-12E2F42E67F7}.Debug|x64.ActiveCfg = Debug|Any CPU
		{C9C4AE0A-0432-47F7-96FF-12E2F42E67F7}.Debug|x64.Build.0 = Debug|Any CPU
		{C9C4AE0A-0432-47F7-96FF-12E2F42E67F7}.Debug|x86.ActiveCfg = Debug|Any CPU
		{C9C4AE0A-0432-47F7-96FF-12E2F42E67F7}.Debug|x86.Build.0 = Debug|Any CPU
		{C9C4AE0A-0432-47F7-96FF-12E2F42E67F7}.Release|Any CPU.ActiveCfg = Release|Any CPU
		{C9C4AE0A-0432-47F7-96FF-12E2F42E67F7}.Release|Any CPU.Build.0 = Release|Any CPU
		{C9C4AE0A-0432-47F7-96FF-12E2F42E67F7}.Release|x64.ActiveCfg = Release|Any CPU
		{C9C4AE0A-0432-47F7-96FF-12E2F42E67F7}.Release|x64.Build.0 = Release|Any CPU
		{C9C4AE0A-0432-47F7-96FF-12E2F42E67F7}.Release|x86.ActiveCfg = Release|Any CPU
		{C9C4AE0A-0432-47F7-96FF-12E2F42E67F7}.Release|x86.Build.0 = Release|Any CPU
		{E848101B-3882-4060-A0B5-98FEFEF662CE}.Debug|Any CPU.ActiveCfg = Debug|Any CPU
		{E848101B-3882-4060-A0B5-98FEFEF662CE}.Debug|Any CPU.Build.0 = Debug|Any CPU
		{E848101B-3882-4060-A0B5-98FEFEF662CE}.Debug|x64.ActiveCfg = Debug|Any CPU
		{E848101B-3882-4060-A0B5-98FEFEF662CE}.Debug|x64.Build.0 = Debug|Any CPU
		{E848101B-3882-4060-A0B5-98FEFEF662CE}.Debug|x86.ActiveCfg = Debug|Any CPU
		{E848101B-3882-4060-A0B5-98FEFEF662CE}.Debug|x86.Build.0 = Debug|Any CPU
		{E848101B-3882-4060-A0B5-98FEFEF662CE}.Release|Any CPU.ActiveCfg = Release|Any CPU
		{E848101B-3882-4060-A0B5-98FEFEF662CE}.Release|Any CPU.Build.0 = Release|Any CPU
		{E848101B-3882-4060-A0B5-98FEFEF662CE}.Release|x64.ActiveCfg = Release|Any CPU
		{E848101B-3882-4060-A0B5-98FEFEF662CE}.Release|x64.Build.0 = Release|Any CPU
		{E848101B-3882-4060-A0B5-98FEFEF662CE}.Release|x86.ActiveCfg = Release|Any CPU
		{E848101B-3882-4060-A0B5-98FEFEF662CE}.Release|x86.Build.0 = Release|Any CPU
		{4B29F77E-4521-4A45-B1F0-32B956E2150B}.Debug|Any CPU.ActiveCfg = Debug|Any CPU
		{4B29F77E-4521-4A45-B1F0-32B956E2150B}.Debug|Any CPU.Build.0 = Debug|Any CPU
		{4B29F77E-4521-4A45-B1F0-32B956E2150B}.Debug|x64.ActiveCfg = Debug|Any CPU
		{4B29F77E-4521-4A45-B1F0-32B956E2150B}.Debug|x64.Build.0 = Debug|Any CPU
		{4B29F77E-4521-4A45-B1F0-32B956E2150B}.Debug|x86.ActiveCfg = Debug|Any CPU
		{4B29F77E-4521-4A45-B1F0-32B956E2150B}.Debug|x86.Build.0 = Debug|Any CPU
		{4B29F77E-4521-4A45-B1F0-32B956E2150B}.Release|Any CPU.ActiveCfg = Release|Any CPU
		{4B29F77E-4521-4A45-B1F0-32B956E2150B}.Release|Any CPU.Build.0 = Release|Any CPU
		{4B29F77E-4521-4A45-B1F0-32B956E2150B}.Release|x64.ActiveCfg = Release|Any CPU
		{4B29F77E-4521-4A45-B1F0-32B956E2150B}.Release|x64.Build.0 = Release|Any CPU
		{4B29F77E-4521-4A45-B1F0-32B956E2150B}.Release|x86.ActiveCfg = Release|Any CPU
		{4B29F77E-4521-4A45-B1F0-32B956E2150B}.Release|x86.Build.0 = Release|Any CPU
		{DF243577-183D-49D1-AEC9-32D8C84191EF}.Debug|Any CPU.ActiveCfg = Debug|Any CPU
		{DF243577-183D-49D1-AEC9-32D8C84191EF}.Debug|Any CPU.Build.0 = Debug|Any CPU
		{DF243577-183D-49D1-AEC9-32D8C84191EF}.Debug|x64.ActiveCfg = Debug|Any CPU
		{DF243577-183D-49D1-AEC9-32D8C84191EF}.Debug|x64.Build.0 = Debug|Any CPU
		{DF243577-183D-49D1-AEC9-32D8C84191EF}.Debug|x86.ActiveCfg = Debug|Any CPU
		{DF243577-183D-49D1-AEC9-32D8C84191EF}.Debug|x86.Build.0 = Debug|Any CPU
		{DF243577-183D-49D1-AEC9-32D8C84191EF}.Release|Any CPU.ActiveCfg = Release|Any CPU
		{DF243577-183D-49D1-AEC9-32D8C84191EF}.Release|Any CPU.Build.0 = Release|Any CPU
		{DF243577-183D-49D1-AEC9-32D8C84191EF}.Release|x64.ActiveCfg = Release|Any CPU
		{DF243577-183D-49D1-AEC9-32D8C84191EF}.Release|x64.Build.0 = Release|Any CPU
		{DF243577-183D-49D1-AEC9-32D8C84191EF}.Release|x86.ActiveCfg = Release|Any CPU
		{DF243577-183D-49D1-AEC9-32D8C84191EF}.Release|x86.Build.0 = Release|Any CPU
		{888EA3FA-DE72-4D6E-B93C-031FA4900B56}.Debug|Any CPU.ActiveCfg = Debug|Any CPU
		{888EA3FA-DE72-4D6E-B93C-031FA4900B56}.Debug|Any CPU.Build.0 = Debug|Any CPU
		{888EA3FA-DE72-4D6E-B93C-031FA4900B56}.Debug|x64.ActiveCfg = Debug|Any CPU
		{888EA3FA-DE72-4D6E-B93C-031FA4900B56}.Debug|x64.Build.0 = Debug|Any CPU
		{888EA3FA-DE72-4D6E-B93C-031FA4900B56}.Debug|x86.ActiveCfg = Debug|Any CPU
		{888EA3FA-DE72-4D6E-B93C-031FA4900B56}.Debug|x86.Build.0 = Debug|Any CPU
		{888EA3FA-DE72-4D6E-B93C-031FA4900B56}.Release|Any CPU.ActiveCfg = Release|Any CPU
		{888EA3FA-DE72-4D6E-B93C-031FA4900B56}.Release|Any CPU.Build.0 = Release|Any CPU
		{888EA3FA-DE72-4D6E-B93C-031FA4900B56}.Release|x64.ActiveCfg = Release|Any CPU
		{888EA3FA-DE72-4D6E-B93C-031FA4900B56}.Release|x64.Build.0 = Release|Any CPU
		{888EA3FA-DE72-4D6E-B93C-031FA4900B56}.Release|x86.ActiveCfg = Release|Any CPU
		{888EA3FA-DE72-4D6E-B93C-031FA4900B56}.Release|x86.Build.0 = Release|Any CPU
		{33F90415-3570-4C47-9FB0-9AD3F29CF60A}.Debug|Any CPU.ActiveCfg = Debug|Any CPU
		{33F90415-3570-4C47-9FB0-9AD3F29CF60A}.Debug|Any CPU.Build.0 = Debug|Any CPU
		{33F90415-3570-4C47-9FB0-9AD3F29CF60A}.Debug|x64.ActiveCfg = Debug|Any CPU
		{33F90415-3570-4C47-9FB0-9AD3F29CF60A}.Debug|x64.Build.0 = Debug|Any CPU
		{33F90415-3570-4C47-9FB0-9AD3F29CF60A}.Debug|x86.ActiveCfg = Debug|Any CPU
		{33F90415-3570-4C47-9FB0-9AD3F29CF60A}.Debug|x86.Build.0 = Debug|Any CPU
		{33F90415-3570-4C47-9FB0-9AD3F29CF60A}.Release|Any CPU.ActiveCfg = Release|Any CPU
		{33F90415-3570-4C47-9FB0-9AD3F29CF60A}.Release|Any CPU.Build.0 = Release|Any CPU
		{33F90415-3570-4C47-9FB0-9AD3F29CF60A}.Release|x64.ActiveCfg = Release|Any CPU
		{33F90415-3570-4C47-9FB0-9AD3F29CF60A}.Release|x64.Build.0 = Release|Any CPU
		{33F90415-3570-4C47-9FB0-9AD3F29CF60A}.Release|x86.ActiveCfg = Release|Any CPU
		{33F90415-3570-4C47-9FB0-9AD3F29CF60A}.Release|x86.Build.0 = Release|Any CPU
		{B650EF6C-6B38-4764-BC67-587BA0244E09}.Debug|Any CPU.ActiveCfg = Debug|Any CPU
		{B650EF6C-6B38-4764-BC67-587BA0244E09}.Debug|Any CPU.Build.0 = Debug|Any CPU
		{B650EF6C-6B38-4764-BC67-587BA0244E09}.Debug|x64.ActiveCfg = Debug|Any CPU
		{B650EF6C-6B38-4764-BC67-587BA0244E09}.Debug|x64.Build.0 = Debug|Any CPU
		{B650EF6C-6B38-4764-BC67-587BA0244E09}.Debug|x86.ActiveCfg = Debug|Any CPU
		{B650EF6C-6B38-4764-BC67-587BA0244E09}.Debug|x86.Build.0 = Debug|Any CPU
		{B650EF6C-6B38-4764-BC67-587BA0244E09}.Release|Any CPU.ActiveCfg = Release|Any CPU
		{B650EF6C-6B38-4764-BC67-587BA0244E09}.Release|Any CPU.Build.0 = Release|Any CPU
		{B650EF6C-6B38-4764-BC67-587BA0244E09}.Release|x64.ActiveCfg = Release|Any CPU
		{B650EF6C-6B38-4764-BC67-587BA0244E09}.Release|x64.Build.0 = Release|Any CPU
		{B650EF6C-6B38-4764-BC67-587BA0244E09}.Release|x86.ActiveCfg = Release|Any CPU
		{B650EF6C-6B38-4764-BC67-587BA0244E09}.Release|x86.Build.0 = Release|Any CPU
		{15FE5C9E-381F-4686-B904-5E505B34DE44}.Debug|Any CPU.ActiveCfg = Debug|Any CPU
		{15FE5C9E-381F-4686-B904-5E505B34DE44}.Debug|Any CPU.Build.0 = Debug|Any CPU
		{15FE5C9E-381F-4686-B904-5E505B34DE44}.Debug|x64.ActiveCfg = Debug|Any CPU
		{15FE5C9E-381F-4686-B904-5E505B34DE44}.Debug|x64.Build.0 = Debug|Any CPU
		{15FE5C9E-381F-4686-B904-5E505B34DE44}.Debug|x86.ActiveCfg = Debug|Any CPU
		{15FE5C9E-381F-4686-B904-5E505B34DE44}.Debug|x86.Build.0 = Debug|Any CPU
		{15FE5C9E-381F-4686-B904-5E505B34DE44}.Release|Any CPU.ActiveCfg = Release|Any CPU
		{15FE5C9E-381F-4686-B904-5E505B34DE44}.Release|Any CPU.Build.0 = Release|Any CPU
		{15FE5C9E-381F-4686-B904-5E505B34DE44}.Release|x64.ActiveCfg = Release|Any CPU
		{15FE5C9E-381F-4686-B904-5E505B34DE44}.Release|x64.Build.0 = Release|Any CPU
		{15FE5C9E-381F-4686-B904-5E505B34DE44}.Release|x86.ActiveCfg = Release|Any CPU
		{15FE5C9E-381F-4686-B904-5E505B34DE44}.Release|x86.Build.0 = Release|Any CPU
		{F360A520-89C4-40E1-9837-BF9AB146D27A}.Debug|Any CPU.ActiveCfg = Debug|Any CPU
		{F360A520-89C4-40E1-9837-BF9AB146D27A}.Debug|Any CPU.Build.0 = Debug|Any CPU
		{F360A520-89C4-40E1-9837-BF9AB146D27A}.Debug|x64.ActiveCfg = Debug|Any CPU
		{F360A520-89C4-40E1-9837-BF9AB146D27A}.Debug|x64.Build.0 = Debug|Any CPU
		{F360A520-89C4-40E1-9837-BF9AB146D27A}.Debug|x86.ActiveCfg = Debug|Any CPU
		{F360A520-89C4-40E1-9837-BF9AB146D27A}.Debug|x86.Build.0 = Debug|Any CPU
		{F360A520-89C4-40E1-9837-BF9AB146D27A}.Release|Any CPU.ActiveCfg = Release|Any CPU
		{F360A520-89C4-40E1-9837-BF9AB146D27A}.Release|Any CPU.Build.0 = Release|Any CPU
		{F360A520-89C4-40E1-9837-BF9AB146D27A}.Release|x64.ActiveCfg = Release|Any CPU
		{F360A520-89C4-40E1-9837-BF9AB146D27A}.Release|x64.Build.0 = Release|Any CPU
		{F360A520-89C4-40E1-9837-BF9AB146D27A}.Release|x86.ActiveCfg = Release|Any CPU
		{F360A520-89C4-40E1-9837-BF9AB146D27A}.Release|x86.Build.0 = Release|Any CPU
		{8C5E1CDF-AA50-4901-996F-F980C60AA2A0}.Debug|Any CPU.ActiveCfg = Debug|Any CPU
		{8C5E1CDF-AA50-4901-996F-F980C60AA2A0}.Debug|Any CPU.Build.0 = Debug|Any CPU
		{8C5E1CDF-AA50-4901-996F-F980C60AA2A0}.Debug|x64.ActiveCfg = Debug|Any CPU
		{8C5E1CDF-AA50-4901-996F-F980C60AA2A0}.Debug|x64.Build.0 = Debug|Any CPU
		{8C5E1CDF-AA50-4901-996F-F980C60AA2A0}.Debug|x86.ActiveCfg = Debug|Any CPU
		{8C5E1CDF-AA50-4901-996F-F980C60AA2A0}.Debug|x86.Build.0 = Debug|Any CPU
		{8C5E1CDF-AA50-4901-996F-F980C60AA2A0}.Release|Any CPU.ActiveCfg = Release|Any CPU
		{8C5E1CDF-AA50-4901-996F-F980C60AA2A0}.Release|Any CPU.Build.0 = Release|Any CPU
		{8C5E1CDF-AA50-4901-996F-F980C60AA2A0}.Release|x64.ActiveCfg = Release|Any CPU
		{8C5E1CDF-AA50-4901-996F-F980C60AA2A0}.Release|x64.Build.0 = Release|Any CPU
		{8C5E1CDF-AA50-4901-996F-F980C60AA2A0}.Release|x86.ActiveCfg = Release|Any CPU
		{8C5E1CDF-AA50-4901-996F-F980C60AA2A0}.Release|x86.Build.0 = Release|Any CPU
		{68A38F21-F1FF-4A8A-8E20-724757DA1EA1}.Debug|Any CPU.ActiveCfg = Debug|Any CPU
		{68A38F21-F1FF-4A8A-8E20-724757DA1EA1}.Debug|Any CPU.Build.0 = Debug|Any CPU
		{68A38F21-F1FF-4A8A-8E20-724757DA1EA1}.Debug|x64.ActiveCfg = Debug|Any CPU
		{68A38F21-F1FF-4A8A-8E20-724757DA1EA1}.Debug|x64.Build.0 = Debug|Any CPU
		{68A38F21-F1FF-4A8A-8E20-724757DA1EA1}.Debug|x86.ActiveCfg = Debug|Any CPU
		{68A38F21-F1FF-4A8A-8E20-724757DA1EA1}.Debug|x86.Build.0 = Debug|Any CPU
		{68A38F21-F1FF-4A8A-8E20-724757DA1EA1}.Release|Any CPU.ActiveCfg = Release|Any CPU
		{68A38F21-F1FF-4A8A-8E20-724757DA1EA1}.Release|Any CPU.Build.0 = Release|Any CPU
		{68A38F21-F1FF-4A8A-8E20-724757DA1EA1}.Release|x64.ActiveCfg = Release|Any CPU
		{68A38F21-F1FF-4A8A-8E20-724757DA1EA1}.Release|x64.Build.0 = Release|Any CPU
		{68A38F21-F1FF-4A8A-8E20-724757DA1EA1}.Release|x86.ActiveCfg = Release|Any CPU
		{68A38F21-F1FF-4A8A-8E20-724757DA1EA1}.Release|x86.Build.0 = Release|Any CPU
		{349B518C-A743-4664-A0B6-91A28598EDBC}.Debug|Any CPU.ActiveCfg = Debug|Any CPU
		{349B518C-A743-4664-A0B6-91A28598EDBC}.Debug|Any CPU.Build.0 = Debug|Any CPU
		{349B518C-A743-4664-A0B6-91A28598EDBC}.Debug|x64.ActiveCfg = Debug|Any CPU
		{349B518C-A743-4664-A0B6-91A28598EDBC}.Debug|x64.Build.0 = Debug|Any CPU
		{349B518C-A743-4664-A0B6-91A28598EDBC}.Debug|x86.ActiveCfg = Debug|Any CPU
		{349B518C-A743-4664-A0B6-91A28598EDBC}.Debug|x86.Build.0 = Debug|Any CPU
		{349B518C-A743-4664-A0B6-91A28598EDBC}.Release|Any CPU.ActiveCfg = Release|Any CPU
		{349B518C-A743-4664-A0B6-91A28598EDBC}.Release|Any CPU.Build.0 = Release|Any CPU
		{349B518C-A743-4664-A0B6-91A28598EDBC}.Release|x64.ActiveCfg = Release|Any CPU
		{349B518C-A743-4664-A0B6-91A28598EDBC}.Release|x64.Build.0 = Release|Any CPU
		{349B518C-A743-4664-A0B6-91A28598EDBC}.Release|x86.ActiveCfg = Release|Any CPU
		{349B518C-A743-4664-A0B6-91A28598EDBC}.Release|x86.Build.0 = Release|Any CPU
		{BAD1393C-4FA9-444D-A9CC-78EE3C374587}.Debug|Any CPU.ActiveCfg = Debug|Any CPU
		{BAD1393C-4FA9-444D-A9CC-78EE3C374587}.Debug|Any CPU.Build.0 = Debug|Any CPU
		{BAD1393C-4FA9-444D-A9CC-78EE3C374587}.Debug|x64.ActiveCfg = Debug|Any CPU
		{BAD1393C-4FA9-444D-A9CC-78EE3C374587}.Debug|x64.Build.0 = Debug|Any CPU
		{BAD1393C-4FA9-444D-A9CC-78EE3C374587}.Debug|x86.ActiveCfg = Debug|Any CPU
		{BAD1393C-4FA9-444D-A9CC-78EE3C374587}.Debug|x86.Build.0 = Debug|Any CPU
		{BAD1393C-4FA9-444D-A9CC-78EE3C374587}.Release|Any CPU.ActiveCfg = Release|Any CPU
		{BAD1393C-4FA9-444D-A9CC-78EE3C374587}.Release|Any CPU.Build.0 = Release|Any CPU
		{BAD1393C-4FA9-444D-A9CC-78EE3C374587}.Release|x64.ActiveCfg = Release|Any CPU
		{BAD1393C-4FA9-444D-A9CC-78EE3C374587}.Release|x64.Build.0 = Release|Any CPU
		{BAD1393C-4FA9-444D-A9CC-78EE3C374587}.Release|x86.ActiveCfg = Release|Any CPU
		{BAD1393C-4FA9-444D-A9CC-78EE3C374587}.Release|x86.Build.0 = Release|Any CPU
		{1FF9A19C-B5E5-4F8C-9B0C-645639C5B6A1}.Debug|Any CPU.ActiveCfg = Debug|Any CPU
		{1FF9A19C-B5E5-4F8C-9B0C-645639C5B6A1}.Debug|Any CPU.Build.0 = Debug|Any CPU
		{1FF9A19C-B5E5-4F8C-9B0C-645639C5B6A1}.Debug|x64.ActiveCfg = Debug|Any CPU
		{1FF9A19C-B5E5-4F8C-9B0C-645639C5B6A1}.Debug|x64.Build.0 = Debug|Any CPU
		{1FF9A19C-B5E5-4F8C-9B0C-645639C5B6A1}.Debug|x86.ActiveCfg = Debug|Any CPU
		{1FF9A19C-B5E5-4F8C-9B0C-645639C5B6A1}.Debug|x86.Build.0 = Debug|Any CPU
		{1FF9A19C-B5E5-4F8C-9B0C-645639C5B6A1}.Release|Any CPU.ActiveCfg = Release|Any CPU
		{1FF9A19C-B5E5-4F8C-9B0C-645639C5B6A1}.Release|Any CPU.Build.0 = Release|Any CPU
		{1FF9A19C-B5E5-4F8C-9B0C-645639C5B6A1}.Release|x64.ActiveCfg = Release|Any CPU
		{1FF9A19C-B5E5-4F8C-9B0C-645639C5B6A1}.Release|x64.Build.0 = Release|Any CPU
		{1FF9A19C-B5E5-4F8C-9B0C-645639C5B6A1}.Release|x86.ActiveCfg = Release|Any CPU
		{1FF9A19C-B5E5-4F8C-9B0C-645639C5B6A1}.Release|x86.Build.0 = Release|Any CPU
		{06D1BE5A-8496-4E18-953E-504182315434}.Debug|Any CPU.ActiveCfg = Debug|Any CPU
		{06D1BE5A-8496-4E18-953E-504182315434}.Debug|Any CPU.Build.0 = Debug|Any CPU
		{06D1BE5A-8496-4E18-953E-504182315434}.Debug|x64.ActiveCfg = Debug|Any CPU
		{06D1BE5A-8496-4E18-953E-504182315434}.Debug|x64.Build.0 = Debug|Any CPU
		{06D1BE5A-8496-4E18-953E-504182315434}.Debug|x86.ActiveCfg = Debug|Any CPU
		{06D1BE5A-8496-4E18-953E-504182315434}.Debug|x86.Build.0 = Debug|Any CPU
		{06D1BE5A-8496-4E18-953E-504182315434}.Release|Any CPU.ActiveCfg = Release|Any CPU
		{06D1BE5A-8496-4E18-953E-504182315434}.Release|Any CPU.Build.0 = Release|Any CPU
		{06D1BE5A-8496-4E18-953E-504182315434}.Release|x64.ActiveCfg = Release|Any CPU
		{06D1BE5A-8496-4E18-953E-504182315434}.Release|x64.Build.0 = Release|Any CPU
		{06D1BE5A-8496-4E18-953E-504182315434}.Release|x86.ActiveCfg = Release|Any CPU
		{06D1BE5A-8496-4E18-953E-504182315434}.Release|x86.Build.0 = Release|Any CPU
		{9780C7A4-7B73-4131-BEE2-9B7B703F0035}.Debug|Any CPU.ActiveCfg = Debug|Any CPU
		{9780C7A4-7B73-4131-BEE2-9B7B703F0035}.Debug|Any CPU.Build.0 = Debug|Any CPU
		{9780C7A4-7B73-4131-BEE2-9B7B703F0035}.Debug|x64.ActiveCfg = Debug|Any CPU
		{9780C7A4-7B73-4131-BEE2-9B7B703F0035}.Debug|x64.Build.0 = Debug|Any CPU
		{9780C7A4-7B73-4131-BEE2-9B7B703F0035}.Debug|x86.ActiveCfg = Debug|Any CPU
		{9780C7A4-7B73-4131-BEE2-9B7B703F0035}.Debug|x86.Build.0 = Debug|Any CPU
		{9780C7A4-7B73-4131-BEE2-9B7B703F0035}.Release|Any CPU.ActiveCfg = Release|Any CPU
		{9780C7A4-7B73-4131-BEE2-9B7B703F0035}.Release|Any CPU.Build.0 = Release|Any CPU
		{9780C7A4-7B73-4131-BEE2-9B7B703F0035}.Release|x64.ActiveCfg = Release|Any CPU
		{9780C7A4-7B73-4131-BEE2-9B7B703F0035}.Release|x64.Build.0 = Release|Any CPU
		{9780C7A4-7B73-4131-BEE2-9B7B703F0035}.Release|x86.ActiveCfg = Release|Any CPU
		{9780C7A4-7B73-4131-BEE2-9B7B703F0035}.Release|x86.Build.0 = Release|Any CPU
		{4D2A2E35-5953-484F-B0D1-79F70EC61874}.Debug|Any CPU.ActiveCfg = Debug|Any CPU
		{4D2A2E35-5953-484F-B0D1-79F70EC61874}.Debug|Any CPU.Build.0 = Debug|Any CPU
		{4D2A2E35-5953-484F-B0D1-79F70EC61874}.Debug|x64.ActiveCfg = Debug|Any CPU
		{4D2A2E35-5953-484F-B0D1-79F70EC61874}.Debug|x64.Build.0 = Debug|Any CPU
		{4D2A2E35-5953-484F-B0D1-79F70EC61874}.Debug|x86.ActiveCfg = Debug|Any CPU
		{4D2A2E35-5953-484F-B0D1-79F70EC61874}.Debug|x86.Build.0 = Debug|Any CPU
		{4D2A2E35-5953-484F-B0D1-79F70EC61874}.Release|Any CPU.ActiveCfg = Release|Any CPU
		{4D2A2E35-5953-484F-B0D1-79F70EC61874}.Release|Any CPU.Build.0 = Release|Any CPU
		{4D2A2E35-5953-484F-B0D1-79F70EC61874}.Release|x64.ActiveCfg = Release|Any CPU
		{4D2A2E35-5953-484F-B0D1-79F70EC61874}.Release|x64.Build.0 = Release|Any CPU
		{4D2A2E35-5953-484F-B0D1-79F70EC61874}.Release|x86.ActiveCfg = Release|Any CPU
		{4D2A2E35-5953-484F-B0D1-79F70EC61874}.Release|x86.Build.0 = Release|Any CPU
		{61D1A079-86D0-4618-8788-08D544DBDDBA}.Debug|Any CPU.ActiveCfg = Debug|Any CPU
		{61D1A079-86D0-4618-8788-08D544DBDDBA}.Debug|Any CPU.Build.0 = Debug|Any CPU
		{61D1A079-86D0-4618-8788-08D544DBDDBA}.Debug|x64.ActiveCfg = Debug|Any CPU
		{61D1A079-86D0-4618-8788-08D544DBDDBA}.Debug|x64.Build.0 = Debug|Any CPU
		{61D1A079-86D0-4618-8788-08D544DBDDBA}.Debug|x86.ActiveCfg = Debug|Any CPU
		{61D1A079-86D0-4618-8788-08D544DBDDBA}.Debug|x86.Build.0 = Debug|Any CPU
		{61D1A079-86D0-4618-8788-08D544DBDDBA}.Release|Any CPU.ActiveCfg = Release|Any CPU
		{61D1A079-86D0-4618-8788-08D544DBDDBA}.Release|Any CPU.Build.0 = Release|Any CPU
		{61D1A079-86D0-4618-8788-08D544DBDDBA}.Release|x64.ActiveCfg = Release|Any CPU
		{61D1A079-86D0-4618-8788-08D544DBDDBA}.Release|x64.Build.0 = Release|Any CPU
		{61D1A079-86D0-4618-8788-08D544DBDDBA}.Release|x86.ActiveCfg = Release|Any CPU
		{61D1A079-86D0-4618-8788-08D544DBDDBA}.Release|x86.Build.0 = Release|Any CPU
		{3B61F782-11D6-42C0-8939-8E6A3B10F0C2}.Debug|Any CPU.ActiveCfg = Debug|Any CPU
		{3B61F782-11D6-42C0-8939-8E6A3B10F0C2}.Debug|Any CPU.Build.0 = Debug|Any CPU
		{3B61F782-11D6-42C0-8939-8E6A3B10F0C2}.Debug|x64.ActiveCfg = Debug|Any CPU
		{3B61F782-11D6-42C0-8939-8E6A3B10F0C2}.Debug|x64.Build.0 = Debug|Any CPU
		{3B61F782-11D6-42C0-8939-8E6A3B10F0C2}.Debug|x86.ActiveCfg = Debug|Any CPU
		{3B61F782-11D6-42C0-8939-8E6A3B10F0C2}.Debug|x86.Build.0 = Debug|Any CPU
		{3B61F782-11D6-42C0-8939-8E6A3B10F0C2}.Release|Any CPU.ActiveCfg = Release|Any CPU
		{3B61F782-11D6-42C0-8939-8E6A3B10F0C2}.Release|Any CPU.Build.0 = Release|Any CPU
		{3B61F782-11D6-42C0-8939-8E6A3B10F0C2}.Release|x64.ActiveCfg = Release|Any CPU
		{3B61F782-11D6-42C0-8939-8E6A3B10F0C2}.Release|x64.Build.0 = Release|Any CPU
		{3B61F782-11D6-42C0-8939-8E6A3B10F0C2}.Release|x86.ActiveCfg = Release|Any CPU
		{3B61F782-11D6-42C0-8939-8E6A3B10F0C2}.Release|x86.Build.0 = Release|Any CPU
		{D720D942-F501-4A7A-BB03-9D16EC014C72}.Debug|Any CPU.ActiveCfg = Debug|Any CPU
		{D720D942-F501-4A7A-BB03-9D16EC014C72}.Debug|Any CPU.Build.0 = Debug|Any CPU
		{D720D942-F501-4A7A-BB03-9D16EC014C72}.Debug|x64.ActiveCfg = Debug|Any CPU
		{D720D942-F501-4A7A-BB03-9D16EC014C72}.Debug|x64.Build.0 = Debug|Any CPU
		{D720D942-F501-4A7A-BB03-9D16EC014C72}.Debug|x86.ActiveCfg = Debug|Any CPU
		{D720D942-F501-4A7A-BB03-9D16EC014C72}.Debug|x86.Build.0 = Debug|Any CPU
		{D720D942-F501-4A7A-BB03-9D16EC014C72}.Release|Any CPU.ActiveCfg = Release|Any CPU
		{D720D942-F501-4A7A-BB03-9D16EC014C72}.Release|Any CPU.Build.0 = Release|Any CPU
		{D720D942-F501-4A7A-BB03-9D16EC014C72}.Release|x64.ActiveCfg = Release|Any CPU
		{D720D942-F501-4A7A-BB03-9D16EC014C72}.Release|x64.Build.0 = Release|Any CPU
		{D720D942-F501-4A7A-BB03-9D16EC014C72}.Release|x86.ActiveCfg = Release|Any CPU
		{D720D942-F501-4A7A-BB03-9D16EC014C72}.Release|x86.Build.0 = Release|Any CPU
		{7CB4193C-A7B1-46F8-A64E-950207A5BEB3}.Debug|Any CPU.ActiveCfg = Debug|Any CPU
		{7CB4193C-A7B1-46F8-A64E-950207A5BEB3}.Debug|Any CPU.Build.0 = Debug|Any CPU
		{7CB4193C-A7B1-46F8-A64E-950207A5BEB3}.Debug|x64.ActiveCfg = Debug|Any CPU
		{7CB4193C-A7B1-46F8-A64E-950207A5BEB3}.Debug|x64.Build.0 = Debug|Any CPU
		{7CB4193C-A7B1-46F8-A64E-950207A5BEB3}.Debug|x86.ActiveCfg = Debug|Any CPU
		{7CB4193C-A7B1-46F8-A64E-950207A5BEB3}.Debug|x86.Build.0 = Debug|Any CPU
		{7CB4193C-A7B1-46F8-A64E-950207A5BEB3}.Release|Any CPU.ActiveCfg = Release|Any CPU
		{7CB4193C-A7B1-46F8-A64E-950207A5BEB3}.Release|Any CPU.Build.0 = Release|Any CPU
		{7CB4193C-A7B1-46F8-A64E-950207A5BEB3}.Release|x64.ActiveCfg = Release|Any CPU
		{7CB4193C-A7B1-46F8-A64E-950207A5BEB3}.Release|x64.Build.0 = Release|Any CPU
		{7CB4193C-A7B1-46F8-A64E-950207A5BEB3}.Release|x86.ActiveCfg = Release|Any CPU
		{7CB4193C-A7B1-46F8-A64E-950207A5BEB3}.Release|x86.Build.0 = Release|Any CPU
		{2B26F414-F4D8-4DA8-A74A-EA62AC1EB3BE}.Debug|Any CPU.ActiveCfg = Debug|Any CPU
		{2B26F414-F4D8-4DA8-A74A-EA62AC1EB3BE}.Debug|Any CPU.Build.0 = Debug|Any CPU
		{2B26F414-F4D8-4DA8-A74A-EA62AC1EB3BE}.Debug|x64.ActiveCfg = Debug|Any CPU
		{2B26F414-F4D8-4DA8-A74A-EA62AC1EB3BE}.Debug|x64.Build.0 = Debug|Any CPU
		{2B26F414-F4D8-4DA8-A74A-EA62AC1EB3BE}.Debug|x86.ActiveCfg = Debug|Any CPU
		{2B26F414-F4D8-4DA8-A74A-EA62AC1EB3BE}.Debug|x86.Build.0 = Debug|Any CPU
		{2B26F414-F4D8-4DA8-A74A-EA62AC1EB3BE}.Release|Any CPU.ActiveCfg = Release|Any CPU
		{2B26F414-F4D8-4DA8-A74A-EA62AC1EB3BE}.Release|Any CPU.Build.0 = Release|Any CPU
		{2B26F414-F4D8-4DA8-A74A-EA62AC1EB3BE}.Release|x64.ActiveCfg = Release|Any CPU
		{2B26F414-F4D8-4DA8-A74A-EA62AC1EB3BE}.Release|x64.Build.0 = Release|Any CPU
		{2B26F414-F4D8-4DA8-A74A-EA62AC1EB3BE}.Release|x86.ActiveCfg = Release|Any CPU
		{2B26F414-F4D8-4DA8-A74A-EA62AC1EB3BE}.Release|x86.Build.0 = Release|Any CPU
		{9543F089-C16E-4214-8DCE-5451885638E1}.Debug|Any CPU.ActiveCfg = Debug|Any CPU
		{9543F089-C16E-4214-8DCE-5451885638E1}.Debug|Any CPU.Build.0 = Debug|Any CPU
		{9543F089-C16E-4214-8DCE-5451885638E1}.Debug|x64.ActiveCfg = Debug|Any CPU
		{9543F089-C16E-4214-8DCE-5451885638E1}.Debug|x64.Build.0 = Debug|Any CPU
		{9543F089-C16E-4214-8DCE-5451885638E1}.Debug|x86.ActiveCfg = Debug|Any CPU
		{9543F089-C16E-4214-8DCE-5451885638E1}.Debug|x86.Build.0 = Debug|Any CPU
		{9543F089-C16E-4214-8DCE-5451885638E1}.Release|Any CPU.ActiveCfg = Release|Any CPU
		{9543F089-C16E-4214-8DCE-5451885638E1}.Release|Any CPU.Build.0 = Release|Any CPU
		{9543F089-C16E-4214-8DCE-5451885638E1}.Release|x64.ActiveCfg = Release|Any CPU
		{9543F089-C16E-4214-8DCE-5451885638E1}.Release|x64.Build.0 = Release|Any CPU
		{9543F089-C16E-4214-8DCE-5451885638E1}.Release|x86.ActiveCfg = Release|Any CPU
		{9543F089-C16E-4214-8DCE-5451885638E1}.Release|x86.Build.0 = Release|Any CPU
		{68E6D426-EFDF-4E17-A98C-6693BDA21211}.Debug|Any CPU.ActiveCfg = Debug|Any CPU
		{68E6D426-EFDF-4E17-A98C-6693BDA21211}.Debug|Any CPU.Build.0 = Debug|Any CPU
		{68E6D426-EFDF-4E17-A98C-6693BDA21211}.Debug|x64.ActiveCfg = Debug|Any CPU
		{68E6D426-EFDF-4E17-A98C-6693BDA21211}.Debug|x64.Build.0 = Debug|Any CPU
		{68E6D426-EFDF-4E17-A98C-6693BDA21211}.Debug|x86.ActiveCfg = Debug|Any CPU
		{68E6D426-EFDF-4E17-A98C-6693BDA21211}.Debug|x86.Build.0 = Debug|Any CPU
		{68E6D426-EFDF-4E17-A98C-6693BDA21211}.Release|Any CPU.ActiveCfg = Release|Any CPU
		{68E6D426-EFDF-4E17-A98C-6693BDA21211}.Release|Any CPU.Build.0 = Release|Any CPU
		{68E6D426-EFDF-4E17-A98C-6693BDA21211}.Release|x64.ActiveCfg = Release|Any CPU
		{68E6D426-EFDF-4E17-A98C-6693BDA21211}.Release|x64.Build.0 = Release|Any CPU
		{68E6D426-EFDF-4E17-A98C-6693BDA21211}.Release|x86.ActiveCfg = Release|Any CPU
		{68E6D426-EFDF-4E17-A98C-6693BDA21211}.Release|x86.Build.0 = Release|Any CPU
		{27C83A0A-E258-4C2A-94A8-25F7681C0876}.Debug|Any CPU.ActiveCfg = Debug|Any CPU
		{27C83A0A-E258-4C2A-94A8-25F7681C0876}.Debug|Any CPU.Build.0 = Debug|Any CPU
		{27C83A0A-E258-4C2A-94A8-25F7681C0876}.Debug|x64.ActiveCfg = Debug|Any CPU
		{27C83A0A-E258-4C2A-94A8-25F7681C0876}.Debug|x64.Build.0 = Debug|Any CPU
		{27C83A0A-E258-4C2A-94A8-25F7681C0876}.Debug|x86.ActiveCfg = Debug|Any CPU
		{27C83A0A-E258-4C2A-94A8-25F7681C0876}.Debug|x86.Build.0 = Debug|Any CPU
		{27C83A0A-E258-4C2A-94A8-25F7681C0876}.Release|Any CPU.ActiveCfg = Release|Any CPU
		{27C83A0A-E258-4C2A-94A8-25F7681C0876}.Release|Any CPU.Build.0 = Release|Any CPU
		{27C83A0A-E258-4C2A-94A8-25F7681C0876}.Release|x64.ActiveCfg = Release|Any CPU
		{27C83A0A-E258-4C2A-94A8-25F7681C0876}.Release|x64.Build.0 = Release|Any CPU
		{27C83A0A-E258-4C2A-94A8-25F7681C0876}.Release|x86.ActiveCfg = Release|Any CPU
		{27C83A0A-E258-4C2A-94A8-25F7681C0876}.Release|x86.Build.0 = Release|Any CPU
		{DDA83B6A-D689-49AC-ABA0-8B3C64408D80}.Debug|Any CPU.ActiveCfg = Debug|Any CPU
		{DDA83B6A-D689-49AC-ABA0-8B3C64408D80}.Debug|Any CPU.Build.0 = Debug|Any CPU
		{DDA83B6A-D689-49AC-ABA0-8B3C64408D80}.Debug|x64.ActiveCfg = Debug|Any CPU
		{DDA83B6A-D689-49AC-ABA0-8B3C64408D80}.Debug|x64.Build.0 = Debug|Any CPU
		{DDA83B6A-D689-49AC-ABA0-8B3C64408D80}.Debug|x86.ActiveCfg = Debug|Any CPU
		{DDA83B6A-D689-49AC-ABA0-8B3C64408D80}.Debug|x86.Build.0 = Debug|Any CPU
		{DDA83B6A-D689-49AC-ABA0-8B3C64408D80}.Release|Any CPU.ActiveCfg = Release|Any CPU
		{DDA83B6A-D689-49AC-ABA0-8B3C64408D80}.Release|Any CPU.Build.0 = Release|Any CPU
		{DDA83B6A-D689-49AC-ABA0-8B3C64408D80}.Release|x64.ActiveCfg = Release|Any CPU
		{DDA83B6A-D689-49AC-ABA0-8B3C64408D80}.Release|x64.Build.0 = Release|Any CPU
		{DDA83B6A-D689-49AC-ABA0-8B3C64408D80}.Release|x86.ActiveCfg = Release|Any CPU
		{DDA83B6A-D689-49AC-ABA0-8B3C64408D80}.Release|x86.Build.0 = Release|Any CPU
		{08F88F87-D5E7-4C30-BD68-A31BD170AB0A}.Debug|Any CPU.ActiveCfg = Debug|Any CPU
		{08F88F87-D5E7-4C30-BD68-A31BD170AB0A}.Debug|Any CPU.Build.0 = Debug|Any CPU
		{08F88F87-D5E7-4C30-BD68-A31BD170AB0A}.Debug|x64.ActiveCfg = Debug|Any CPU
		{08F88F87-D5E7-4C30-BD68-A31BD170AB0A}.Debug|x64.Build.0 = Debug|Any CPU
		{08F88F87-D5E7-4C30-BD68-A31BD170AB0A}.Debug|x86.ActiveCfg = Debug|Any CPU
		{08F88F87-D5E7-4C30-BD68-A31BD170AB0A}.Debug|x86.Build.0 = Debug|Any CPU
		{08F88F87-D5E7-4C30-BD68-A31BD170AB0A}.Release|Any CPU.ActiveCfg = Release|Any CPU
		{08F88F87-D5E7-4C30-BD68-A31BD170AB0A}.Release|Any CPU.Build.0 = Release|Any CPU
		{08F88F87-D5E7-4C30-BD68-A31BD170AB0A}.Release|x64.ActiveCfg = Release|Any CPU
		{08F88F87-D5E7-4C30-BD68-A31BD170AB0A}.Release|x64.Build.0 = Release|Any CPU
		{08F88F87-D5E7-4C30-BD68-A31BD170AB0A}.Release|x86.ActiveCfg = Release|Any CPU
		{08F88F87-D5E7-4C30-BD68-A31BD170AB0A}.Release|x86.Build.0 = Release|Any CPU
		{A9DD05EB-B3C7-4A1F-ACEB-FA51A787CF1C}.Debug|Any CPU.ActiveCfg = Debug|Any CPU
		{A9DD05EB-B3C7-4A1F-ACEB-FA51A787CF1C}.Debug|Any CPU.Build.0 = Debug|Any CPU
		{A9DD05EB-B3C7-4A1F-ACEB-FA51A787CF1C}.Debug|x64.ActiveCfg = Debug|Any CPU
		{A9DD05EB-B3C7-4A1F-ACEB-FA51A787CF1C}.Debug|x64.Build.0 = Debug|Any CPU
		{A9DD05EB-B3C7-4A1F-ACEB-FA51A787CF1C}.Debug|x86.ActiveCfg = Debug|Any CPU
		{A9DD05EB-B3C7-4A1F-ACEB-FA51A787CF1C}.Debug|x86.Build.0 = Debug|Any CPU
		{A9DD05EB-B3C7-4A1F-ACEB-FA51A787CF1C}.Release|Any CPU.ActiveCfg = Release|Any CPU
		{A9DD05EB-B3C7-4A1F-ACEB-FA51A787CF1C}.Release|Any CPU.Build.0 = Release|Any CPU
		{A9DD05EB-B3C7-4A1F-ACEB-FA51A787CF1C}.Release|x64.ActiveCfg = Release|Any CPU
		{A9DD05EB-B3C7-4A1F-ACEB-FA51A787CF1C}.Release|x64.Build.0 = Release|Any CPU
		{A9DD05EB-B3C7-4A1F-ACEB-FA51A787CF1C}.Release|x86.ActiveCfg = Release|Any CPU
		{A9DD05EB-B3C7-4A1F-ACEB-FA51A787CF1C}.Release|x86.Build.0 = Release|Any CPU
		{9A004B48-A289-4C0A-8545-8DE31D4AF3E4}.Debug|Any CPU.ActiveCfg = Debug|Any CPU
		{9A004B48-A289-4C0A-8545-8DE31D4AF3E4}.Debug|Any CPU.Build.0 = Debug|Any CPU
		{9A004B48-A289-4C0A-8545-8DE31D4AF3E4}.Debug|x64.ActiveCfg = Debug|Any CPU
		{9A004B48-A289-4C0A-8545-8DE31D4AF3E4}.Debug|x64.Build.0 = Debug|Any CPU
		{9A004B48-A289-4C0A-8545-8DE31D4AF3E4}.Debug|x86.ActiveCfg = Debug|Any CPU
		{9A004B48-A289-4C0A-8545-8DE31D4AF3E4}.Debug|x86.Build.0 = Debug|Any CPU
		{9A004B48-A289-4C0A-8545-8DE31D4AF3E4}.Release|Any CPU.ActiveCfg = Release|Any CPU
		{9A004B48-A289-4C0A-8545-8DE31D4AF3E4}.Release|Any CPU.Build.0 = Release|Any CPU
		{9A004B48-A289-4C0A-8545-8DE31D4AF3E4}.Release|x64.ActiveCfg = Release|Any CPU
		{9A004B48-A289-4C0A-8545-8DE31D4AF3E4}.Release|x64.Build.0 = Release|Any CPU
		{9A004B48-A289-4C0A-8545-8DE31D4AF3E4}.Release|x86.ActiveCfg = Release|Any CPU
		{9A004B48-A289-4C0A-8545-8DE31D4AF3E4}.Release|x86.Build.0 = Release|Any CPU
		{F585BA17-8D6D-424F-939D-01819B3CE43E}.Debug|Any CPU.ActiveCfg = Debug|Any CPU
		{F585BA17-8D6D-424F-939D-01819B3CE43E}.Debug|Any CPU.Build.0 = Debug|Any CPU
		{F585BA17-8D6D-424F-939D-01819B3CE43E}.Debug|x64.ActiveCfg = Debug|Any CPU
		{F585BA17-8D6D-424F-939D-01819B3CE43E}.Debug|x64.Build.0 = Debug|Any CPU
		{F585BA17-8D6D-424F-939D-01819B3CE43E}.Debug|x86.ActiveCfg = Debug|Any CPU
		{F585BA17-8D6D-424F-939D-01819B3CE43E}.Debug|x86.Build.0 = Debug|Any CPU
		{F585BA17-8D6D-424F-939D-01819B3CE43E}.Release|Any CPU.ActiveCfg = Release|Any CPU
		{F585BA17-8D6D-424F-939D-01819B3CE43E}.Release|Any CPU.Build.0 = Release|Any CPU
		{F585BA17-8D6D-424F-939D-01819B3CE43E}.Release|x64.ActiveCfg = Release|Any CPU
		{F585BA17-8D6D-424F-939D-01819B3CE43E}.Release|x64.Build.0 = Release|Any CPU
		{F585BA17-8D6D-424F-939D-01819B3CE43E}.Release|x86.ActiveCfg = Release|Any CPU
		{F585BA17-8D6D-424F-939D-01819B3CE43E}.Release|x86.Build.0 = Release|Any CPU
		{F858644D-F832-48C0-BA74-E158DC5EE8E5}.Debug|Any CPU.ActiveCfg = Debug|Any CPU
		{F858644D-F832-48C0-BA74-E158DC5EE8E5}.Debug|Any CPU.Build.0 = Debug|Any CPU
		{F858644D-F832-48C0-BA74-E158DC5EE8E5}.Debug|x64.ActiveCfg = Debug|Any CPU
		{F858644D-F832-48C0-BA74-E158DC5EE8E5}.Debug|x64.Build.0 = Debug|Any CPU
		{F858644D-F832-48C0-BA74-E158DC5EE8E5}.Debug|x86.ActiveCfg = Debug|Any CPU
		{F858644D-F832-48C0-BA74-E158DC5EE8E5}.Debug|x86.Build.0 = Debug|Any CPU
		{F858644D-F832-48C0-BA74-E158DC5EE8E5}.Release|Any CPU.ActiveCfg = Release|Any CPU
		{F858644D-F832-48C0-BA74-E158DC5EE8E5}.Release|Any CPU.Build.0 = Release|Any CPU
		{F858644D-F832-48C0-BA74-E158DC5EE8E5}.Release|x64.ActiveCfg = Release|Any CPU
		{F858644D-F832-48C0-BA74-E158DC5EE8E5}.Release|x64.Build.0 = Release|Any CPU
		{F858644D-F832-48C0-BA74-E158DC5EE8E5}.Release|x86.ActiveCfg = Release|Any CPU
		{F858644D-F832-48C0-BA74-E158DC5EE8E5}.Release|x86.Build.0 = Release|Any CPU
		{FB056168-1DDF-4386-9EAC-869B006F0DC3}.Debug|Any CPU.ActiveCfg = Debug|Any CPU
		{FB056168-1DDF-4386-9EAC-869B006F0DC3}.Debug|Any CPU.Build.0 = Debug|Any CPU
		{FB056168-1DDF-4386-9EAC-869B006F0DC3}.Debug|x64.ActiveCfg = Debug|Any CPU
		{FB056168-1DDF-4386-9EAC-869B006F0DC3}.Debug|x64.Build.0 = Debug|Any CPU
		{FB056168-1DDF-4386-9EAC-869B006F0DC3}.Debug|x86.ActiveCfg = Debug|Any CPU
		{FB056168-1DDF-4386-9EAC-869B006F0DC3}.Debug|x86.Build.0 = Debug|Any CPU
		{FB056168-1DDF-4386-9EAC-869B006F0DC3}.Release|Any CPU.ActiveCfg = Release|Any CPU
		{FB056168-1DDF-4386-9EAC-869B006F0DC3}.Release|Any CPU.Build.0 = Release|Any CPU
		{FB056168-1DDF-4386-9EAC-869B006F0DC3}.Release|x64.ActiveCfg = Release|Any CPU
		{FB056168-1DDF-4386-9EAC-869B006F0DC3}.Release|x64.Build.0 = Release|Any CPU
		{FB056168-1DDF-4386-9EAC-869B006F0DC3}.Release|x86.ActiveCfg = Release|Any CPU
		{FB056168-1DDF-4386-9EAC-869B006F0DC3}.Release|x86.Build.0 = Release|Any CPU
		{31710228-1F07-4473-816D-E1A95A15229A}.Debug|Any CPU.ActiveCfg = Debug|Any CPU
		{31710228-1F07-4473-816D-E1A95A15229A}.Debug|Any CPU.Build.0 = Debug|Any CPU
		{31710228-1F07-4473-816D-E1A95A15229A}.Debug|x64.ActiveCfg = Debug|Any CPU
		{31710228-1F07-4473-816D-E1A95A15229A}.Debug|x64.Build.0 = Debug|Any CPU
		{31710228-1F07-4473-816D-E1A95A15229A}.Debug|x86.ActiveCfg = Debug|Any CPU
		{31710228-1F07-4473-816D-E1A95A15229A}.Debug|x86.Build.0 = Debug|Any CPU
		{31710228-1F07-4473-816D-E1A95A15229A}.Release|Any CPU.ActiveCfg = Release|Any CPU
		{31710228-1F07-4473-816D-E1A95A15229A}.Release|Any CPU.Build.0 = Release|Any CPU
		{31710228-1F07-4473-816D-E1A95A15229A}.Release|x64.ActiveCfg = Release|Any CPU
		{31710228-1F07-4473-816D-E1A95A15229A}.Release|x64.Build.0 = Release|Any CPU
		{31710228-1F07-4473-816D-E1A95A15229A}.Release|x86.ActiveCfg = Release|Any CPU
		{31710228-1F07-4473-816D-E1A95A15229A}.Release|x86.Build.0 = Release|Any CPU
		{7665F878-40F1-4626-AE41-359652E5DC84}.Debug|Any CPU.ActiveCfg = Debug|Any CPU
		{7665F878-40F1-4626-AE41-359652E5DC84}.Debug|Any CPU.Build.0 = Debug|Any CPU
		{7665F878-40F1-4626-AE41-359652E5DC84}.Debug|x64.ActiveCfg = Debug|Any CPU
		{7665F878-40F1-4626-AE41-359652E5DC84}.Debug|x64.Build.0 = Debug|Any CPU
		{7665F878-40F1-4626-AE41-359652E5DC84}.Debug|x86.ActiveCfg = Debug|Any CPU
		{7665F878-40F1-4626-AE41-359652E5DC84}.Debug|x86.Build.0 = Debug|Any CPU
		{7665F878-40F1-4626-AE41-359652E5DC84}.Release|Any CPU.ActiveCfg = Release|Any CPU
		{7665F878-40F1-4626-AE41-359652E5DC84}.Release|Any CPU.Build.0 = Release|Any CPU
		{7665F878-40F1-4626-AE41-359652E5DC84}.Release|x64.ActiveCfg = Release|Any CPU
		{7665F878-40F1-4626-AE41-359652E5DC84}.Release|x64.Build.0 = Release|Any CPU
		{7665F878-40F1-4626-AE41-359652E5DC84}.Release|x86.ActiveCfg = Release|Any CPU
		{7665F878-40F1-4626-AE41-359652E5DC84}.Release|x86.Build.0 = Release|Any CPU
		{92675BDF-F06D-4DF9-A052-C386F6BD315F}.Debug|Any CPU.ActiveCfg = Debug|Any CPU
		{92675BDF-F06D-4DF9-A052-C386F6BD315F}.Debug|Any CPU.Build.0 = Debug|Any CPU
		{92675BDF-F06D-4DF9-A052-C386F6BD315F}.Debug|x64.ActiveCfg = Debug|Any CPU
		{92675BDF-F06D-4DF9-A052-C386F6BD315F}.Debug|x64.Build.0 = Debug|Any CPU
		{92675BDF-F06D-4DF9-A052-C386F6BD315F}.Debug|x86.ActiveCfg = Debug|Any CPU
		{92675BDF-F06D-4DF9-A052-C386F6BD315F}.Debug|x86.Build.0 = Debug|Any CPU
		{92675BDF-F06D-4DF9-A052-C386F6BD315F}.Release|Any CPU.ActiveCfg = Release|Any CPU
		{92675BDF-F06D-4DF9-A052-C386F6BD315F}.Release|Any CPU.Build.0 = Release|Any CPU
		{92675BDF-F06D-4DF9-A052-C386F6BD315F}.Release|x64.ActiveCfg = Release|Any CPU
		{92675BDF-F06D-4DF9-A052-C386F6BD315F}.Release|x64.Build.0 = Release|Any CPU
		{92675BDF-F06D-4DF9-A052-C386F6BD315F}.Release|x86.ActiveCfg = Release|Any CPU
		{92675BDF-F06D-4DF9-A052-C386F6BD315F}.Release|x86.Build.0 = Release|Any CPU
		{BFBF4386-84E1-47F0-83DF-707832AC11D1}.Debug|Any CPU.ActiveCfg = Debug|Any CPU
		{BFBF4386-84E1-47F0-83DF-707832AC11D1}.Debug|Any CPU.Build.0 = Debug|Any CPU
		{BFBF4386-84E1-47F0-83DF-707832AC11D1}.Debug|x64.ActiveCfg = Debug|Any CPU
		{BFBF4386-84E1-47F0-83DF-707832AC11D1}.Debug|x64.Build.0 = Debug|Any CPU
		{BFBF4386-84E1-47F0-83DF-707832AC11D1}.Debug|x86.ActiveCfg = Debug|Any CPU
		{BFBF4386-84E1-47F0-83DF-707832AC11D1}.Debug|x86.Build.0 = Debug|Any CPU
		{BFBF4386-84E1-47F0-83DF-707832AC11D1}.Release|Any CPU.ActiveCfg = Release|Any CPU
		{BFBF4386-84E1-47F0-83DF-707832AC11D1}.Release|Any CPU.Build.0 = Release|Any CPU
		{BFBF4386-84E1-47F0-83DF-707832AC11D1}.Release|x64.ActiveCfg = Release|Any CPU
		{BFBF4386-84E1-47F0-83DF-707832AC11D1}.Release|x64.Build.0 = Release|Any CPU
		{BFBF4386-84E1-47F0-83DF-707832AC11D1}.Release|x86.ActiveCfg = Release|Any CPU
		{BFBF4386-84E1-47F0-83DF-707832AC11D1}.Release|x86.Build.0 = Release|Any CPU
		{8FDCE604-84D5-4C2D-88C8-84A92B2FD985}.Debug|Any CPU.ActiveCfg = Debug|Any CPU
		{8FDCE604-84D5-4C2D-88C8-84A92B2FD985}.Debug|Any CPU.Build.0 = Debug|Any CPU
		{8FDCE604-84D5-4C2D-88C8-84A92B2FD985}.Debug|x64.ActiveCfg = Debug|Any CPU
		{8FDCE604-84D5-4C2D-88C8-84A92B2FD985}.Debug|x64.Build.0 = Debug|Any CPU
		{8FDCE604-84D5-4C2D-88C8-84A92B2FD985}.Debug|x86.ActiveCfg = Debug|Any CPU
		{8FDCE604-84D5-4C2D-88C8-84A92B2FD985}.Debug|x86.Build.0 = Debug|Any CPU
		{8FDCE604-84D5-4C2D-88C8-84A92B2FD985}.Release|Any CPU.ActiveCfg = Release|Any CPU
		{8FDCE604-84D5-4C2D-88C8-84A92B2FD985}.Release|Any CPU.Build.0 = Release|Any CPU
		{8FDCE604-84D5-4C2D-88C8-84A92B2FD985}.Release|x64.ActiveCfg = Release|Any CPU
		{8FDCE604-84D5-4C2D-88C8-84A92B2FD985}.Release|x64.Build.0 = Release|Any CPU
		{8FDCE604-84D5-4C2D-88C8-84A92B2FD985}.Release|x86.ActiveCfg = Release|Any CPU
		{8FDCE604-84D5-4C2D-88C8-84A92B2FD985}.Release|x86.Build.0 = Release|Any CPU
		{C0B6D383-B8EC-4933-A0C7-F68F02A21D64}.Debug|Any CPU.ActiveCfg = Debug|Any CPU
		{C0B6D383-B8EC-4933-A0C7-F68F02A21D64}.Debug|Any CPU.Build.0 = Debug|Any CPU
		{C0B6D383-B8EC-4933-A0C7-F68F02A21D64}.Debug|x64.ActiveCfg = Debug|Any CPU
		{C0B6D383-B8EC-4933-A0C7-F68F02A21D64}.Debug|x64.Build.0 = Debug|Any CPU
		{C0B6D383-B8EC-4933-A0C7-F68F02A21D64}.Debug|x86.ActiveCfg = Debug|Any CPU
		{C0B6D383-B8EC-4933-A0C7-F68F02A21D64}.Debug|x86.Build.0 = Debug|Any CPU
		{C0B6D383-B8EC-4933-A0C7-F68F02A21D64}.Release|Any CPU.ActiveCfg = Release|Any CPU
		{C0B6D383-B8EC-4933-A0C7-F68F02A21D64}.Release|Any CPU.Build.0 = Release|Any CPU
		{C0B6D383-B8EC-4933-A0C7-F68F02A21D64}.Release|x64.ActiveCfg = Release|Any CPU
		{C0B6D383-B8EC-4933-A0C7-F68F02A21D64}.Release|x64.Build.0 = Release|Any CPU
		{C0B6D383-B8EC-4933-A0C7-F68F02A21D64}.Release|x86.ActiveCfg = Release|Any CPU
		{C0B6D383-B8EC-4933-A0C7-F68F02A21D64}.Release|x86.Build.0 = Release|Any CPU
		{A8934B0E-B8FC-4A01-82B9-B59D38982AA4}.Debug|Any CPU.ActiveCfg = Debug|Any CPU
		{A8934B0E-B8FC-4A01-82B9-B59D38982AA4}.Debug|Any CPU.Build.0 = Debug|Any CPU
		{A8934B0E-B8FC-4A01-82B9-B59D38982AA4}.Debug|x64.ActiveCfg = Debug|Any CPU
		{A8934B0E-B8FC-4A01-82B9-B59D38982AA4}.Debug|x64.Build.0 = Debug|Any CPU
		{A8934B0E-B8FC-4A01-82B9-B59D38982AA4}.Debug|x86.ActiveCfg = Debug|Any CPU
		{A8934B0E-B8FC-4A01-82B9-B59D38982AA4}.Debug|x86.Build.0 = Debug|Any CPU
		{A8934B0E-B8FC-4A01-82B9-B59D38982AA4}.Release|Any CPU.ActiveCfg = Release|Any CPU
		{A8934B0E-B8FC-4A01-82B9-B59D38982AA4}.Release|Any CPU.Build.0 = Release|Any CPU
		{A8934B0E-B8FC-4A01-82B9-B59D38982AA4}.Release|x64.ActiveCfg = Release|Any CPU
		{A8934B0E-B8FC-4A01-82B9-B59D38982AA4}.Release|x64.Build.0 = Release|Any CPU
		{A8934B0E-B8FC-4A01-82B9-B59D38982AA4}.Release|x86.ActiveCfg = Release|Any CPU
		{A8934B0E-B8FC-4A01-82B9-B59D38982AA4}.Release|x86.Build.0 = Release|Any CPU
		{7D20089C-DCA0-42C5-80E3-07E968F635CD}.Debug|Any CPU.ActiveCfg = Debug|Any CPU
		{7D20089C-DCA0-42C5-80E3-07E968F635CD}.Debug|Any CPU.Build.0 = Debug|Any CPU
		{7D20089C-DCA0-42C5-80E3-07E968F635CD}.Debug|x64.ActiveCfg = Debug|Any CPU
		{7D20089C-DCA0-42C5-80E3-07E968F635CD}.Debug|x64.Build.0 = Debug|Any CPU
		{7D20089C-DCA0-42C5-80E3-07E968F635CD}.Debug|x86.ActiveCfg = Debug|Any CPU
		{7D20089C-DCA0-42C5-80E3-07E968F635CD}.Debug|x86.Build.0 = Debug|Any CPU
		{7D20089C-DCA0-42C5-80E3-07E968F635CD}.Release|Any CPU.ActiveCfg = Release|Any CPU
		{7D20089C-DCA0-42C5-80E3-07E968F635CD}.Release|Any CPU.Build.0 = Release|Any CPU
		{7D20089C-DCA0-42C5-80E3-07E968F635CD}.Release|x64.ActiveCfg = Release|Any CPU
		{7D20089C-DCA0-42C5-80E3-07E968F635CD}.Release|x64.Build.0 = Release|Any CPU
		{7D20089C-DCA0-42C5-80E3-07E968F635CD}.Release|x86.ActiveCfg = Release|Any CPU
		{7D20089C-DCA0-42C5-80E3-07E968F635CD}.Release|x86.Build.0 = Release|Any CPU
		{5F05DE83-2233-4816-BAC7-8F34F89B9E5E}.Debug|Any CPU.ActiveCfg = Debug|Any CPU
		{5F05DE83-2233-4816-BAC7-8F34F89B9E5E}.Debug|Any CPU.Build.0 = Debug|Any CPU
		{5F05DE83-2233-4816-BAC7-8F34F89B9E5E}.Debug|x64.ActiveCfg = Debug|Any CPU
		{5F05DE83-2233-4816-BAC7-8F34F89B9E5E}.Debug|x64.Build.0 = Debug|Any CPU
		{5F05DE83-2233-4816-BAC7-8F34F89B9E5E}.Debug|x86.ActiveCfg = Debug|Any CPU
		{5F05DE83-2233-4816-BAC7-8F34F89B9E5E}.Debug|x86.Build.0 = Debug|Any CPU
		{5F05DE83-2233-4816-BAC7-8F34F89B9E5E}.Release|Any CPU.ActiveCfg = Release|Any CPU
		{5F05DE83-2233-4816-BAC7-8F34F89B9E5E}.Release|Any CPU.Build.0 = Release|Any CPU
		{5F05DE83-2233-4816-BAC7-8F34F89B9E5E}.Release|x64.ActiveCfg = Release|Any CPU
		{5F05DE83-2233-4816-BAC7-8F34F89B9E5E}.Release|x64.Build.0 = Release|Any CPU
		{5F05DE83-2233-4816-BAC7-8F34F89B9E5E}.Release|x86.ActiveCfg = Release|Any CPU
		{5F05DE83-2233-4816-BAC7-8F34F89B9E5E}.Release|x86.Build.0 = Release|Any CPU
		{2AC2BC17-BAD4-4B76-959A-48845CAB156E}.Debug|Any CPU.ActiveCfg = Debug|Any CPU
		{2AC2BC17-BAD4-4B76-959A-48845CAB156E}.Debug|Any CPU.Build.0 = Debug|Any CPU
		{2AC2BC17-BAD4-4B76-959A-48845CAB156E}.Debug|x64.ActiveCfg = Debug|Any CPU
		{2AC2BC17-BAD4-4B76-959A-48845CAB156E}.Debug|x64.Build.0 = Debug|Any CPU
		{2AC2BC17-BAD4-4B76-959A-48845CAB156E}.Debug|x86.ActiveCfg = Debug|Any CPU
		{2AC2BC17-BAD4-4B76-959A-48845CAB156E}.Debug|x86.Build.0 = Debug|Any CPU
		{2AC2BC17-BAD4-4B76-959A-48845CAB156E}.Release|Any CPU.ActiveCfg = Release|Any CPU
		{2AC2BC17-BAD4-4B76-959A-48845CAB156E}.Release|Any CPU.Build.0 = Release|Any CPU
		{2AC2BC17-BAD4-4B76-959A-48845CAB156E}.Release|x64.ActiveCfg = Release|Any CPU
		{2AC2BC17-BAD4-4B76-959A-48845CAB156E}.Release|x64.Build.0 = Release|Any CPU
		{2AC2BC17-BAD4-4B76-959A-48845CAB156E}.Release|x86.ActiveCfg = Release|Any CPU
		{2AC2BC17-BAD4-4B76-959A-48845CAB156E}.Release|x86.Build.0 = Release|Any CPU
		{84493EE3-874B-4193-9477-AF5C6EB0D331}.Debug|Any CPU.ActiveCfg = Debug|Any CPU
		{84493EE3-874B-4193-9477-AF5C6EB0D331}.Debug|Any CPU.Build.0 = Debug|Any CPU
		{84493EE3-874B-4193-9477-AF5C6EB0D331}.Debug|x64.ActiveCfg = Debug|Any CPU
		{84493EE3-874B-4193-9477-AF5C6EB0D331}.Debug|x64.Build.0 = Debug|Any CPU
		{84493EE3-874B-4193-9477-AF5C6EB0D331}.Debug|x86.ActiveCfg = Debug|Any CPU
		{84493EE3-874B-4193-9477-AF5C6EB0D331}.Debug|x86.Build.0 = Debug|Any CPU
		{84493EE3-874B-4193-9477-AF5C6EB0D331}.Release|Any CPU.ActiveCfg = Release|Any CPU
		{84493EE3-874B-4193-9477-AF5C6EB0D331}.Release|Any CPU.Build.0 = Release|Any CPU
		{84493EE3-874B-4193-9477-AF5C6EB0D331}.Release|x64.ActiveCfg = Release|Any CPU
		{84493EE3-874B-4193-9477-AF5C6EB0D331}.Release|x64.Build.0 = Release|Any CPU
		{84493EE3-874B-4193-9477-AF5C6EB0D331}.Release|x86.ActiveCfg = Release|Any CPU
		{84493EE3-874B-4193-9477-AF5C6EB0D331}.Release|x86.Build.0 = Release|Any CPU
		{E66E2004-5F60-431C-B061-1FD380D08E5B}.Debug|Any CPU.ActiveCfg = Debug|Any CPU
		{E66E2004-5F60-431C-B061-1FD380D08E5B}.Debug|Any CPU.Build.0 = Debug|Any CPU
		{E66E2004-5F60-431C-B061-1FD380D08E5B}.Debug|x64.ActiveCfg = Debug|Any CPU
		{E66E2004-5F60-431C-B061-1FD380D08E5B}.Debug|x64.Build.0 = Debug|Any CPU
		{E66E2004-5F60-431C-B061-1FD380D08E5B}.Debug|x86.ActiveCfg = Debug|Any CPU
		{E66E2004-5F60-431C-B061-1FD380D08E5B}.Debug|x86.Build.0 = Debug|Any CPU
		{E66E2004-5F60-431C-B061-1FD380D08E5B}.Release|Any CPU.ActiveCfg = Release|Any CPU
		{E66E2004-5F60-431C-B061-1FD380D08E5B}.Release|Any CPU.Build.0 = Release|Any CPU
		{E66E2004-5F60-431C-B061-1FD380D08E5B}.Release|x64.ActiveCfg = Release|Any CPU
		{E66E2004-5F60-431C-B061-1FD380D08E5B}.Release|x64.Build.0 = Release|Any CPU
		{E66E2004-5F60-431C-B061-1FD380D08E5B}.Release|x86.ActiveCfg = Release|Any CPU
		{E66E2004-5F60-431C-B061-1FD380D08E5B}.Release|x86.Build.0 = Release|Any CPU
		{55314FB6-A4D1-401F-9D11-59CE8A0A4610}.Debug|Any CPU.ActiveCfg = Debug|Any CPU
		{55314FB6-A4D1-401F-9D11-59CE8A0A4610}.Debug|Any CPU.Build.0 = Debug|Any CPU
		{55314FB6-A4D1-401F-9D11-59CE8A0A4610}.Debug|x64.ActiveCfg = Debug|Any CPU
		{55314FB6-A4D1-401F-9D11-59CE8A0A4610}.Debug|x64.Build.0 = Debug|Any CPU
		{55314FB6-A4D1-401F-9D11-59CE8A0A4610}.Debug|x86.ActiveCfg = Debug|Any CPU
		{55314FB6-A4D1-401F-9D11-59CE8A0A4610}.Debug|x86.Build.0 = Debug|Any CPU
		{55314FB6-A4D1-401F-9D11-59CE8A0A4610}.Release|Any CPU.ActiveCfg = Release|Any CPU
		{55314FB6-A4D1-401F-9D11-59CE8A0A4610}.Release|Any CPU.Build.0 = Release|Any CPU
		{55314FB6-A4D1-401F-9D11-59CE8A0A4610}.Release|x64.ActiveCfg = Release|Any CPU
		{55314FB6-A4D1-401F-9D11-59CE8A0A4610}.Release|x64.Build.0 = Release|Any CPU
		{55314FB6-A4D1-401F-9D11-59CE8A0A4610}.Release|x86.ActiveCfg = Release|Any CPU
		{55314FB6-A4D1-401F-9D11-59CE8A0A4610}.Release|x86.Build.0 = Release|Any CPU
		{41FCEE81-8BBB-4705-A1FE-5B9D8CC7B301}.Debug|Any CPU.ActiveCfg = Debug|Any CPU
		{41FCEE81-8BBB-4705-A1FE-5B9D8CC7B301}.Debug|Any CPU.Build.0 = Debug|Any CPU
		{41FCEE81-8BBB-4705-A1FE-5B9D8CC7B301}.Debug|x64.ActiveCfg = Debug|Any CPU
		{41FCEE81-8BBB-4705-A1FE-5B9D8CC7B301}.Debug|x64.Build.0 = Debug|Any CPU
		{41FCEE81-8BBB-4705-A1FE-5B9D8CC7B301}.Debug|x86.ActiveCfg = Debug|Any CPU
		{41FCEE81-8BBB-4705-A1FE-5B9D8CC7B301}.Debug|x86.Build.0 = Debug|Any CPU
		{41FCEE81-8BBB-4705-A1FE-5B9D8CC7B301}.Release|Any CPU.ActiveCfg = Release|Any CPU
		{41FCEE81-8BBB-4705-A1FE-5B9D8CC7B301}.Release|Any CPU.Build.0 = Release|Any CPU
		{41FCEE81-8BBB-4705-A1FE-5B9D8CC7B301}.Release|x64.ActiveCfg = Release|Any CPU
		{41FCEE81-8BBB-4705-A1FE-5B9D8CC7B301}.Release|x64.Build.0 = Release|Any CPU
		{41FCEE81-8BBB-4705-A1FE-5B9D8CC7B301}.Release|x86.ActiveCfg = Release|Any CPU
		{41FCEE81-8BBB-4705-A1FE-5B9D8CC7B301}.Release|x86.Build.0 = Release|Any CPU
		{BFA71AA2-07D7-4A62-A61A-F5900DAEFF42}.Debug|Any CPU.ActiveCfg = Debug|Any CPU
		{BFA71AA2-07D7-4A62-A61A-F5900DAEFF42}.Debug|Any CPU.Build.0 = Debug|Any CPU
		{BFA71AA2-07D7-4A62-A61A-F5900DAEFF42}.Debug|x64.ActiveCfg = Debug|Any CPU
		{BFA71AA2-07D7-4A62-A61A-F5900DAEFF42}.Debug|x64.Build.0 = Debug|Any CPU
		{BFA71AA2-07D7-4A62-A61A-F5900DAEFF42}.Debug|x86.ActiveCfg = Debug|Any CPU
		{BFA71AA2-07D7-4A62-A61A-F5900DAEFF42}.Debug|x86.Build.0 = Debug|Any CPU
		{BFA71AA2-07D7-4A62-A61A-F5900DAEFF42}.Release|Any CPU.ActiveCfg = Release|Any CPU
		{BFA71AA2-07D7-4A62-A61A-F5900DAEFF42}.Release|Any CPU.Build.0 = Release|Any CPU
		{BFA71AA2-07D7-4A62-A61A-F5900DAEFF42}.Release|x64.ActiveCfg = Release|Any CPU
		{BFA71AA2-07D7-4A62-A61A-F5900DAEFF42}.Release|x64.Build.0 = Release|Any CPU
		{BFA71AA2-07D7-4A62-A61A-F5900DAEFF42}.Release|x86.ActiveCfg = Release|Any CPU
		{BFA71AA2-07D7-4A62-A61A-F5900DAEFF42}.Release|x86.Build.0 = Release|Any CPU
		{36D57AF2-E8C0-4E16-B96F-295B66464D9D}.Debug|Any CPU.ActiveCfg = Debug|Any CPU
		{36D57AF2-E8C0-4E16-B96F-295B66464D9D}.Debug|Any CPU.Build.0 = Debug|Any CPU
		{36D57AF2-E8C0-4E16-B96F-295B66464D9D}.Debug|x64.ActiveCfg = Debug|Any CPU
		{36D57AF2-E8C0-4E16-B96F-295B66464D9D}.Debug|x64.Build.0 = Debug|Any CPU
		{36D57AF2-E8C0-4E16-B96F-295B66464D9D}.Debug|x86.ActiveCfg = Debug|Any CPU
		{36D57AF2-E8C0-4E16-B96F-295B66464D9D}.Debug|x86.Build.0 = Debug|Any CPU
		{36D57AF2-E8C0-4E16-B96F-295B66464D9D}.Release|Any CPU.ActiveCfg = Release|Any CPU
		{36D57AF2-E8C0-4E16-B96F-295B66464D9D}.Release|Any CPU.Build.0 = Release|Any CPU
		{36D57AF2-E8C0-4E16-B96F-295B66464D9D}.Release|x64.ActiveCfg = Release|Any CPU
		{36D57AF2-E8C0-4E16-B96F-295B66464D9D}.Release|x64.Build.0 = Release|Any CPU
		{36D57AF2-E8C0-4E16-B96F-295B66464D9D}.Release|x86.ActiveCfg = Release|Any CPU
		{36D57AF2-E8C0-4E16-B96F-295B66464D9D}.Release|x86.Build.0 = Release|Any CPU
		{740B3C8A-C03D-476A-8DEB-0AC60BA66407}.Debug|Any CPU.ActiveCfg = Debug|Any CPU
		{740B3C8A-C03D-476A-8DEB-0AC60BA66407}.Debug|Any CPU.Build.0 = Debug|Any CPU
		{740B3C8A-C03D-476A-8DEB-0AC60BA66407}.Debug|x64.ActiveCfg = Debug|Any CPU
		{740B3C8A-C03D-476A-8DEB-0AC60BA66407}.Debug|x64.Build.0 = Debug|Any CPU
		{740B3C8A-C03D-476A-8DEB-0AC60BA66407}.Debug|x86.ActiveCfg = Debug|Any CPU
		{740B3C8A-C03D-476A-8DEB-0AC60BA66407}.Debug|x86.Build.0 = Debug|Any CPU
		{740B3C8A-C03D-476A-8DEB-0AC60BA66407}.Release|Any CPU.ActiveCfg = Release|Any CPU
		{740B3C8A-C03D-476A-8DEB-0AC60BA66407}.Release|Any CPU.Build.0 = Release|Any CPU
		{740B3C8A-C03D-476A-8DEB-0AC60BA66407}.Release|x64.ActiveCfg = Release|Any CPU
		{740B3C8A-C03D-476A-8DEB-0AC60BA66407}.Release|x64.Build.0 = Release|Any CPU
		{740B3C8A-C03D-476A-8DEB-0AC60BA66407}.Release|x86.ActiveCfg = Release|Any CPU
		{740B3C8A-C03D-476A-8DEB-0AC60BA66407}.Release|x86.Build.0 = Release|Any CPU
		{07CD7F4C-6657-47A1-B7DB-1AAC3CDB2280}.Debug|Any CPU.ActiveCfg = Debug|Any CPU
		{07CD7F4C-6657-47A1-B7DB-1AAC3CDB2280}.Debug|Any CPU.Build.0 = Debug|Any CPU
		{07CD7F4C-6657-47A1-B7DB-1AAC3CDB2280}.Debug|x64.ActiveCfg = Debug|Any CPU
		{07CD7F4C-6657-47A1-B7DB-1AAC3CDB2280}.Debug|x64.Build.0 = Debug|Any CPU
		{07CD7F4C-6657-47A1-B7DB-1AAC3CDB2280}.Debug|x86.ActiveCfg = Debug|Any CPU
		{07CD7F4C-6657-47A1-B7DB-1AAC3CDB2280}.Debug|x86.Build.0 = Debug|Any CPU
		{07CD7F4C-6657-47A1-B7DB-1AAC3CDB2280}.Release|Any CPU.ActiveCfg = Release|Any CPU
		{07CD7F4C-6657-47A1-B7DB-1AAC3CDB2280}.Release|Any CPU.Build.0 = Release|Any CPU
		{07CD7F4C-6657-47A1-B7DB-1AAC3CDB2280}.Release|x64.ActiveCfg = Release|Any CPU
		{07CD7F4C-6657-47A1-B7DB-1AAC3CDB2280}.Release|x64.Build.0 = Release|Any CPU
		{07CD7F4C-6657-47A1-B7DB-1AAC3CDB2280}.Release|x86.ActiveCfg = Release|Any CPU
		{07CD7F4C-6657-47A1-B7DB-1AAC3CDB2280}.Release|x86.Build.0 = Release|Any CPU
		{D8E127E2-A40D-4771-84B2-E53F09BA9F8D}.Debug|Any CPU.ActiveCfg = Debug|Any CPU
		{D8E127E2-A40D-4771-84B2-E53F09BA9F8D}.Debug|Any CPU.Build.0 = Debug|Any CPU
		{D8E127E2-A40D-4771-84B2-E53F09BA9F8D}.Debug|x64.ActiveCfg = Debug|Any CPU
		{D8E127E2-A40D-4771-84B2-E53F09BA9F8D}.Debug|x64.Build.0 = Debug|Any CPU
		{D8E127E2-A40D-4771-84B2-E53F09BA9F8D}.Debug|x86.ActiveCfg = Debug|Any CPU
		{D8E127E2-A40D-4771-84B2-E53F09BA9F8D}.Debug|x86.Build.0 = Debug|Any CPU
		{D8E127E2-A40D-4771-84B2-E53F09BA9F8D}.Release|Any CPU.ActiveCfg = Release|Any CPU
		{D8E127E2-A40D-4771-84B2-E53F09BA9F8D}.Release|Any CPU.Build.0 = Release|Any CPU
		{D8E127E2-A40D-4771-84B2-E53F09BA9F8D}.Release|x64.ActiveCfg = Release|Any CPU
		{D8E127E2-A40D-4771-84B2-E53F09BA9F8D}.Release|x64.Build.0 = Release|Any CPU
		{D8E127E2-A40D-4771-84B2-E53F09BA9F8D}.Release|x86.ActiveCfg = Release|Any CPU
		{D8E127E2-A40D-4771-84B2-E53F09BA9F8D}.Release|x86.Build.0 = Release|Any CPU
		{6DE7FB56-D48D-4EE9-BDAB-80F6886CA9C4}.Debug|Any CPU.ActiveCfg = Debug|Any CPU
		{6DE7FB56-D48D-4EE9-BDAB-80F6886CA9C4}.Debug|Any CPU.Build.0 = Debug|Any CPU
		{6DE7FB56-D48D-4EE9-BDAB-80F6886CA9C4}.Debug|x64.ActiveCfg = Debug|Any CPU
		{6DE7FB56-D48D-4EE9-BDAB-80F6886CA9C4}.Debug|x64.Build.0 = Debug|Any CPU
		{6DE7FB56-D48D-4EE9-BDAB-80F6886CA9C4}.Debug|x86.ActiveCfg = Debug|Any CPU
		{6DE7FB56-D48D-4EE9-BDAB-80F6886CA9C4}.Debug|x86.Build.0 = Debug|Any CPU
		{6DE7FB56-D48D-4EE9-BDAB-80F6886CA9C4}.Release|Any CPU.ActiveCfg = Release|Any CPU
		{6DE7FB56-D48D-4EE9-BDAB-80F6886CA9C4}.Release|Any CPU.Build.0 = Release|Any CPU
		{6DE7FB56-D48D-4EE9-BDAB-80F6886CA9C4}.Release|x64.ActiveCfg = Release|Any CPU
		{6DE7FB56-D48D-4EE9-BDAB-80F6886CA9C4}.Release|x64.Build.0 = Release|Any CPU
		{6DE7FB56-D48D-4EE9-BDAB-80F6886CA9C4}.Release|x86.ActiveCfg = Release|Any CPU
		{6DE7FB56-D48D-4EE9-BDAB-80F6886CA9C4}.Release|x86.Build.0 = Release|Any CPU
		{2150AA8C-9E35-484B-BA1D-D7703E59989F}.Debug|Any CPU.ActiveCfg = Debug|Any CPU
		{2150AA8C-9E35-484B-BA1D-D7703E59989F}.Debug|Any CPU.Build.0 = Debug|Any CPU
		{2150AA8C-9E35-484B-BA1D-D7703E59989F}.Debug|x64.ActiveCfg = Debug|Any CPU
		{2150AA8C-9E35-484B-BA1D-D7703E59989F}.Debug|x64.Build.0 = Debug|Any CPU
		{2150AA8C-9E35-484B-BA1D-D7703E59989F}.Debug|x86.ActiveCfg = Debug|Any CPU
		{2150AA8C-9E35-484B-BA1D-D7703E59989F}.Debug|x86.Build.0 = Debug|Any CPU
		{2150AA8C-9E35-484B-BA1D-D7703E59989F}.Release|Any CPU.ActiveCfg = Release|Any CPU
		{2150AA8C-9E35-484B-BA1D-D7703E59989F}.Release|Any CPU.Build.0 = Release|Any CPU
		{2150AA8C-9E35-484B-BA1D-D7703E59989F}.Release|x64.ActiveCfg = Release|Any CPU
		{2150AA8C-9E35-484B-BA1D-D7703E59989F}.Release|x64.Build.0 = Release|Any CPU
		{2150AA8C-9E35-484B-BA1D-D7703E59989F}.Release|x86.ActiveCfg = Release|Any CPU
		{2150AA8C-9E35-484B-BA1D-D7703E59989F}.Release|x86.Build.0 = Release|Any CPU
		{B57EA62C-3BA6-4CF7-9861-4C6E32053674}.Debug|Any CPU.ActiveCfg = Debug|Any CPU
		{B57EA62C-3BA6-4CF7-9861-4C6E32053674}.Debug|Any CPU.Build.0 = Debug|Any CPU
		{B57EA62C-3BA6-4CF7-9861-4C6E32053674}.Debug|x64.ActiveCfg = Debug|Any CPU
		{B57EA62C-3BA6-4CF7-9861-4C6E32053674}.Debug|x64.Build.0 = Debug|Any CPU
		{B57EA62C-3BA6-4CF7-9861-4C6E32053674}.Debug|x86.ActiveCfg = Debug|Any CPU
		{B57EA62C-3BA6-4CF7-9861-4C6E32053674}.Debug|x86.Build.0 = Debug|Any CPU
		{B57EA62C-3BA6-4CF7-9861-4C6E32053674}.Release|Any CPU.ActiveCfg = Release|Any CPU
		{B57EA62C-3BA6-4CF7-9861-4C6E32053674}.Release|Any CPU.Build.0 = Release|Any CPU
		{B57EA62C-3BA6-4CF7-9861-4C6E32053674}.Release|x64.ActiveCfg = Release|Any CPU
		{B57EA62C-3BA6-4CF7-9861-4C6E32053674}.Release|x64.Build.0 = Release|Any CPU
		{B57EA62C-3BA6-4CF7-9861-4C6E32053674}.Release|x86.ActiveCfg = Release|Any CPU
		{B57EA62C-3BA6-4CF7-9861-4C6E32053674}.Release|x86.Build.0 = Release|Any CPU
		{3F3D1748-726F-46C4-9677-E777EAAFA7E5}.Debug|Any CPU.ActiveCfg = Debug|Any CPU
		{3F3D1748-726F-46C4-9677-E777EAAFA7E5}.Debug|Any CPU.Build.0 = Debug|Any CPU
		{3F3D1748-726F-46C4-9677-E777EAAFA7E5}.Debug|x64.ActiveCfg = Debug|Any CPU
		{3F3D1748-726F-46C4-9677-E777EAAFA7E5}.Debug|x64.Build.0 = Debug|Any CPU
		{3F3D1748-726F-46C4-9677-E777EAAFA7E5}.Debug|x86.ActiveCfg = Debug|Any CPU
		{3F3D1748-726F-46C4-9677-E777EAAFA7E5}.Debug|x86.Build.0 = Debug|Any CPU
		{3F3D1748-726F-46C4-9677-E777EAAFA7E5}.Release|Any CPU.ActiveCfg = Release|Any CPU
		{3F3D1748-726F-46C4-9677-E777EAAFA7E5}.Release|Any CPU.Build.0 = Release|Any CPU
		{3F3D1748-726F-46C4-9677-E777EAAFA7E5}.Release|x64.ActiveCfg = Release|Any CPU
		{3F3D1748-726F-46C4-9677-E777EAAFA7E5}.Release|x64.Build.0 = Release|Any CPU
		{3F3D1748-726F-46C4-9677-E777EAAFA7E5}.Release|x86.ActiveCfg = Release|Any CPU
		{3F3D1748-726F-46C4-9677-E777EAAFA7E5}.Release|x86.Build.0 = Release|Any CPU
		{E77539E3-B2DC-4893-B4A9-7287B8B8F1E9}.Debug|Any CPU.ActiveCfg = Debug|Any CPU
		{E77539E3-B2DC-4893-B4A9-7287B8B8F1E9}.Debug|Any CPU.Build.0 = Debug|Any CPU
		{E77539E3-B2DC-4893-B4A9-7287B8B8F1E9}.Debug|x64.ActiveCfg = Debug|Any CPU
		{E77539E3-B2DC-4893-B4A9-7287B8B8F1E9}.Debug|x64.Build.0 = Debug|Any CPU
		{E77539E3-B2DC-4893-B4A9-7287B8B8F1E9}.Debug|x86.ActiveCfg = Debug|Any CPU
		{E77539E3-B2DC-4893-B4A9-7287B8B8F1E9}.Debug|x86.Build.0 = Debug|Any CPU
		{E77539E3-B2DC-4893-B4A9-7287B8B8F1E9}.Release|Any CPU.ActiveCfg = Release|Any CPU
		{E77539E3-B2DC-4893-B4A9-7287B8B8F1E9}.Release|Any CPU.Build.0 = Release|Any CPU
		{E77539E3-B2DC-4893-B4A9-7287B8B8F1E9}.Release|x64.ActiveCfg = Release|Any CPU
		{E77539E3-B2DC-4893-B4A9-7287B8B8F1E9}.Release|x64.Build.0 = Release|Any CPU
		{E77539E3-B2DC-4893-B4A9-7287B8B8F1E9}.Release|x86.ActiveCfg = Release|Any CPU
		{E77539E3-B2DC-4893-B4A9-7287B8B8F1E9}.Release|x86.Build.0 = Release|Any CPU
		{A7E47710-C59A-4F83-89AC-B3B903BB690B}.Debug|Any CPU.ActiveCfg = Debug|Any CPU
		{A7E47710-C59A-4F83-89AC-B3B903BB690B}.Debug|Any CPU.Build.0 = Debug|Any CPU
		{A7E47710-C59A-4F83-89AC-B3B903BB690B}.Debug|x64.ActiveCfg = Debug|Any CPU
		{A7E47710-C59A-4F83-89AC-B3B903BB690B}.Debug|x64.Build.0 = Debug|Any CPU
		{A7E47710-C59A-4F83-89AC-B3B903BB690B}.Debug|x86.ActiveCfg = Debug|Any CPU
		{A7E47710-C59A-4F83-89AC-B3B903BB690B}.Debug|x86.Build.0 = Debug|Any CPU
		{A7E47710-C59A-4F83-89AC-B3B903BB690B}.Release|Any CPU.ActiveCfg = Release|Any CPU
		{A7E47710-C59A-4F83-89AC-B3B903BB690B}.Release|Any CPU.Build.0 = Release|Any CPU
		{A7E47710-C59A-4F83-89AC-B3B903BB690B}.Release|x64.ActiveCfg = Release|Any CPU
		{A7E47710-C59A-4F83-89AC-B3B903BB690B}.Release|x64.Build.0 = Release|Any CPU
		{A7E47710-C59A-4F83-89AC-B3B903BB690B}.Release|x86.ActiveCfg = Release|Any CPU
		{A7E47710-C59A-4F83-89AC-B3B903BB690B}.Release|x86.Build.0 = Release|Any CPU
		{1B093AEE-F89F-496D-ACF3-CA7B47F712DA}.Debug|Any CPU.ActiveCfg = Debug|Any CPU
		{1B093AEE-F89F-496D-ACF3-CA7B47F712DA}.Debug|Any CPU.Build.0 = Debug|Any CPU
		{1B093AEE-F89F-496D-ACF3-CA7B47F712DA}.Debug|x64.ActiveCfg = Debug|Any CPU
		{1B093AEE-F89F-496D-ACF3-CA7B47F712DA}.Debug|x64.Build.0 = Debug|Any CPU
		{1B093AEE-F89F-496D-ACF3-CA7B47F712DA}.Debug|x86.ActiveCfg = Debug|Any CPU
		{1B093AEE-F89F-496D-ACF3-CA7B47F712DA}.Debug|x86.Build.0 = Debug|Any CPU
		{1B093AEE-F89F-496D-ACF3-CA7B47F712DA}.Release|Any CPU.ActiveCfg = Release|Any CPU
		{1B093AEE-F89F-496D-ACF3-CA7B47F712DA}.Release|Any CPU.Build.0 = Release|Any CPU
		{1B093AEE-F89F-496D-ACF3-CA7B47F712DA}.Release|x64.ActiveCfg = Release|Any CPU
		{1B093AEE-F89F-496D-ACF3-CA7B47F712DA}.Release|x64.Build.0 = Release|Any CPU
		{1B093AEE-F89F-496D-ACF3-CA7B47F712DA}.Release|x86.ActiveCfg = Release|Any CPU
		{1B093AEE-F89F-496D-ACF3-CA7B47F712DA}.Release|x86.Build.0 = Release|Any CPU
	EndGlobalSection
	GlobalSection(SolutionProperties) = preSolution
		HideSolutionNode = FALSE
	EndGlobalSection
	GlobalSection(ExtensibilityGlobals) = postSolution
		SolutionGuid = {840D2060-1F0C-4DB4-B581-86D4D405B194}
	EndGlobalSection
EndGlobal
