{
  "name": "@aws-cdk/aws-iotanalytics",
  "version": "1.10.0",
  "lockfileVersion": 1,
  "dependencies": {
    "cdk-build-tools": {
      "version": "file:../../../tools/cdk-build-tools",
      "dev": true
    },
    "cfn2ts": {
      "version": "file:../../../tools/cfn2ts",
      "dev": true
    },
    "pkglint": {
      "version": "file:../../../tools/pkglint",
      "dev": true
    }
  }
}
