{
	"name": "@aws-cdk/aws-sns",
	"version": "0.32.0",
	"lockfileVersion": 1,
	"requires": true,
	"dependencies": {
		"@aws-cdk/aws-autoscaling-api": {
			"version": "0.32.0",
			"resolved": "https://registry.npmjs.org/@aws-cdk/aws-autoscaling-api/-/aws-autoscaling-api-0.32.0.tgz",
			"integrity": "sha512-LSyXgDrAKS0DboM6lCHcBaw5CzvErtqHyBdgfWBPLyqiTnMUaM8m4Wkb32wWdtgMXOfaaRR8/sT6pkPcytFA/g==",
			"requires": {
				"@aws-cdk/aws-iam": "^0.32.0",
				"@aws-cdk/cdk": "^0.32.0"
			}
		},
		"@aws-cdk/aws-iam": {
			"version": "0.32.0",
			"resolved": "https://registry.npmjs.org/@aws-cdk/aws-iam/-/aws-iam-0.32.0.tgz",
			"integrity": "sha512-oAJSJ6JRG52BFg3tgx+poCvAt0iFUS1dQiMUtZPnxAp/Ij5agOHLW2THjSHwUBtpUWFLQ4o8hElEUL+TQUG3Yw==",
			"requires": {
				"@aws-cdk/cdk": "^0.32.0",
				"@aws-cdk/region-info": "^0.32.0"
			}
		},
		"@aws-cdk/cdk": {
			"version": "0.32.0",
			"resolved": "https://registry.npmjs.org/@aws-cdk/cdk/-/cdk-0.32.0.tgz",
			"integrity": "sha512-/OIp++CSI+BydfgaJeV7YY2oNWzpxQVYjkym/Ydeyzd8Zq0dr0fj0jgY1t0iBLt10QEkaxzlJrIjNxsBWdsn8A==",
			"requires": {
				"@aws-cdk/cx-api": "^0.32.0"
			}
		},
		"@aws-cdk/cx-api": {
			"version": "0.32.0",
			"resolved": "https://registry.npmjs.org/@aws-cdk/cx-api/-/cx-api-0.32.0.tgz",
			"integrity": "sha512-cuES2BrQqYchwA+t+ZYxgnqJQcKBaazLEujrsy+0IOXvqeHmCE1wlAC741H1z9Yi47fprUPsZO5GrKu7BPlahQ=="
		},
		"@aws-cdk/region-info": {
			"version": "0.32.0",
			"resolved": "https://registry.npmjs.org/@aws-cdk/region-info/-/region-info-0.32.0.tgz",
			"integrity": "sha512-4sUUMAua/yjI8BY/mfE6VUmUZGaTHdFw85Up/nf9xjecDNfr1yuPeaCrveVzzDE1/bUC7809PStzMqu866rFWw=="
		}
	}
}
