{
  "name": "@aws-cdk/aws-iot-actions",
  "version": "0.0.0",
  "lockfileVersion": 1,
  "requires": true,
  "dependencies": {
    "@aws-cdk/cloud-assembly-schema": {
      "version": "1.166.1",
      "resolved": "https://registry.npmjs.org/@aws-cdk/cloud-assembly-schema/-/cloud-assembly-schema-1.166.1.tgz",
      "integrity": "sha512-QL8IKpaUngtqQipLO6/7uvbR7HE8CTr2z3JLKcLjofountigs6l4VdL8wR6XMbzZ18DaOJ6iLWHGpbT4BBoHPg==",
      "requires": {
        "jsonschema": "^1.4.1",
        "semver": "^7.3.7"
      },
      "dependencies": {
        "jsonschema": {
          "version": "1.4.1",
          "bundled": true
        },
        "lru-cache": {
          "version": "6.0.0",
          "bundled": true,
          "requires": {
            "yallist": "^4.0.0"
          }
        },
        "semver": {
          "version": "7.3.7",
          "bundled": true,
          "requires": {
            "lru-cache": "^6.0.0"
          }
        },
        "yallist": {
          "version": "4.0.0",
          "bundled": true
        }
      }
    },
    "@aws-cdk/cx-api": {
      "version": "1.166.1",
      "resolved": "https://registry.npmjs.org/@aws-cdk/cx-api/-/cx-api-1.166.1.tgz",
      "integrity": "sha512-cCsRe8wRGVhGaKFcW2l4b2LInzc9FeDsoaRTRreT3I+MxYyCAYlwWmx0RYoLg6r5eq6TD9PLAbOcCC6Y46CZ1g==",
      "requires": {
        "@aws-cdk/cloud-assembly-schema": "1.166.1",
        "semver": "^7.3.7"
      },
      "dependencies": {
        "lru-cache": {
          "version": "6.0.0",
          "bundled": true,
          "requires": {
            "yallist": "^4.0.0"
          }
        },
        "semver": {
          "version": "7.3.7",
          "bundled": true,
          "requires": {
            "lru-cache": "^6.0.0"
          }
        },
        "yallist": {
          "version": "4.0.0",
          "bundled": true
        }
      }
    },
    "@aws-cdk/integ-tests": {
      "version": "1.166.1",
      "resolved": "https://registry.npmjs.org/@aws-cdk/integ-tests/-/integ-tests-1.166.1.tgz",
      "integrity": "sha512-x+KHKQDjKYbqTEUnTcbQa7Ubqu25N3/6PTeXpYs2staBB0HQPySjwbY87I6Lxpi1AexlJb+YhwfBofC7B/qoBQ==",
      "requires": {
        "@aws-cdk/cloud-assembly-schema": "1.166.1",
        "@aws-cdk/core": "1.166.1",
        "constructs": "^3.3.69"
      },
      "dependencies": {
        "@aws-cdk/core": {
          "version": "1.166.1",
          "resolved": "https://registry.npmjs.org/@aws-cdk/core/-/core-1.166.1.tgz",
          "integrity": "sha512-C0xNgePI1o6+RJqiXSG3RgiQu7q9uKf56QxeRgvCLsgDDrS/DBZFe7erAC/cO6R7mxhqyOOIWJSHuCdUWPmkqg==",
          "requires": {
            "@aws-cdk/cloud-assembly-schema": "1.166.1",
            "@aws-cdk/cx-api": "1.166.1",
            "@aws-cdk/region-info": "1.166.1",
            "@balena/dockerignore": "^1.0.2",
            "constructs": "^3.3.69",
            "fs-extra": "^9.1.0",
            "ignore": "^5.2.0",
            "minimatch": "^3.1.2"
          },
          "dependencies": {
            "@balena/dockerignore": {
              "version": "1.0.2",
              "bundled": true
            },
            "at-least-node": {
              "version": "1.0.0",
              "bundled": true
            },
            "balanced-match": {
              "version": "1.0.2",
              "bundled": true
            },
            "brace-expansion": {
              "version": "1.1.11",
              "bundled": true,
              "requires": {
                "balanced-match": "^1.0.0",
                "concat-map": "0.0.1"
              }
            },
            "concat-map": {
              "version": "0.0.1",
              "bundled": true
            },
            "fs-extra": {
              "version": "9.1.0",
              "bundled": true,
              "requires": {
                "at-least-node": "^1.0.0",
                "graceful-fs": "^4.2.0",
                "jsonfile": "^6.0.1",
                "universalify": "^2.0.0"
              }
            },
            "graceful-fs": {
              "version": "4.2.10",
              "bundled": true
            },
            "ignore": {
              "version": "5.2.0",
              "bundled": true
            },
            "jsonfile": {
              "version": "6.1.0",
              "bundled": true,
              "requires": {
                "graceful-fs": "^4.1.6",
                "universalify": "^2.0.0"
              }
            },
            "minimatch": {
              "version": "3.1.2",
              "bundled": true,
              "requires": {
                "brace-expansion": "^1.1.7"
              }
            },
            "universalify": {
              "version": "2.0.0",
              "bundled": true
            }
          }
        },
        "constructs": {
          "version": "3.4.57",
          "resolved": "https://registry.npmjs.org/constructs/-/constructs-3.4.57.tgz",
          "integrity": "sha512-jQyF6jFUJFqew13gDMZ9G8TkgFIJ7jMIG56FX9i3j/4pfGHrT+zwu6C95uuFIrBveC2RctxuDup23xBzs/XgUA=="
        }
      }
    },
    "@aws-cdk/region-info": {
      "version": "1.166.1",
      "resolved": "https://registry.npmjs.org/@aws-cdk/region-info/-/region-info-1.166.1.tgz",
      "integrity": "sha512-yxjMjXNhG+Iqo04P1U0JNBGeR3kfDe3Ecc72ywuxi+QH/bhCEGnf+783BjYqXHWh4olTwZbMYQ/BcsOO0Dchkw=="
    },
    "case": {
      "version": "1.6.3"
    }
  }
}
