{
	"name": "@aws-cdk/aws-codepipeline-actions",
	"version": "1.6.1",
	"lockfileVersion": 1,
	"requires": true,
	"dependencies": {
		"@types/lodash": {
			"version": "4.14.138",
			"resolved": "https://registry.npmjs.org/@types/lodash/-/lodash-4.14.138.tgz",
			"integrity": "sha512-A4uJgHz4hakwNBdHNPdxOTkYmXNgmUAKLbXZ7PKGslgeV0Mb8P3BlbYfPovExek1qnod4pDfRbxuzcVs3dlFLg==",
			"dev": true
		},
		"lodash": {
			"version": "4.17.15",
			"resolved": "https://registry.npmjs.org/lodash/-/lodash-4.17.15.tgz",
			"integrity": "sha512-8xOcRHvCjnocdS5cpwXQXVzmmh5e5+saE2QGoeQmbKmRS6J3VQppPOIt0MnmE+4xlZoumy0GPG0D0MVIQbNA1A==",
			"dev": true
		},
		"cdk-build-tools": {
			"version": "file:../../../tools/cdk-build-tools",
			"dev": true
		},
		"cdk-integ-tools": {
			"version": "file:../../../tools/cdk-integ-tools",
			"dev": true
		},
		"pkglint": {
			"version": "file:../../../tools/pkglint",
			"dev": true
		}
	}
}
