{
  "name": "@aws-cdk/aws-athena",
  "version": "1.18.0",
  "lockfileVersion": 1,
  "requires": true,
  "dependencies": {
    "typescript-string-operations": {
      "version": "1.3.1",
      "resolved": "https://registry.npmjs.org/typescript-string-operations/-/typescript-string-operations-1.3.1.tgz",
      "integrity": "sha512-DsT4kq8k3WT48EhdI/6DanReYGbX4Wg18z8vSeHH2wMfSFqdjiI40jrVABDH2WZ1RhCt7WoN/iY+LPhxrUHCqw=="
    }
  }
}
