{
  "name": "@aws-cdk/aws-events",
  "version": "0.9.0",
  "lockfileVersion": 1,
  "requires": true,
  "dependencies": {
    "@aws-cdk/util": {
      "version": "0.9.0",
      "resolved": "https://registry.npmjs.org/@aws-cdk/util/-/util-0.9.0.tgz",
      "integrity": "sha512-xURdTBMszAreFUyR37k/6L1DFobgXRGo8fEfSQvh3qUWhfv967ApDvVPIU/ew55tGDtxHOooDyqYOR6H4uAiiQ=="
    }
  }
}
